// !$*UTF8*$!
{
	archiveVersion = 1;
	classes = {
	};
	objectVersion = 56;
	objects = {

/* Begin PBXBuildFile section */
		D114FA3828E67A89004800A9 /* CounterApp.swift in Sources */ = {isa = PBXBuildFile; fileRef = D114FA3728E67A89004800A9 /* CounterApp.swift */; };
		D114FA3A28E67A89004800A9 /* ContentView.swift in Sources */ = {isa = PBXBuildFile; fileRef = D114FA3928E67A89004800A9 /* ContentView.swift */; };
		D114FA3C28E67A8A004800A9 /* Assets.xcassets in Resources */ = {isa = PBXBuildFile; fileRef = D114FA3B28E67A8A004800A9 /* Assets.xcassets */; };
		D114FA3F28E67A8A004800A9 /* Preview Assets.xcassets in Resources */ = {isa = PBXBuildFile; fileRef = D114FA3E28E67A8A004800A9 /* Preview Assets.xcassets */; };
		D114FA4128E67A8A004800A9 /* Persistence.swift in Sources */ = {isa = PBXBuildFile; fileRef = D114FA4028E67A8A004800A9 /* Persistence.swift */; };
		D114FA4428E67A8A004800A9 /* Counter.xcdatamodeld in Sources */ = {isa = PBXBuildFile; fileRef = D114FA4228E67A8A004800A9 /* Counter.xcdatamodeld */; };
		D114FA4F28E67A8A004800A9 /* CounterTests.swift in Sources */ = {isa = PBXBuildFile; fileRef = D114FA4E28E67A8A004800A9 /* CounterTests.swift */; };
		D114FA5928E67A8A004800A9 /* CounterUITests.swift in Sources */ = {isa = PBXBuildFile; fileRef = D114FA5828E67A8A004800A9 /* CounterUITests.swift */; };
		D114FA5B28E67A8A004800A9 /* CounterUITestsLaunchTests.swift in Sources */ = {isa = PBXBuildFile; fileRef = D114FA5A28E67A8A004800A9 /* CounterUITestsLaunchTests.swift */; };
/* End PBXBuildFile section */

/* Begin PBXContainerItemProxy section */
		D114FA4B28E67A8A004800A9 /* PBXContainerItemProxy */ = {
			isa = PBXContainerItemProxy;
			containerPortal = D114FA2C28E67A89004800A9 /* Project object */;
			proxyType = 1;
			remoteGlobalIDString = D114FA3328E67A89004800A9;
			remoteInfo = Counter;
		};
		D114FA5528E67A8A004800A9 /* PBXContainerItemProxy */ = {
			isa = PBXContainerItemProxy;
			containerPortal = D114FA2C28E67A89004800A9 /* Project object */;
			proxyType = 1;
			remoteGlobalIDString = D114FA3328E67A89004800A9;
			remoteInfo = Counter;
		};
/* End PBXContainerItemProxy section */

/* Begin PBXFileReference section */
		D114FA3428E67A89004800A9 /* Counter.app */ = {isa = PBXFileReference; explicitFileType = wrapper.application; includeInIndex = 0; path = Counter.app; sourceTree = BUILT_PRODUCTS_DIR; };
		D114FA3728E67A89004800A9 /* CounterApp.swift */ = {isa = PBXFileReference; lastKnownFileType = sourcecode.swift; path = CounterApp.swift; sourceTree = "<group>"; };
		D114FA3928E67A89004800A9 /* ContentView.swift */ = {isa = PBXFileReference; lastKnownFileType = sourcecode.swift; path = ContentView.swift; sourceTree = "<group>"; };
		D114FA3B28E67A8A004800A9 /* Assets.xcassets */ = {isa = PBXFileReference; lastKnownFileType = folder.assetcatalog; path = Assets.xcassets; sourceTree = "<group>"; };
		D114FA3E28E67A8A004800A9 /* Preview Assets.xcassets */ = {isa = PBXFileReference; lastKnownFileType = folder.assetcatalog; path = "Preview Assets.xcassets"; sourceTree = "<group>"; };
		D114FA4028E67A8A004800A9 /* Persistence.swift */ = {isa = PBXFileReference; lastKnownFileType = sourcecode.swift; path = Persistence.swift; sourceTree = "<group>"; };
		D114FA4328E67A8A004800A9 /* Counter.xcdatamodel */ = {isa = PBXFileReference; lastKnownFileType = wrapper.xcdatamodel; path = Counter.xcdatamodel; sourceTree = "<group>"; };
		D114FA4528E67A8A004800A9 /* Info.plist */ = {isa = PBXFileReference; lastKnownFileType = text.plist.xml; path = Info.plist; sourceTree = "<group>"; };
		D114FA4A28E67A8A004800A9 /* CounterTests.xctest */ = {isa = PBXFileReference; explicitFileType = wrapper.cfbundle; includeInIndex = 0; path = CounterTests.xctest; sourceTree = BUILT_PRODUCTS_DIR; };
		D114FA4E28E67A8A004800A9 /* CounterTests.swift */ = {isa = PBXFileReference; lastKnownFileType = sourcecode.swift; path = CounterTests.swift; sourceTree = "<group>"; };
		D114FA5428E67A8A004800A9 /* CounterUITests.xctest */ = {isa = PBXFileReference; explicitFileType = wrapper.cfbundle; includeInIndex = 0; path = CounterUITests.xctest; sourceTree = BUILT_PRODUCTS_DIR; };
		D114FA5828E67A8A004800A9 /* CounterUITests.swift */ = {isa = PBXFileReference; lastKnownFileType = sourcecode.swift; path = CounterUITests.swift; sourceTree = "<group>"; };
		D114FA5A28E67A8A004800A9 /* CounterUITestsLaunchTests.swift */ = {isa = PBXFileReference; lastKnownFileType = sourcecode.swift; path = CounterUITestsLaunchTests.swift; sourceTree = "<group>"; };
/* End PBXFileReference section */

/* Begin PBXFrameworksBuildPhase section */
		D114FA3128E67A89004800A9 /* Frameworks */ = {
			isa = PBXFrameworksBuildPhase;
			buildActionMask = 2147483647;
			files = (
			);
			runOnlyForDeploymentPostprocessing = 0;
		};
		D114FA4728E67A8A004800A9 /* Frameworks */ = {
			isa = PBXFrameworksBuildPhase;
			buildActionMask = 2147483647;
			files = (
			);
			runOnlyForDeploymentPostprocessing = 0;
		};
		D114FA5128E67A8A004800A9 /* Frameworks */ = {
			isa = PBXFrameworksBuildPhase;
			buildActionMask = 2147483647;
			files = (
			);
			runOnlyForDeploymentPostprocessing = 0;
		};
/* End PBXFrameworksBuildPhase section */

/* Begin PBXGroup section */
		D114FA2B28E67A89004800A9 = {
			isa = PBXGroup;
			children = (
				D114FA3628E67A89004800A9 /* Counter */,
				D114FA4D28E67A8A004800A9 /* CounterTests */,
				D114FA5728E67A8A004800A9 /* CounterUITests */,
				D114FA3528E67A89004800A9 /* Products */,
			);
			sourceTree = "<group>";
		};
		D114FA3528E67A89004800A9 /* Products */ = {
			isa = PBXGroup;
			children = (
				D114FA3428E67A89004800A9 /* Counter.app */,
				D114FA4A28E67A8A004800A9 /* CounterTests.xctest */,
				D114FA5428E67A8A004800A9 /* CounterUITests.xctest */,
			);
			name = Products;
			sourceTree = "<group>";
		};
		D114FA3628E67A89004800A9 /* Counter */ = {
			isa = PBXGroup;
			children = (
				D114FA3728E67A89004800A9 /* CounterApp.swift */,
				D114FA3928E67A89004800A9 /* ContentView.swift */,
				D114FA3B28E67A8A004800A9 /* Assets.xcassets */,
				D114FA4028E67A8A004800A9 /* Persistence.swift */,
				D114FA4528E67A8A004800A9 /* Info.plist */,
				D114FA4228E67A8A004800A9 /* Counter.xcdatamodeld */,
				D114FA3D28E67A8A004800A9 /* Preview Content */,
			);
			path = Counter;
			sourceTree = "<group>";
		};
		D114FA3D28E67A8A004800A9 /* Preview Content */ = {
			isa = PBXGroup;
			children = (
				D114FA3E28E67A8A004800A9 /* Preview Assets.xcassets */,
			);
			path = "Preview Content";
			sourceTree = "<group>";
		};
		D114FA4D28E67A8A004800A9 /* CounterTests */ = {
			isa = PBXGroup;
			children = (
				D114FA4E28E67A8A004800A9 /* CounterTests.swift */,
			);
			path = CounterTests;
			sourceTree = "<group>";
		};
		D114FA5728E67A8A004800A9 /* CounterUITests */ = {
			isa = PBXGroup;
			children = (
				D114FA5828E67A8A004800A9 /* CounterUITests.swift */,
				D114FA5A28E67A8A004800A9 /* CounterUITestsLaunchTests.swift */,
			);
			path = CounterUITests;
			sourceTree = "<group>";
		};
/* End PBXGroup section */

/* Begin PBXNativeTarget section */
		D114FA3328E67A89004800A9 /* Counter */ = {
			isa = PBXNativeTarget;
			buildConfigurationList = D114FA5E28E67A8A004800A9 /* Build configuration list for PBXNativeTarget "Counter" */;
			buildPhases = (
				D114FA3028E67A89004800A9 /* Sources */,
				D114FA3128E67A89004800A9 /* Frameworks */,
				D114FA3228E67A89004800A9 /* Resources */,
			);
			buildRules = (
			);
			dependencies = (
			);
			name = Counter;
			productName = Counter;
			productReference = D114FA3428E67A89004800A9 /* Counter.app */;
			productType = "com.apple.product-type.application";
		};
		D114FA4928E67A8A004800A9 /* CounterTests */ = {
			isa = PBXNativeTarget;
			buildConfigurationList = D114FA6128E67A8A004800A9 /* Build configuration list for PBXNativeTarget "CounterTests" */;
			buildPhases = (
				D114FA4628E67A8A004800A9 /* Sources */,
				D114FA4728E67A8A004800A9 /* Frameworks */,
				D114FA4828E67A8A004800A9 /* Resources */,
			);
			buildRules = (
			);
			dependencies = (
				D114FA4C28E67A8A004800A9 /* PBXTargetDependency */,
			);
			name = CounterTests;
			productName = CounterTests;
			productReference = D114FA4A28E67A8A004800A9 /* CounterTests.xctest */;
			productType = "com.apple.product-type.bundle.unit-test";
		};
		D114FA5328E67A8A004800A9 /* CounterUITests */ = {
			isa = PBXNativeTarget;
			buildConfigurationList = D114FA6428E67A8A004800A9 /* Build configuration list for PBXNativeTarget "CounterUITests" */;
			buildPhases = (
				D114FA5028E67A8A004800A9 /* Sources */,
				D114FA5128E67A8A004800A9 /* Frameworks */,
				D114FA5228E67A8A004800A9 /* Resources */,
			);
			buildRules = (
			);
			dependencies = (
				D114FA5628E67A8A004800A9 /* PBXTargetDependency */,
			);
			name = CounterUITests;
			productName = CounterUITests;
			productReference = D114FA5428E67A8A004800A9 /* CounterUITests.xctest */;
			productType = "com.apple.product-type.bundle.ui-testing";
		};
/* End PBXNativeTarget section */

/* Begin PBXProject section */
		D114FA2C28E67A89004800A9 /* Project object */ = {
			isa = PBXProject;
			attributes = {
				BuildIndependentTargetsInParallel = 1;
				LastSwiftUpdateCheck = 1400;
				LastUpgradeCheck = 1400;
				TargetAttributes = {
					D114FA3328E67A89004800A9 = {
						CreatedOnToolsVersion = 14.0;
					};
					D114FA4928E67A8A004800A9 = {
						CreatedOnToolsVersion = 14.0;
						TestTargetID = D114FA3328E67A89004800A9;
					};
					D114FA5328E67A8A004800A9 = {
						CreatedOnToolsVersion = 14.0;
						TestTargetID = D114FA3328E67A89004800A9;
					};
				};
			};
			buildConfigurationList = D114FA2F28E67A89004800A9 /* Build configuration list for PBXProject "Counter" */;
			compatibilityVersion = "Xcode 14.0";
			developmentRegion = en;
			hasScannedForEncodings = 0;
			knownRegions = (
				en,
				Base,
			);
			mainGroup = D114FA2B28E67A89004800A9;
			productRefGroup = D114FA3528E67A89004800A9 /* Products */;
			projectDirPath = "";
			projectRoot = "";
			targets = (
				D114FA3328E67A89004800A9 /* Counter */,
				D114FA4928E67A8A004800A9 /* CounterTests */,
				D114FA5328E67A8A004800A9 /* CounterUITests */,
			);
		};
/* End PBXProject section */

/* Begin PBXResourcesBuildPhase section */
		D114FA3228E67A89004800A9 /* Resources */ = {
			isa = PBXResourcesBuildPhase;
			buildActionMask = 2147483647;
			files = (
				D114FA3F28E67A8A004800A9 /* Preview Assets.xcassets in Resources */,
				D114FA3C28E67A8A004800A9 /* Assets.xcassets in Resources */,
			);
			runOnlyForDeploymentPostprocessing = 0;
		};
		D114FA4828E67A8A004800A9 /* Resources */ = {
			isa = PBXResourcesBuildPhase;
			buildActionMask = 2147483647;
			files = (
			);
			runOnlyForDeploymentPostprocessing = 0;
		};
		D114FA5228E67A8A004800A9 /* Resources */ = {
			isa = PBXResourcesBuildPhase;
			buildActionMask = 2147483647;
			files = (
			);
			runOnlyForDeploymentPostprocessing = 0;
		};
/* End PBXResourcesBuildPhase section */

/* Begin PBXSourcesBuildPhase section */
		D114FA3028E67A89004800A9 /* Sources */ = {
			isa = PBXSourcesBuildPhase;
			buildActionMask = 2147483647;
			files = (
				D114FA4428E67A8A004800A9 /* Counter.xcdatamodeld in Sources */,
				D114FA4128E67A8A004800A9 /* Persistence.swift in Sources */,
				D114FA3A28E67A89004800A9 /* ContentView.swift in Sources */,
				D114FA3828E67A89004800A9 /* CounterApp.swift in Sources */,
			);
			runOnlyForDeploymentPostprocessing = 0;
		};
		D114FA4628E67A8A004800A9 /* Sources */ = {
			isa = PBXSourcesBuildPhase;
			buildActionMask = 2147483647;
			files = (
				D114FA4F28E67A8A004800A9 /* CounterTests.swift in Sources */,
			);
			runOnlyForDeploymentPostprocessing = 0;
		};
		D114FA5028E67A8A004800A9 /* Sources */ = {
			isa = PBXSourcesBuildPhase;
			buildActionMask = 2147483647;
			files = (
				D114FA5928E67A8A004800A9 /* CounterUITests.swift in Sources */,
				D114FA5B28E67A8A004800A9 /* CounterUITestsLaunchTests.swift in Sources */,
			);
			runOnlyForDeploymentPostprocessing = 0;
		};
/* End PBXSourcesBuildPhase section */

/* Begin PBXTargetDependency section */
		D114FA4C28E67A8A004800A9 /* PBXTargetDependency */ = {
			isa = PBXTargetDependency;
			target = D114FA3328E67A89004800A9 /* Counter */;
			targetProxy = D114FA4B28E67A8A004800A9 /* PBXContainerItemProxy */;
		};
		D114FA5628E67A8A004800A9 /* PBXTargetDependency */ = {
			isa = PBXTargetDependency;
			target = D114FA3328E67A89004800A9 /* Counter */;
			targetProxy = D114FA5528E67A8A004800A9 /* PBXContainerItemProxy */;
		};
/* End PBXTargetDependency section */

/* Begin XCBuildConfiguration section */
		D114FA5C28E67A8A004800A9 /* Debug */ = {
			isa = XCBuildConfiguration;
			buildSettings = {
				ALWAYS_SEARCH_USER_PATHS = NO;
				CLANG_ANALYZER_NONNULL = YES;
				CLANG_ANALYZER_NUMBER_OBJECT_CONVERSION = YES_AGGRESSIVE;
				CLANG_CXX_LANGUAGE_STANDARD = "gnu++20";
				CLANG_ENABLE_MODULES = YES;
				CLANG_ENABLE_OBJC_ARC = YES;
				CLANG_ENABLE_OBJC_WEAK = YES;
				CLANG_WARN_BLOCK_CAPTURE_AUTORELEASING = YES;
				CLANG_WARN_BOOL_CONVERSION = YES;
				CLANG_WARN_COMMA = YES;
				CLANG_WARN_CONSTANT_CONVERSION = YES;
				CLANG_WARN_DEPRECATED_OBJC_IMPLEMENTATIONS = YES;
				CLANG_WARN_DIRECT_OBJC_ISA_USAGE = YES_ERROR;
				CLANG_WARN_DOCUMENTATION_COMMENTS = YES;
				CLANG_WARN_EMPTY_BODY = YES;
				CLANG_WARN_ENUM_CONVERSION = YES;
				CLANG_WARN_INFINITE_RECURSION = YES;
				CLANG_WARN_INT_CONVERSION = YES;
				CLANG_WARN_NON_LITERAL_NULL_CONVERSION = YES;
				CLANG_WARN_OBJC_IMPLICIT_RETAIN_SELF = YES;
				CLANG_WARN_OBJC_LITERAL_CONVERSION = YES;
				CLANG_WARN_OBJC_ROOT_CLASS = YES_ERROR;
				CLANG_WARN_QUOTED_INCLUDE_IN_FRAMEWORK_HEADER = YES;
				CLANG_WARN_RANGE_LOOP_ANALYSIS = YES;
				CLANG_WARN_STRICT_PROTOTYPES = YES;
				CLANG_WARN_SUSPICIOUS_MOVE = YES;
				CLANG_WARN_UNGUARDED_AVAILABILITY = YES_AGGRESSIVE;
				CLANG_WARN_UNREACHABLE_CODE = YES;
				CLANG_WARN__DUPLICATE_METHOD_MATCH = YES;
				COPY_PHASE_STRIP = NO;
				DEBUG_INFORMATION_FORMAT = dwarf;
				ENABLE_STRICT_OBJC_MSGSEND = YES;
				ENABLE_TESTABILITY = YES;
				GCC_C_LANGUAGE_STANDARD = gnu11;
				GCC_DYNAMIC_NO_PIC = NO;
				GCC_NO_COMMON_BLOCKS = YES;
				GCC_OPTIMIZATION_LEVEL = 0;
				GCC_PREPROCESSOR_DEFINITIONS = (
					"DEBUG=1",
					"$(inherited)",
				);
				GCC_WARN_64_TO_32_BIT_CONVERSION = YES;
				GCC_WARN_ABOUT_RETURN_TYPE = YES_ERROR;
				GCC_WARN_UNDECLARED_SELECTOR = YES;
				GCC_WARN_UNINITIALIZED_AUTOS = YES_AGGRESSIVE;
				GCC_WARN_UNUSED_FUNCTION = YES;
				GCC_WARN_UNUSED_VARIABLE = YES;
				IPHONEOS_DEPLOYMENT_TARGET = 16.0;
				MTL_ENABLE_DEBUG_INFO = INCLUDE_SOURCE;
				MTL_FAST_MATH = YES;
				ONLY_ACTIVE_ARCH = YES;
				SDKROOT = iphoneos;
				SWIFT_ACTIVE_COMPILATION_CONDITIONS = DEBUG;
				SWIFT_OPTIMIZATION_LEVEL = "-Onone";
			};
			name = Debug;
		};
		D114FA5D28E67A8A004800A9 /* Release */ = {
			isa = XCBuildConfiguration;
			buildSettings = {
				ALWAYS_SEARCH_USER_PATHS = NO;
				CLANG_ANALYZER_NONNULL = YES;
				CLANG_ANALYZER_NUMBER_OBJECT_CONVERSION = YES_AGGRESSIVE;
				CLANG_CXX_LANGUAGE_STANDARD = "gnu++20";
				CLANG_ENABLE_MODULES = YES;
				CLANG_ENABLE_OBJC_ARC = YES;
				CLANG_ENABLE_OBJC_WEAK = YES;
				CLANG_WARN_BLOCK_CAPTURE_AUTORELEASING = YES;
				CLANG_WARN_BOOL_CONVERSION = YES;
				CLANG_WARN_COMMA = YES;
				CLANG_WARN_CONSTANT_CONVERSION = YES;
				CLANG_WARN_DEPRECATED_OBJC_IMPLEMENTATIONS = YES;
				CLANG_WARN_DIRECT_OBJC_ISA_USAGE = YES_ERROR;
				CLANG_WARN_DOCUMENTATION_COMMENTS = YES;
				CLANG_WARN_EMPTY_BODY = YES;
				CLANG_WARN_ENUM_CONVERSION = YES;
				CLANG_WARN_INFINITE_RECURSION = YES;
				CLANG_WARN_INT_CONVERSION = YES;
				CLANG_WARN_NON_LITERAL_NULL_CONVERSION = YES;
				CLANG_WARN_OBJC_IMPLICIT_RETAIN_SELF = YES;
				CLANG_WARN_OBJC_LITERAL_CONVERSION = YES;
				CLANG_WARN_OBJC_ROOT_CLASS = YES_ERROR;
				CLANG_WARN_QUOTED_INCLUDE_IN_FRAMEWORK_HEADER = YES;
				CLANG_WARN_RANGE_LOOP_ANALYSIS = YES;
				CLANG_WARN_STRICT_PROTOTYPES = YES;
				CLANG_WARN_SUSPICIOUS_MOVE = YES;
				CLANG_WARN_UNGUARDED_AVAILABILITY = YES_AGGRESSIVE;
				CLANG_WARN_UNREACHABLE_CODE = YES;
				CLANG_WARN__DUPLICATE_METHOD_MATCH = YES;
				COPY_PHASE_STRIP = NO;
				DEBUG_INFORMATION_FORMAT = "dwarf-with-dsym";
				ENABLE_NS_ASSERTIONS = NO;
				ENABLE_STRICT_OBJC_MSGSEND = YES;
				GCC_C_LANGUAGE_STANDARD = gnu11;
				GCC_NO_COMMON_BLOCKS = YES;
				GCC_WARN_64_TO_32_BIT_CONVERSION = YES;
				GCC_WARN_ABOUT_RETURN_TYPE = YES_ERROR;
				GCC_WARN_UNDECLARED_SELECTOR = YES;
				GCC_WARN_UNINITIALIZED_AUTOS = YES_AGGRESSIVE;
				GCC_WARN_UNUSED_FUNCTION = YES;
				GCC_WARN_UNUSED_VARIABLE = YES;
				IPHONEOS_DEPLOYMENT_TARGET = 16.0;
				MTL_ENABLE_DEBUG_INFO = NO;
				MTL_FAST_MATH = YES;
				SDKROOT = iphoneos;
				SWIFT_COMPILATION_MODE = wholemodule;
				SWIFT_OPTIMIZATION_LEVEL = "-O";
				VALIDATE_PRODUCT = YES;
			};
			name = Release;
		};
		D114FA5F28E67A8A004800A9 /* Debug */ = {
			isa = XCBuildConfiguration;
			buildSettings = {
				ASSETCATALOG_COMPILER_APPICON_NAME = AppIcon;
				ASSETCATALOG_COMPILER_GLOBAL_ACCENT_COLOR_NAME = AccentColor;
				CODE_SIGN_STYLE = Automatic;
				CURRENT_PROJECT_VERSION = 1;
				DEVELOPMENT_ASSET_PATHS = "\"Counter/Preview Content\"";
				DEVELOPMENT_TEAM = NKCRP99VAX;
				ENABLE_PREVIEWS = YES;
				GENERATE_INFOPLIST_FILE = YES;
				INFOPLIST_KEY_UIApplicationSceneManifest_Generation = YES;
				INFOPLIST_KEY_UIApplicationSupportsIndirectInputEvents = YES;
				INFOPLIST_KEY_UILaunchScreen_Generation = YES;
				INFOPLIST_KEY_UISupportedInterfaceOrientations_iPad = "UIInterfaceOrientationPortrait UIInterfaceOrientationPortraitUpsideDown UIInterfaceOrientationLandscapeLeft UIInterfaceOrientationLandscapeRight";
				INFOPLIST_KEY_UISupportedInterfaceOrientations_iPhone = "UIInterfaceOrientationPortrait UIInterfaceOrientationLandscapeLeft UIInterfaceOrientationLandscapeRight";
				LD_RUNPATH_SEARCH_PATHS = (
					"$(inherited)",
					"@executable_path/Frameworks",
				);
				MARKETING_VERSION = 1.0;
				PRODUCT_BUNDLE_IDENTIFIER = ryuki.Counter;
				PRODUCT_NAME = "$(TARGET_NAME)";
				SWIFT_EMIT_LOC_STRINGS = YES;
				SWIFT_VERSION = 5.0;
				TARGETED_DEVICE_FAMILY = "1,2";
			};
			name = Debug;
		};
		D114FA6028E67A8A004800A9 /* Release */ = {
			isa = XCBuildConfiguration;
			buildSettings = {
				ASSETCATALOG_COMPILER_APPICON_NAME = AppIcon;
				ASSETCATALOG_COMPILER_GLOBAL_ACCENT_COLOR_NAME = AccentColor;
				CODE_SIGN_STYLE = Automatic;
				CURRENT_PROJECT_VERSION = 1;
				DEVELOPMENT_ASSET_PATHS = "\"Counter/Preview Content\"";
				DEVELOPMENT_TEAM = NKCRP99VAX;
				ENABLE_PREVIEWS = YES;
				GENERATE_INFOPLIST_FILE = YES;
				INFOPLIST_KEY_UIApplicationSceneManifest_Generation = YES;
				INFOPLIST_KEY_UIApplicationSupportsIndirectInputEvents = YES;
				INFOPLIST_KEY_UILaunchScreen_Generation = YES;
				INFOPLIST_KEY_UISupportedInterfaceOrientations_iPad = "UIInterfaceOrientationPortrait UIInterfaceOrientationPortraitUpsideDown UIInterfaceOrientationLandscapeLeft UIInterfaceOrientationLandscapeRight";
				INFOPLIST_KEY_UISupportedInterfaceOrientations_iPhone = "UIInterfaceOrientationPortrait UIInterfaceOrientationLandscapeLeft UIInterfaceOrientationLandscapeRight";
				LD_RUNPATH_SEARCH_PATHS = (
					"$(inherited)",
					"@executable_path/Frameworks",
				);
				MARKETING_VERSION = 1.0;
				PRODUCT_BUNDLE_IDENTIFIER = ryuki.Counter;
				PRODUCT_NAME = "$(TARGET_NAME)";
				SWIFT_EMIT_LOC_STRINGS = YES;
				SWIFT_VERSION = 5.0;
				TARGETED_DEVICE_FAMILY = "1,2";
			};
			name = Release;
		};
		D114FA6228E67A8A004800A9 /* Debug */ = {
			isa = XCBuildConfiguration;
			buildSettings = {
				ALWAYS_EMBED_SWIFT_STANDARD_LIBRARIES = YES;
				BUNDLE_LOADER = "$(TEST_HOST)";
				CODE_SIGN_STYLE = Automatic;
				CURRENT_PROJECT_VERSION = 1;
				DEVELOPMENT_TEAM = NKCRP99VAX;
				GENERATE_INFOPLIST_FILE = YES;
				IPHONEOS_DEPLOYMENT_TARGET = 16.0;
				MARKETING_VERSION = 1.0;
				PRODUCT_BUNDLE_IDENTIFIER = ryuki.CounterTests;
				PRODUCT_NAME = "$(TARGET_NAME)";
				SWIFT_EMIT_LOC_STRINGS = NO;
				SWIFT_VERSION = 5.0;
				TARGETED_DEVICE_FAMILY = "1,2";
				TEST_HOST = "$(BUILT_PRODUCTS_DIR)/Counter.app/$(BUNDLE_EXECUTABLE_FOLDER_PATH)/Counter";
			};
			name = Debug;
		};
		D114FA6328E67A8A004800A9 /* Release */ = {
			isa = XCBuildConfiguration;
			buildSettings = {
				ALWAYS_EMBED_SWIFT_STANDARD_LIBRARIES = YES;
				BUNDLE_LOADER = "$(TEST_HOST)";
				CODE_SIGN_STYLE = Automatic;
				CURRENT_PROJECT_VERSION = 1;
				DEVELOPMENT_TEAM = NKCRP99VAX;
				GENERATE_INFOPLIST_FILE = YES;
				IPHONEOS_DEPLOYMENT_TARGET = 16.0;
				MARKETING_VERSION = 1.0;
				PRODUCT_BUNDLE_IDENTIFIER = ryuki.CounterTests;
				PRODUCT_NAME = "$(TARGET_NAME)";
				SWIFT_EMIT_LOC_STRINGS = NO;
				SWIFT_VERSION = 5.0;
				TARGETED_DEVICE_FAMILY = "1,2";
				TEST_HOST = "$(BUILT_PRODUCTS_DIR)/Counter.app/$(BUNDLE_EXECUTABLE_FOLDER_PATH)/Counter";
			};
			name = Release;
		};
		D114FA6528E67A8A004800A9 /* Debug */ = {
			isa = XCBuildConfiguration;
			buildSettings = {
				ALWAYS_EMBED_SWIFT_STANDARD_LIBRARIES = YES;
				CODE_SIGN_STYLE = Automatic;
				CURRENT_PROJECT_VERSION = 1;
				DEVELOPMENT_TEAM = NKCRP99VAX;
				GENERATE_INFOPLIST_FILE = YES;
				MARKETING_VERSION = 1.0;
				PRODUCT_BUNDLE_IDENTIFIER = ryuki.CounterUITests;
				PRODUCT_NAME = "$(TARGET_NAME)";
				SWIFT_EMIT_LOC_STRINGS = NO;
				SWIFT_VERSION = 5.0;
				TARGETED_DEVICE_FAMILY = "1,2";
				TEST_TARGET_NAME = Counter;
			};
			name = Debug;
		};
		D114FA6628E67A8A004800A9 /* Release */ = {
			isa = XCBuildConfiguration;
			buildSettings = {
				ALWAYS_EMBED_SWIFT_STANDARD_LIBRARIES = YES;
				CODE_SIGN_STYLE = Automatic;
				CURRENT_PROJECT_VERSION = 1;
				DEVELOPMENT_TEAM = NKCRP99VAX;
				GENERATE_INFOPLIST_FILE = YES;
				MARKETING_VERSION = 1.0;
				PRODUCT_BUNDLE_IDENTIFIER = ryuki.CounterUITests;
				PRODUCT_NAME = "$(TARGET_NAME)";
				SWIFT_EMIT_LOC_STRINGS = NO;
				SWIFT_VERSION = 5.0;
				TARGETED_DEVICE_FAMILY = "1,2";
				TEST_TARGET_NAME = Counter;
			};
			name = Release;
		};
/* End XCBuildConfiguration section */

/* Begin XCConfigurationList section */
		D114FA2F28E67A89004800A9 /* Build configuration list for PBXProject "Counter" */ = {
			isa = XCConfigurationList;
			buildConfigurations = (
				D114FA5C28E67A8A004800A9 /* Debug */,
				D114FA5D28E67A8A004800A9 /* Release */,
			);
			defaultConfigurationIsVisible = 0;
			defaultConfigurationName = Release;
		};
		D114FA5E28E67A8A004800A9 /* Build configuration list for PBXNativeTarget "Counter" */ = {
			isa = XCConfigurationList;
			buildConfigurations = (
				D114FA5F28E67A8A004800A9 /* Debug */,
				D114FA6028E67A8A004800A9 /* Release */,
			);
			defaultConfigurationIsVisible = 0;
			defaultConfigurationName = Release;
		};
		D114FA6128E67A8A004800A9 /* Build configuration list for PBXNativeTarget "CounterTests" */ = {
			isa = XCConfigurationList;
			buildConfigurations = (
				D114FA6228E67A8A004800A9 /* Debug */,
				D114FA6328E67A8A004800A9 /* Release */,
			);
			defaultConfigurationIsVisible = 0;
			defaultConfigurationName = Release;
		};
		D114FA6428E67A8A004800A9 /* Build configuration list for PBXNativeTarget "CounterUITests" */ = {
			isa = XCConfigurationList;
			buildConfigurations = (
				D114FA6528E67A8A004800A9 /* Debug */,
				D114FA6628E67A8A004800A9 /* Release */,
			);
			defaultConfigurationIsVisible = 0;
			defaultConfigurationName = Release;
		};
/* End XCConfigurationList section */

/* Begin XCVersionGroup section */
		D114FA4228E67A8A004800A9 /* Counter.xcdatamodeld */ = {
			isa = XCVersionGroup;
			children = (
				D114FA4328E67A8A004800A9 /* Counter.xcdatamodel */,
			);
			currentVersion = D114FA4328E67A8A004800A9 /* Counter.xcdatamodel */;
			path = Counter.xcdatamodeld;
			sourceTree = "<group>";
			versionGroupType = wrapper.xcdatamodel;
		};
/* End XCVersionGroup section */
	};
	rootObject = D114FA2C28E67A89004800A9 /* Project object */;
}
