// !$*UTF8*$!
{
	archiveVersion = 1;
	classes = {
	};
	objectVersion = 56;
	objects = {

/* Begin PBXBuildFile section */
		D1FD317C28FBF7A900736190 /* FitnessApp_CalHacksApp.swift in Sources */ = {isa = PBXBuildFile; fileRef = D1FD317B28FBF7A900736190 /* FitnessApp_CalHacksApp.swift */; };
		D1FD317E28FBF7A900736190 /* ContentView.swift in Sources */ = {isa = PBXBuildFile; fileRef = D1FD317D28FBF7A900736190 /* ContentView.swift */; };
		D1FD318028FBF7AA00736190 /* Assets.xcassets in Resources */ = {isa = PBXBuildFile; fileRef = D1FD317F28FBF7AA00736190 /* Assets.xcassets */; };
		D1FD318328FBF7AA00736190 /* Preview Assets.xcassets in Resources */ = {isa = PBXBuildFile; fileRef = D1FD318228FBF7AA00736190 /* Preview Assets.xcassets */; };
		D1FD318528FBF7AA00736190 /* Persistence.swift in Sources */ = {isa = PBXBuildFile; fileRef = D1FD318428FBF7AA00736190 /* Persistence.swift */; };
		D1FD318828FBF7AA00736190 /* FitnessApp_CalHacks.xcdatamodeld in Sources */ = {isa = PBXBuildFile; fileRef = D1FD318628FBF7AA00736190 /* FitnessApp_CalHacks.xcdatamodeld */; };
		D1FD318F28FBF87F00736190 /* ViewModel.swift in Sources */ = {isa = PBXBuildFile; fileRef = D1FD318E28FBF87F00736190 /* ViewModel.swift */; };
		D1FD319128FBF8AC00736190 /* NewDataSheet.swift in Sources */ = {isa = PBXBuildFile; fileRef = D1FD319028FBF8AC00736190 /* NewDataSheet.swift */; };
/* End PBXBuildFile section */

/* Begin PBXFileReference section */
		D1FD317828FBF7A900736190 /* FitnessApp_CalHacks.app */ = {isa = PBXFileReference; explicitFileType = wrapper.application; includeInIndex = 0; path = FitnessApp_CalHacks.app; sourceTree = BUILT_PRODUCTS_DIR; };
		D1FD317B28FBF7A900736190 /* FitnessApp_CalHacksApp.swift */ = {isa = PBXFileReference; lastKnownFileType = sourcecode.swift; path = FitnessApp_CalHacksApp.swift; sourceTree = "<group>"; };
		D1FD317D28FBF7A900736190 /* ContentView.swift */ = {isa = PBXFileReference; lastKnownFileType = sourcecode.swift; path = ContentView.swift; sourceTree = "<group>"; };
		D1FD317F28FBF7AA00736190 /* Assets.xcassets */ = {isa = PBXFileReference; lastKnownFileType = folder.assetcatalog; path = Assets.xcassets; sourceTree = "<group>"; };
		D1FD318228FBF7AA00736190 /* Preview Assets.xcassets */ = {isa = PBXFileReference; lastKnownFileType = folder.assetcatalog; path = "Preview Assets.xcassets"; sourceTree = "<group>"; };
		D1FD318428FBF7AA00736190 /* Persistence.swift */ = {isa = PBXFileReference; lastKnownFileType = sourcecode.swift; path = Persistence.swift; sourceTree = "<group>"; };
		D1FD318728FBF7AA00736190 /* FitnessApp_CalHacks.xcdatamodel */ = {isa = PBXFileReference; lastKnownFileType = wrapper.xcdatamodel; path = FitnessApp_CalHacks.xcdatamodel; sourceTree = "<group>"; };
		D1FD318E28FBF87F00736190 /* ViewModel.swift */ = {isa = PBXFileReference; lastKnownFileType = sourcecode.swift; path = ViewModel.swift; sourceTree = "<group>"; };
		D1FD319028FBF8AC00736190 /* NewDataSheet.swift */ = {isa = PBXFileReference; lastKnownFileType = sourcecode.swift; path = NewDataSheet.swift; sourceTree = "<group>"; };
/* End PBXFileReference section */

/* Begin PBXFrameworksBuildPhase section */
		D1FD317528FBF7A900736190 /* Frameworks */ = {
			isa = PBXFrameworksBuildPhase;
			buildActionMask = 2147483647;
			files = (
			);
			runOnlyForDeploymentPostprocessing = 0;
		};
/* End PBXFrameworksBuildPhase section */

/* Begin PBXGroup section */
		D1FD316F28FBF7A900736190 = {
			isa = PBXGroup;
			children = (
				D1FD317A28FBF7A900736190 /* FitnessApp_CalHacks */,
				D1FD317928FBF7A900736190 /* Products */,
			);
			sourceTree = "<group>";
		};
		D1FD317928FBF7A900736190 /* Products */ = {
			isa = PBXGroup;
			children = (
				D1FD317828FBF7A900736190 /* FitnessApp_CalHacks.app */,
			);
			name = Products;
			sourceTree = "<group>";
		};
		D1FD317A28FBF7A900736190 /* FitnessApp_CalHacks */ = {
			isa = PBXGroup;
			children = (
				D1FD317B28FBF7A900736190 /* FitnessApp_CalHacksApp.swift */,
				D1FD317D28FBF7A900736190 /* ContentView.swift */,
				D1FD318E28FBF87F00736190 /* ViewModel.swift */,
				D1FD319028FBF8AC00736190 /* NewDataSheet.swift */,
				D1FD317F28FBF7AA00736190 /* Assets.xcassets */,
				D1FD318428FBF7AA00736190 /* Persistence.swift */,
				D1FD318628FBF7AA00736190 /* FitnessApp_CalHacks.xcdatamodeld */,
				D1FD318128FBF7AA00736190 /* Preview Content */,
			);
			path = FitnessApp_CalHacks;
			sourceTree = "<group>";
		};
		D1FD318128FBF7AA00736190 /* Preview Content */ = {
			isa = PBXGroup;
			children = (
				D1FD318228FBF7AA00736190 /* Preview Assets.xcassets */,
			);
			path = "Preview Content";
			sourceTree = "<group>";
		};
/* End PBXGroup section */

/* Begin PBXNativeTarget section */
		D1FD317728FBF7A900736190 /* FitnessApp_CalHacks */ = {
			isa = PBXNativeTarget;
			buildConfigurationList = D1FD318B28FBF7AA00736190 /* Build configuration list for PBXNativeTarget "FitnessApp_CalHacks" */;
			buildPhases = (
				D1FD317428FBF7A900736190 /* Sources */,
				D1FD317528FBF7A900736190 /* Frameworks */,
				D1FD317628FBF7A900736190 /* Resources */,
			);
			buildRules = (
			);
			dependencies = (
			);
			name = FitnessApp_CalHacks;
			productName = FitnessApp_CalHacks;
			productReference = D1FD317828FBF7A900736190 /* FitnessApp_CalHacks.app */;
			productType = "com.apple.product-type.application";
		};
/* End PBXNativeTarget section */

/* Begin PBXProject section */
		D1FD317028FBF7A900736190 /* Project object */ = {
			isa = PBXProject;
			attributes = {
				BuildIndependentTargetsInParallel = 1;
				LastSwiftUpdateCheck = 1400;
				LastUpgradeCheck = 1400;
				TargetAttributes = {
					D1FD317728FBF7A900736190 = {
						CreatedOnToolsVersion = 14.0;
					};
				};
			};
			buildConfigurationList = D1FD317328FBF7A900736190 /* Build configuration list for PBXProject "FitnessApp_CalHacks" */;
			compatibilityVersion = "Xcode 14.0";
			developmentRegion = en;
			hasScannedForEncodings = 0;
			knownRegions = (
				en,
				Base,
			);
			mainGroup = D1FD316F28FBF7A900736190;
			productRefGroup = D1FD317928FBF7A900736190 /* Products */;
			projectDirPath = "";
			projectRoot = "";
			targets = (
				D1FD317728FBF7A900736190 /* FitnessApp_CalHacks */,
			);
		};
/* End PBXProject section */

/* Begin PBXResourcesBuildPhase section */
		D1FD317628FBF7A900736190 /* Resources */ = {
			isa = PBXResourcesBuildPhase;
			buildActionMask = 2147483647;
			files = (
				D1FD318328FBF7AA00736190 /* Preview Assets.xcassets in Resources */,
				D1FD318028FBF7AA00736190 /* Assets.xcassets in Resources */,
			);
			runOnlyForDeploymentPostprocessing = 0;
		};
/* End PBXResourcesBuildPhase section */

/* Begin PBXSourcesBuildPhase section */
		D1FD317428FBF7A900736190 /* Sources */ = {
			isa = PBXSourcesBuildPhase;
			buildActionMask = 2147483647;
			files = (
				D1FD318F28FBF87F00736190 /* ViewModel.swift in Sources */,
				D1FD318828FBF7AA00736190 /* FitnessApp_CalHacks.xcdatamodeld in Sources */,
				D1FD319128FBF8AC00736190 /* NewDataSheet.swift in Sources */,
				D1FD318528FBF7AA00736190 /* Persistence.swift in Sources */,
				D1FD317E28FBF7A900736190 /* ContentView.swift in Sources */,
				D1FD317C28FBF7A900736190 /* FitnessApp_CalHacksApp.swift in Sources */,
			);
			runOnlyForDeploymentPostprocessing = 0;
		};
/* End PBXSourcesBuildPhase section */

/* Begin XCBuildConfiguration section */
		D1FD318928FBF7AA00736190 /* Debug */ = {
			isa = XCBuildConfiguration;
			buildSettings = {
				ALWAYS_SEARCH_USER_PATHS = NO;
				CLANG_ANALYZER_NONNULL = YES;
				CLANG_ANALYZER_NUMBER_OBJECT_CONVERSION = YES_AGGRESSIVE;
				CLANG_CXX_LANGUAGE_STANDARD = "gnu++20";
				CLANG_ENABLE_MODULES = YES;
				CLANG_ENABLE_OBJC_ARC = YES;
				CLANG_ENABLE_OBJC_WEAK = YES;
				CLANG_WARN_BLOCK_CAPTURE_AUTORELEASING = YES;
				CLANG_WARN_BOOL_CONVERSION = YES;
				CLANG_WARN_COMMA = YES;
				CLANG_WARN_CONSTANT_CONVERSION = YES;
				CLANG_WARN_DEPRECATED_OBJC_IMPLEMENTATIONS = YES;
				CLANG_WARN_DIRECT_OBJC_ISA_USAGE = YES_ERROR;
				CLANG_WARN_DOCUMENTATION_COMMENTS = YES;
				CLANG_WARN_EMPTY_BODY = YES;
				CLANG_WARN_ENUM_CONVERSION = YES;
				CLANG_WARN_INFINITE_RECURSION = YES;
				CLANG_WARN_INT_CONVERSION = YES;
				CLANG_WARN_NON_LITERAL_NULL_CONVERSION = YES;
				CLANG_WARN_OBJC_IMPLICIT_RETAIN_SELF = YES;
				CLANG_WARN_OBJC_LITERAL_CONVERSION = YES;
				CLANG_WARN_OBJC_ROOT_CLASS = YES_ERROR;
				CLANG_WARN_QUOTED_INCLUDE_IN_FRAMEWORK_HEADER = YES;
				CLANG_WARN_RANGE_LOOP_ANALYSIS = YES;
				CLANG_WARN_STRICT_PROTOTYPES = YES;
				CLANG_WARN_SUSPICIOUS_MOVE = YES;
				CLANG_WARN_UNGUARDED_AVAILABILITY = YES_AGGRESSIVE;
				CLANG_WARN_UNREACHABLE_CODE = YES;
				CLANG_WARN__DUPLICATE_METHOD_MATCH = YES;
				COPY_PHASE_STRIP = NO;
				DEBUG_INFORMATION_FORMAT = dwarf;
				ENABLE_STRICT_OBJC_MSGSEND = YES;
				ENABLE_TESTABILITY = YES;
				GCC_C_LANGUAGE_STANDARD = gnu11;
				GCC_DYNAMIC_NO_PIC = NO;
				GCC_NO_COMMON_BLOCKS = YES;
				GCC_OPTIMIZATION_LEVEL = 0;
				GCC_PREPROCESSOR_DEFINITIONS = (
					"DEBUG=1",
					"$(inherited)",
				);
				GCC_WARN_64_TO_32_BIT_CONVERSION = YES;
				GCC_WARN_ABOUT_RETURN_TYPE = YES_ERROR;
				GCC_WARN_UNDECLARED_SELECTOR = YES;
				GCC_WARN_UNINITIALIZED_AUTOS = YES_AGGRESSIVE;
				GCC_WARN_UNUSED_FUNCTION = YES;
				GCC_WARN_UNUSED_VARIABLE = YES;
				IPHONEOS_DEPLOYMENT_TARGET = 16.0;
				MTL_ENABLE_DEBUG_INFO = INCLUDE_SOURCE;
				MTL_FAST_MATH = YES;
				ONLY_ACTIVE_ARCH = YES;
				SDKROOT = iphoneos;
				SWIFT_ACTIVE_COMPILATION_CONDITIONS = DEBUG;
				SWIFT_OPTIMIZATION_LEVEL = "-Onone";
			};
			name = Debug;
		};
		D1FD318A28FBF7AA00736190 /* Release */ = {
			isa = XCBuildConfiguration;
			buildSettings = {
				ALWAYS_SEARCH_USER_PATHS = NO;
				CLANG_ANALYZER_NONNULL = YES;
				CLANG_ANALYZER_NUMBER_OBJECT_CONVERSION = YES_AGGRESSIVE;
				CLANG_CXX_LANGUAGE_STANDARD = "gnu++20";
				CLANG_ENABLE_MODULES = YES;
				CLANG_ENABLE_OBJC_ARC = YES;
				CLANG_ENABLE_OBJC_WEAK = YES;
				CLANG_WARN_BLOCK_CAPTURE_AUTORELEASING = YES;
				CLANG_WARN_BOOL_CONVERSION = YES;
				CLANG_WARN_COMMA = YES;
				CLANG_WARN_CONSTANT_CONVERSION = YES;
				CLANG_WARN_DEPRECATED_OBJC_IMPLEMENTATIONS = YES;
				CLANG_WARN_DIRECT_OBJC_ISA_USAGE = YES_ERROR;
				CLANG_WARN_DOCUMENTATION_COMMENTS = YES;
				CLANG_WARN_EMPTY_BODY = YES;
				CLANG_WARN_ENUM_CONVERSION = YES;
				CLANG_WARN_INFINITE_RECURSION = YES;
				CLANG_WARN_INT_CONVERSION = YES;
				CLANG_WARN_NON_LITERAL_NULL_CONVERSION = YES;
				CLANG_WARN_OBJC_IMPLICIT_RETAIN_SELF = YES;
				CLANG_WARN_OBJC_LITERAL_CONVERSION = YES;
				CLANG_WARN_OBJC_ROOT_CLASS = YES_ERROR;
				CLANG_WARN_QUOTED_INCLUDE_IN_FRAMEWORK_HEADER = YES;
				CLANG_WARN_RANGE_LOOP_ANALYSIS = YES;
				CLANG_WARN_STRICT_PROTOTYPES = YES;
				CLANG_WARN_SUSPICIOUS_MOVE = YES;
				CLANG_WARN_UNGUARDED_AVAILABILITY = YES_AGGRESSIVE;
				CLANG_WARN_UNREACHABLE_CODE = YES;
				CLANG_WARN__DUPLICATE_METHOD_MATCH = YES;
				COPY_PHASE_STRIP = NO;
				DEBUG_INFORMATION_FORMAT = "dwarf-with-dsym";
				ENABLE_NS_ASSERTIONS = NO;
				ENABLE_STRICT_OBJC_MSGSEND = YES;
				GCC_C_LANGUAGE_STANDARD = gnu11;
				GCC_NO_COMMON_BLOCKS = YES;
				GCC_WARN_64_TO_32_BIT_CONVERSION = YES;
				GCC_WARN_ABOUT_RETURN_TYPE = YES_ERROR;
				GCC_WARN_UNDECLARED_SELECTOR = YES;
				GCC_WARN_UNINITIALIZED_AUTOS = YES_AGGRESSIVE;
				GCC_WARN_UNUSED_FUNCTION = YES;
				GCC_WARN_UNUSED_VARIABLE = YES;
				IPHONEOS_DEPLOYMENT_TARGET = 16.0;
				MTL_ENABLE_DEBUG_INFO = NO;
				MTL_FAST_MATH = YES;
				SDKROOT = iphoneos;
				SWIFT_COMPILATION_MODE = wholemodule;
				SWIFT_OPTIMIZATION_LEVEL = "-O";
				VALIDATE_PRODUCT = YES;
			};
			name = Release;
		};
		D1FD318C28FBF7AA00736190 /* Debug */ = {
			isa = XCBuildConfiguration;
			buildSettings = {
				ASSETCATALOG_COMPILER_APPICON_NAME = AppIcon;
				ASSETCATALOG_COMPILER_GLOBAL_ACCENT_COLOR_NAME = AccentColor;
				CODE_SIGN_STYLE = Automatic;
				CURRENT_PROJECT_VERSION = 1;
				DEVELOPMENT_ASSET_PATHS = "\"FitnessApp_CalHacks/Preview Content\"";
				DEVELOPMENT_TEAM = NKCRP99VAX;
				ENABLE_PREVIEWS = YES;
				GENERATE_INFOPLIST_FILE = YES;
				INFOPLIST_KEY_UIApplicationSceneManifest_Generation = YES;
				INFOPLIST_KEY_UIApplicationSupportsIndirectInputEvents = YES;
				INFOPLIST_KEY_UILaunchScreen_Generation = YES;
				INFOPLIST_KEY_UISupportedInterfaceOrientations_iPad = "UIInterfaceOrientationPortrait UIInterfaceOrientationPortraitUpsideDown UIInterfaceOrientationLandscapeLeft UIInterfaceOrientationLandscapeRight";
				INFOPLIST_KEY_UISupportedInterfaceOrientations_iPhone = "UIInterfaceOrientationPortrait UIInterfaceOrientationLandscapeLeft UIInterfaceOrientationLandscapeRight";
				LD_RUNPATH_SEARCH_PATHS = (
					"$(inherited)",
					"@executable_path/Frameworks",
				);
				MARKETING_VERSION = 1.0;
				PRODUCT_BUNDLE_IDENTIFIER = "ryuki.FitnessApp-CalHacks";
				PRODUCT_NAME = "$(TARGET_NAME)";
				SWIFT_EMIT_LOC_STRINGS = YES;
				SWIFT_VERSION = 5.0;
				TARGETED_DEVICE_FAMILY = "1,2";
			};
			name = Debug;
		};
		D1FD318D28FBF7AA00736190 /* Release */ = {
			isa = XCBuildConfiguration;
			buildSettings = {
				ASSETCATALOG_COMPILER_APPICON_NAME = AppIcon;
				ASSETCATALOG_COMPILER_GLOBAL_ACCENT_COLOR_NAME = AccentColor;
				CODE_SIGN_STYLE = Automatic;
				CURRENT_PROJECT_VERSION = 1;
				DEVELOPMENT_ASSET_PATHS = "\"FitnessApp_CalHacks/Preview Content\"";
				DEVELOPMENT_TEAM = NKCRP99VAX;
				ENABLE_PREVIEWS = YES;
				GENERATE_INFOPLIST_FILE = YES;
				INFOPLIST_KEY_UIApplicationSceneManifest_Generation = YES;
				INFOPLIST_KEY_UIApplicationSupportsIndirectInputEvents = YES;
				INFOPLIST_KEY_UILaunchScreen_Generation = YES;
				INFOPLIST_KEY_UISupportedInterfaceOrientations_iPad = "UIInterfaceOrientationPortrait UIInterfaceOrientationPortraitUpsideDown UIInterfaceOrientationLandscapeLeft UIInterfaceOrientationLandscapeRight";
				INFOPLIST_KEY_UISupportedInterfaceOrientations_iPhone = "UIInterfaceOrientationPortrait UIInterfaceOrientationLandscapeLeft UIInterfaceOrientationLandscapeRight";
				LD_RUNPATH_SEARCH_PATHS = (
					"$(inherited)",
					"@executable_path/Frameworks",
				);
				MARKETING_VERSION = 1.0;
				PRODUCT_BUNDLE_IDENTIFIER = "ryuki.FitnessApp-CalHacks";
				PRODUCT_NAME = "$(TARGET_NAME)";
				SWIFT_EMIT_LOC_STRINGS = YES;
				SWIFT_VERSION = 5.0;
				TARGETED_DEVICE_FAMILY = "1,2";
			};
			name = Release;
		};
/* End XCBuildConfiguration section */

/* Begin XCConfigurationList section */
		D1FD317328FBF7A900736190 /* Build configuration list for PBXProject "FitnessApp_CalHacks" */ = {
			isa = XCConfigurationList;
			buildConfigurations = (
				D1FD318928FBF7AA00736190 /* Debug */,
				D1FD318A28FBF7AA00736190 /* Release */,
			);
			defaultConfigurationIsVisible = 0;
			defaultConfigurationName = Release;
		};
		D1FD318B28FBF7AA00736190 /* Build configuration list for PBXNativeTarget "FitnessApp_CalHacks" */ = {
			isa = XCConfigurationList;
			buildConfigurations = (
				D1FD318C28FBF7AA00736190 /* Debug */,
				D1FD318D28FBF7AA00736190 /* Release */,
			);
			defaultConfigurationIsVisible = 0;
			defaultConfigurationName = Release;
		};
/* End XCConfigurationList section */

/* Begin XCVersionGroup section */
		D1FD318628FBF7AA00736190 /* FitnessApp_CalHacks.xcdatamodeld */ = {
			isa = XCVersionGroup;
			children = (
				D1FD318728FBF7AA00736190 /* FitnessApp_CalHacks.xcdatamodel */,
			);
			currentVersion = D1FD318728FBF7AA00736190 /* FitnessApp_CalHacks.xcdatamodel */;
			path = FitnessApp_CalHacks.xcdatamodeld;
			sourceTree = "<group>";
			versionGroupType = wrapper.xcdatamodel;
		};
/* End XCVersionGroup section */
	};
	rootObject = D1FD317028FBF7A900736190 /* Project object */;
}
