// !$*UTF8*$!
{
	archiveVersion = 1;
	classes = {
	};
	objectVersion = 56;
	objects = {

/* Begin PBXBuildFile section */
		D1A20F9A28F8BB74006038B8 /* rolldiceApp.swift in Sources */ = {isa = PBXBuildFile; fileRef = D1A20F9928F8BB74006038B8 /* rolldiceApp.swift */; };
		D1A20F9C28F8BB74006038B8 /* ContentView.swift in Sources */ = {isa = PBXBuildFile; fileRef = D1A20F9B28F8BB74006038B8 /* ContentView.swift */; };
		D1A20F9E28F8BB75006038B8 /* Assets.xcassets in Resources */ = {isa = PBXBuildFile; fileRef = D1A20F9D28F8BB75006038B8 /* Assets.xcassets */; };
		D1A20FA128F8BB75006038B8 /* Preview Assets.xcassets in Resources */ = {isa = PBXBuildFile; fileRef = D1A20FA028F8BB75006038B8 /* Preview Assets.xcassets */; };
		D1A20FA328F8BB75006038B8 /* Persistence.swift in Sources */ = {isa = PBXBuildFile; fileRef = D1A20FA228F8BB75006038B8 /* Persistence.swift */; };
		D1A20FA628F8BB75006038B8 /* rolldice.xcdatamodeld in Sources */ = {isa = PBXBuildFile; fileRef = D1A20FA428F8BB75006038B8 /* rolldice.xcdatamodeld */; };
		D1A20FB128F8BB75006038B8 /* rolldiceTests.swift in Sources */ = {isa = PBXBuildFile; fileRef = D1A20FB028F8BB75006038B8 /* rolldiceTests.swift */; };
		D1A20FBB28F8BB75006038B8 /* rolldiceUITests.swift in Sources */ = {isa = PBXBuildFile; fileRef = D1A20FBA28F8BB75006038B8 /* rolldiceUITests.swift */; };
		D1A20FBD28F8BB75006038B8 /* rolldiceUITestsLaunchTests.swift in Sources */ = {isa = PBXBuildFile; fileRef = D1A20FBC28F8BB75006038B8 /* rolldiceUITestsLaunchTests.swift */; };
/* End PBXBuildFile section */

/* Begin PBXContainerItemProxy section */
		D1A20FAD28F8BB75006038B8 /* PBXContainerItemProxy */ = {
			isa = PBXContainerItemProxy;
			containerPortal = D1A20F8E28F8BB74006038B8 /* Project object */;
			proxyType = 1;
			remoteGlobalIDString = D1A20F9528F8BB74006038B8;
			remoteInfo = rolldice;
		};
		D1A20FB728F8BB75006038B8 /* PBXContainerItemProxy */ = {
			isa = PBXContainerItemProxy;
			containerPortal = D1A20F8E28F8BB74006038B8 /* Project object */;
			proxyType = 1;
			remoteGlobalIDString = D1A20F9528F8BB74006038B8;
			remoteInfo = rolldice;
		};
/* End PBXContainerItemProxy section */

/* Begin PBXFileReference section */
		D1A20F9628F8BB74006038B8 /* rolldice.app */ = {isa = PBXFileReference; explicitFileType = wrapper.application; includeInIndex = 0; path = rolldice.app; sourceTree = BUILT_PRODUCTS_DIR; };
		D1A20F9928F8BB74006038B8 /* rolldiceApp.swift */ = {isa = PBXFileReference; lastKnownFileType = sourcecode.swift; path = rolldiceApp.swift; sourceTree = "<group>"; };
		D1A20F9B28F8BB74006038B8 /* ContentView.swift */ = {isa = PBXFileReference; lastKnownFileType = sourcecode.swift; path = ContentView.swift; sourceTree = "<group>"; };
		D1A20F9D28F8BB75006038B8 /* Assets.xcassets */ = {isa = PBXFileReference; lastKnownFileType = folder.assetcatalog; path = Assets.xcassets; sourceTree = "<group>"; };
		D1A20FA028F8BB75006038B8 /* Preview Assets.xcassets */ = {isa = PBXFileReference; lastKnownFileType = folder.assetcatalog; path = "Preview Assets.xcassets"; sourceTree = "<group>"; };
		D1A20FA228F8BB75006038B8 /* Persistence.swift */ = {isa = PBXFileReference; lastKnownFileType = sourcecode.swift; path = Persistence.swift; sourceTree = "<group>"; };
		D1A20FA528F8BB75006038B8 /* rolldice.xcdatamodel */ = {isa = PBXFileReference; lastKnownFileType = wrapper.xcdatamodel; path = rolldice.xcdatamodel; sourceTree = "<group>"; };
		D1A20FA728F8BB75006038B8 /* Info.plist */ = {isa = PBXFileReference; lastKnownFileType = text.plist.xml; path = Info.plist; sourceTree = "<group>"; };
		D1A20FAC28F8BB75006038B8 /* rolldiceTests.xctest */ = {isa = PBXFileReference; explicitFileType = wrapper.cfbundle; includeInIndex = 0; path = rolldiceTests.xctest; sourceTree = BUILT_PRODUCTS_DIR; };
		D1A20FB028F8BB75006038B8 /* rolldiceTests.swift */ = {isa = PBXFileReference; lastKnownFileType = sourcecode.swift; path = rolldiceTests.swift; sourceTree = "<group>"; };
		D1A20FB628F8BB75006038B8 /* rolldiceUITests.xctest */ = {isa = PBXFileReference; explicitFileType = wrapper.cfbundle; includeInIndex = 0; path = rolldiceUITests.xctest; sourceTree = BUILT_PRODUCTS_DIR; };
		D1A20FBA28F8BB75006038B8 /* rolldiceUITests.swift */ = {isa = PBXFileReference; lastKnownFileType = sourcecode.swift; path = rolldiceUITests.swift; sourceTree = "<group>"; };
		D1A20FBC28F8BB75006038B8 /* rolldiceUITestsLaunchTests.swift */ = {isa = PBXFileReference; lastKnownFileType = sourcecode.swift; path = rolldiceUITestsLaunchTests.swift; sourceTree = "<group>"; };
/* End PBXFileReference section */

/* Begin PBXFrameworksBuildPhase section */
		D1A20F9328F8BB74006038B8 /* Frameworks */ = {
			isa = PBXFrameworksBuildPhase;
			buildActionMask = 2147483647;
			files = (
			);
			runOnlyForDeploymentPostprocessing = 0;
		};
		D1A20FA928F8BB75006038B8 /* Frameworks */ = {
			isa = PBXFrameworksBuildPhase;
			buildActionMask = 2147483647;
			files = (
			);
			runOnlyForDeploymentPostprocessing = 0;
		};
		D1A20FB328F8BB75006038B8 /* Frameworks */ = {
			isa = PBXFrameworksBuildPhase;
			buildActionMask = 2147483647;
			files = (
			);
			runOnlyForDeploymentPostprocessing = 0;
		};
/* End PBXFrameworksBuildPhase section */

/* Begin PBXGroup section */
		D1A20F8D28F8BB74006038B8 = {
			isa = PBXGroup;
			children = (
				D1A20F9828F8BB74006038B8 /* rolldice */,
				D1A20FAF28F8BB75006038B8 /* rolldiceTests */,
				D1A20FB928F8BB75006038B8 /* rolldiceUITests */,
				D1A20F9728F8BB74006038B8 /* Products */,
			);
			sourceTree = "<group>";
		};
		D1A20F9728F8BB74006038B8 /* Products */ = {
			isa = PBXGroup;
			children = (
				D1A20F9628F8BB74006038B8 /* rolldice.app */,
				D1A20FAC28F8BB75006038B8 /* rolldiceTests.xctest */,
				D1A20FB628F8BB75006038B8 /* rolldiceUITests.xctest */,
			);
			name = Products;
			sourceTree = "<group>";
		};
		D1A20F9828F8BB74006038B8 /* rolldice */ = {
			isa = PBXGroup;
			children = (
				D1A20F9928F8BB74006038B8 /* rolldiceApp.swift */,
				D1A20F9B28F8BB74006038B8 /* ContentView.swift */,
				D1A20F9D28F8BB75006038B8 /* Assets.xcassets */,
				D1A20FA228F8BB75006038B8 /* Persistence.swift */,
				D1A20FA728F8BB75006038B8 /* Info.plist */,
				D1A20FA428F8BB75006038B8 /* rolldice.xcdatamodeld */,
				D1A20F9F28F8BB75006038B8 /* Preview Content */,
			);
			path = rolldice;
			sourceTree = "<group>";
		};
		D1A20F9F28F8BB75006038B8 /* Preview Content */ = {
			isa = PBXGroup;
			children = (
				D1A20FA028F8BB75006038B8 /* Preview Assets.xcassets */,
			);
			path = "Preview Content";
			sourceTree = "<group>";
		};
		D1A20FAF28F8BB75006038B8 /* rolldiceTests */ = {
			isa = PBXGroup;
			children = (
				D1A20FB028F8BB75006038B8 /* rolldiceTests.swift */,
			);
			path = rolldiceTests;
			sourceTree = "<group>";
		};
		D1A20FB928F8BB75006038B8 /* rolldiceUITests */ = {
			isa = PBXGroup;
			children = (
				D1A20FBA28F8BB75006038B8 /* rolldiceUITests.swift */,
				D1A20FBC28F8BB75006038B8 /* rolldiceUITestsLaunchTests.swift */,
			);
			path = rolldiceUITests;
			sourceTree = "<group>";
		};
/* End PBXGroup section */

/* Begin PBXNativeTarget section */
		D1A20F9528F8BB74006038B8 /* rolldice */ = {
			isa = PBXNativeTarget;
			buildConfigurationList = D1A20FC028F8BB75006038B8 /* Build configuration list for PBXNativeTarget "rolldice" */;
			buildPhases = (
				D1A20F9228F8BB74006038B8 /* Sources */,
				D1A20F9328F8BB74006038B8 /* Frameworks */,
				D1A20F9428F8BB74006038B8 /* Resources */,
			);
			buildRules = (
			);
			dependencies = (
			);
			name = rolldice;
			productName = rolldice;
			productReference = D1A20F9628F8BB74006038B8 /* rolldice.app */;
			productType = "com.apple.product-type.application";
		};
		D1A20FAB28F8BB75006038B8 /* rolldiceTests */ = {
			isa = PBXNativeTarget;
			buildConfigurationList = D1A20FC328F8BB75006038B8 /* Build configuration list for PBXNativeTarget "rolldiceTests" */;
			buildPhases = (
				D1A20FA828F8BB75006038B8 /* Sources */,
				D1A20FA928F8BB75006038B8 /* Frameworks */,
				D1A20FAA28F8BB75006038B8 /* Resources */,
			);
			buildRules = (
			);
			dependencies = (
				D1A20FAE28F8BB75006038B8 /* PBXTargetDependency */,
			);
			name = rolldiceTests;
			productName = rolldiceTests;
			productReference = D1A20FAC28F8BB75006038B8 /* rolldiceTests.xctest */;
			productType = "com.apple.product-type.bundle.unit-test";
		};
		D1A20FB528F8BB75006038B8 /* rolldiceUITests */ = {
			isa = PBXNativeTarget;
			buildConfigurationList = D1A20FC628F8BB75006038B8 /* Build configuration list for PBXNativeTarget "rolldiceUITests" */;
			buildPhases = (
				D1A20FB228F8BB75006038B8 /* Sources */,
				D1A20FB328F8BB75006038B8 /* Frameworks */,
				D1A20FB428F8BB75006038B8 /* Resources */,
			);
			buildRules = (
			);
			dependencies = (
				D1A20FB828F8BB75006038B8 /* PBXTargetDependency */,
			);
			name = rolldiceUITests;
			productName = rolldiceUITests;
			productReference = D1A20FB628F8BB75006038B8 /* rolldiceUITests.xctest */;
			productType = "com.apple.product-type.bundle.ui-testing";
		};
/* End PBXNativeTarget section */

/* Begin PBXProject section */
		D1A20F8E28F8BB74006038B8 /* Project object */ = {
			isa = PBXProject;
			attributes = {
				BuildIndependentTargetsInParallel = 1;
				LastSwiftUpdateCheck = 1400;
				LastUpgradeCheck = 1400;
				TargetAttributes = {
					D1A20F9528F8BB74006038B8 = {
						CreatedOnToolsVersion = 14.0;
					};
					D1A20FAB28F8BB75006038B8 = {
						CreatedOnToolsVersion = 14.0;
						TestTargetID = D1A20F9528F8BB74006038B8;
					};
					D1A20FB528F8BB75006038B8 = {
						CreatedOnToolsVersion = 14.0;
						TestTargetID = D1A20F9528F8BB74006038B8;
					};
				};
			};
			buildConfigurationList = D1A20F9128F8BB74006038B8 /* Build configuration list for PBXProject "rolldice" */;
			compatibilityVersion = "Xcode 14.0";
			developmentRegion = en;
			hasScannedForEncodings = 0;
			knownRegions = (
				en,
				Base,
			);
			mainGroup = D1A20F8D28F8BB74006038B8;
			productRefGroup = D1A20F9728F8BB74006038B8 /* Products */;
			projectDirPath = "";
			projectRoot = "";
			targets = (
				D1A20F9528F8BB74006038B8 /* rolldice */,
				D1A20FAB28F8BB75006038B8 /* rolldiceTests */,
				D1A20FB528F8BB75006038B8 /* rolldiceUITests */,
			);
		};
/* End PBXProject section */

/* Begin PBXResourcesBuildPhase section */
		D1A20F9428F8BB74006038B8 /* Resources */ = {
			isa = PBXResourcesBuildPhase;
			buildActionMask = 2147483647;
			files = (
				D1A20FA128F8BB75006038B8 /* Preview Assets.xcassets in Resources */,
				D1A20F9E28F8BB75006038B8 /* Assets.xcassets in Resources */,
			);
			runOnlyForDeploymentPostprocessing = 0;
		};
		D1A20FAA28F8BB75006038B8 /* Resources */ = {
			isa = PBXResourcesBuildPhase;
			buildActionMask = 2147483647;
			files = (
			);
			runOnlyForDeploymentPostprocessing = 0;
		};
		D1A20FB428F8BB75006038B8 /* Resources */ = {
			isa = PBXResourcesBuildPhase;
			buildActionMask = 2147483647;
			files = (
			);
			runOnlyForDeploymentPostprocessing = 0;
		};
/* End PBXResourcesBuildPhase section */

/* Begin PBXSourcesBuildPhase section */
		D1A20F9228F8BB74006038B8 /* Sources */ = {
			isa = PBXSourcesBuildPhase;
			buildActionMask = 2147483647;
			files = (
				D1A20FA328F8BB75006038B8 /* Persistence.swift in Sources */,
				D1A20F9C28F8BB74006038B8 /* ContentView.swift in Sources */,
				D1A20F9A28F8BB74006038B8 /* rolldiceApp.swift in Sources */,
				D1A20FA628F8BB75006038B8 /* rolldice.xcdatamodeld in Sources */,
			);
			runOnlyForDeploymentPostprocessing = 0;
		};
		D1A20FA828F8BB75006038B8 /* Sources */ = {
			isa = PBXSourcesBuildPhase;
			buildActionMask = 2147483647;
			files = (
				D1A20FB128F8BB75006038B8 /* rolldiceTests.swift in Sources */,
			);
			runOnlyForDeploymentPostprocessing = 0;
		};
		D1A20FB228F8BB75006038B8 /* Sources */ = {
			isa = PBXSourcesBuildPhase;
			buildActionMask = 2147483647;
			files = (
				D1A20FBD28F8BB75006038B8 /* rolldiceUITestsLaunchTests.swift in Sources */,
				D1A20FBB28F8BB75006038B8 /* rolldiceUITests.swift in Sources */,
			);
			runOnlyForDeploymentPostprocessing = 0;
		};
/* End PBXSourcesBuildPhase section */

/* Begin PBXTargetDependency section */
		D1A20FAE28F8BB75006038B8 /* PBXTargetDependency */ = {
			isa = PBXTargetDependency;
			target = D1A20F9528F8BB74006038B8 /* rolldice */;
			targetProxy = D1A20FAD28F8BB75006038B8 /* PBXContainerItemProxy */;
		};
		D1A20FB828F8BB75006038B8 /* PBXTargetDependency */ = {
			isa = PBXTargetDependency;
			target = D1A20F9528F8BB74006038B8 /* rolldice */;
			targetProxy = D1A20FB728F8BB75006038B8 /* PBXContainerItemProxy */;
		};
/* End PBXTargetDependency section */

/* Begin XCBuildConfiguration section */
		D1A20FBE28F8BB75006038B8 /* Debug */ = {
			isa = XCBuildConfiguration;
			buildSettings = {
				ALWAYS_SEARCH_USER_PATHS = NO;
				CLANG_ANALYZER_NONNULL = YES;
				CLANG_ANALYZER_NUMBER_OBJECT_CONVERSION = YES_AGGRESSIVE;
				CLANG_CXX_LANGUAGE_STANDARD = "gnu++20";
				CLANG_ENABLE_MODULES = YES;
				CLANG_ENABLE_OBJC_ARC = YES;
				CLANG_ENABLE_OBJC_WEAK = YES;
				CLANG_WARN_BLOCK_CAPTURE_AUTORELEASING = YES;
				CLANG_WARN_BOOL_CONVERSION = YES;
				CLANG_WARN_COMMA = YES;
				CLANG_WARN_CONSTANT_CONVERSION = YES;
				CLANG_WARN_DEPRECATED_OBJC_IMPLEMENTATIONS = YES;
				CLANG_WARN_DIRECT_OBJC_ISA_USAGE = YES_ERROR;
				CLANG_WARN_DOCUMENTATION_COMMENTS = YES;
				CLANG_WARN_EMPTY_BODY = YES;
				CLANG_WARN_ENUM_CONVERSION = YES;
				CLANG_WARN_INFINITE_RECURSION = YES;
				CLANG_WARN_INT_CONVERSION = YES;
				CLANG_WARN_NON_LITERAL_NULL_CONVERSION = YES;
				CLANG_WARN_OBJC_IMPLICIT_RETAIN_SELF = YES;
				CLANG_WARN_OBJC_LITERAL_CONVERSION = YES;
				CLANG_WARN_OBJC_ROOT_CLASS = YES_ERROR;
				CLANG_WARN_QUOTED_INCLUDE_IN_FRAMEWORK_HEADER = YES;
				CLANG_WARN_RANGE_LOOP_ANALYSIS = YES;
				CLANG_WARN_STRICT_PROTOTYPES = YES;
				CLANG_WARN_SUSPICIOUS_MOVE = YES;
				CLANG_WARN_UNGUARDED_AVAILABILITY = YES_AGGRESSIVE;
				CLANG_WARN_UNREACHABLE_CODE = YES;
				CLANG_WARN__DUPLICATE_METHOD_MATCH = YES;
				COPY_PHASE_STRIP = NO;
				DEBUG_INFORMATION_FORMAT = dwarf;
				ENABLE_STRICT_OBJC_MSGSEND = YES;
				ENABLE_TESTABILITY = YES;
				GCC_C_LANGUAGE_STANDARD = gnu11;
				GCC_DYNAMIC_NO_PIC = NO;
				GCC_NO_COMMON_BLOCKS = YES;
				GCC_OPTIMIZATION_LEVEL = 0;
				GCC_PREPROCESSOR_DEFINITIONS = (
					"DEBUG=1",
					"$(inherited)",
				);
				GCC_WARN_64_TO_32_BIT_CONVERSION = YES;
				GCC_WARN_ABOUT_RETURN_TYPE = YES_ERROR;
				GCC_WARN_UNDECLARED_SELECTOR = YES;
				GCC_WARN_UNINITIALIZED_AUTOS = YES_AGGRESSIVE;
				GCC_WARN_UNUSED_FUNCTION = YES;
				GCC_WARN_UNUSED_VARIABLE = YES;
				IPHONEOS_DEPLOYMENT_TARGET = 16.0;
				MTL_ENABLE_DEBUG_INFO = INCLUDE_SOURCE;
				MTL_FAST_MATH = YES;
				ONLY_ACTIVE_ARCH = YES;
				SDKROOT = iphoneos;
				SWIFT_ACTIVE_COMPILATION_CONDITIONS = DEBUG;
				SWIFT_OPTIMIZATION_LEVEL = "-Onone";
			};
			name = Debug;
		};
		D1A20FBF28F8BB75006038B8 /* Release */ = {
			isa = XCBuildConfiguration;
			buildSettings = {
				ALWAYS_SEARCH_USER_PATHS = NO;
				CLANG_ANALYZER_NONNULL = YES;
				CLANG_ANALYZER_NUMBER_OBJECT_CONVERSION = YES_AGGRESSIVE;
				CLANG_CXX_LANGUAGE_STANDARD = "gnu++20";
				CLANG_ENABLE_MODULES = YES;
				CLANG_ENABLE_OBJC_ARC = YES;
				CLANG_ENABLE_OBJC_WEAK = YES;
				CLANG_WARN_BLOCK_CAPTURE_AUTORELEASING = YES;
				CLANG_WARN_BOOL_CONVERSION = YES;
				CLANG_WARN_COMMA = YES;
				CLANG_WARN_CONSTANT_CONVERSION = YES;
				CLANG_WARN_DEPRECATED_OBJC_IMPLEMENTATIONS = YES;
				CLANG_WARN_DIRECT_OBJC_ISA_USAGE = YES_ERROR;
				CLANG_WARN_DOCUMENTATION_COMMENTS = YES;
				CLANG_WARN_EMPTY_BODY = YES;
				CLANG_WARN_ENUM_CONVERSION = YES;
				CLANG_WARN_INFINITE_RECURSION = YES;
				CLANG_WARN_INT_CONVERSION = YES;
				CLANG_WARN_NON_LITERAL_NULL_CONVERSION = YES;
				CLANG_WARN_OBJC_IMPLICIT_RETAIN_SELF = YES;
				CLANG_WARN_OBJC_LITERAL_CONVERSION = YES;
				CLANG_WARN_OBJC_ROOT_CLASS = YES_ERROR;
				CLANG_WARN_QUOTED_INCLUDE_IN_FRAMEWORK_HEADER = YES;
				CLANG_WARN_RANGE_LOOP_ANALYSIS = YES;
				CLANG_WARN_STRICT_PROTOTYPES = YES;
				CLANG_WARN_SUSPICIOUS_MOVE = YES;
				CLANG_WARN_UNGUARDED_AVAILABILITY = YES_AGGRESSIVE;
				CLANG_WARN_UNREACHABLE_CODE = YES;
				CLANG_WARN__DUPLICATE_METHOD_MATCH = YES;
				COPY_PHASE_STRIP = NO;
				DEBUG_INFORMATION_FORMAT = "dwarf-with-dsym";
				ENABLE_NS_ASSERTIONS = NO;
				ENABLE_STRICT_OBJC_MSGSEND = YES;
				GCC_C_LANGUAGE_STANDARD = gnu11;
				GCC_NO_COMMON_BLOCKS = YES;
				GCC_WARN_64_TO_32_BIT_CONVERSION = YES;
				GCC_WARN_ABOUT_RETURN_TYPE = YES_ERROR;
				GCC_WARN_UNDECLARED_SELECTOR = YES;
				GCC_WARN_UNINITIALIZED_AUTOS = YES_AGGRESSIVE;
				GCC_WARN_UNUSED_FUNCTION = YES;
				GCC_WARN_UNUSED_VARIABLE = YES;
				IPHONEOS_DEPLOYMENT_TARGET = 16.0;
				MTL_ENABLE_DEBUG_INFO = NO;
				MTL_FAST_MATH = YES;
				SDKROOT = iphoneos;
				SWIFT_COMPILATION_MODE = wholemodule;
				SWIFT_OPTIMIZATION_LEVEL = "-O";
				VALIDATE_PRODUCT = YES;
			};
			name = Release;
		};
		D1A20FC128F8BB75006038B8 /* Debug */ = {
			isa = XCBuildConfiguration;
			buildSettings = {
				ASSETCATALOG_COMPILER_APPICON_NAME = AppIcon;
				ASSETCATALOG_COMPILER_GLOBAL_ACCENT_COLOR_NAME = AccentColor;
				CODE_SIGN_STYLE = Automatic;
				CURRENT_PROJECT_VERSION = 1;
				DEVELOPMENT_ASSET_PATHS = "\"rolldice/Preview Content\"";
				DEVELOPMENT_TEAM = NKCRP99VAX;
				ENABLE_PREVIEWS = YES;
				GENERATE_INFOPLIST_FILE = YES;
				INFOPLIST_KEY_UIApplicationSceneManifest_Generation = YES;
				INFOPLIST_KEY_UIApplicationSupportsIndirectInputEvents = YES;
				INFOPLIST_KEY_UILaunchScreen_Generation = YES;
				INFOPLIST_KEY_UISupportedInterfaceOrientations_iPad = "UIInterfaceOrientationPortrait UIInterfaceOrientationPortraitUpsideDown UIInterfaceOrientationLandscapeLeft UIInterfaceOrientationLandscapeRight";
				INFOPLIST_KEY_UISupportedInterfaceOrientations_iPhone = "UIInterfaceOrientationPortrait UIInterfaceOrientationLandscapeLeft UIInterfaceOrientationLandscapeRight";
				LD_RUNPATH_SEARCH_PATHS = (
					"$(inherited)",
					"@executable_path/Frameworks",
				);
				MARKETING_VERSION = 1.0;
				PRODUCT_BUNDLE_IDENTIFIER = ryuki.rolldice;
				PRODUCT_NAME = "$(TARGET_NAME)";
				SWIFT_EMIT_LOC_STRINGS = YES;
				SWIFT_VERSION = 5.0;
				TARGETED_DEVICE_FAMILY = "1,2";
			};
			name = Debug;
		};
		D1A20FC228F8BB75006038B8 /* Release */ = {
			isa = XCBuildConfiguration;
			buildSettings = {
				ASSETCATALOG_COMPILER_APPICON_NAME = AppIcon;
				ASSETCATALOG_COMPILER_GLOBAL_ACCENT_COLOR_NAME = AccentColor;
				CODE_SIGN_STYLE = Automatic;
				CURRENT_PROJECT_VERSION = 1;
				DEVELOPMENT_ASSET_PATHS = "\"rolldice/Preview Content\"";
				DEVELOPMENT_TEAM = NKCRP99VAX;
				ENABLE_PREVIEWS = YES;
				GENERATE_INFOPLIST_FILE = YES;
				INFOPLIST_KEY_UIApplicationSceneManifest_Generation = YES;
				INFOPLIST_KEY_UIApplicationSupportsIndirectInputEvents = YES;
				INFOPLIST_KEY_UILaunchScreen_Generation = YES;
				INFOPLIST_KEY_UISupportedInterfaceOrientations_iPad = "UIInterfaceOrientationPortrait UIInterfaceOrientationPortraitUpsideDown UIInterfaceOrientationLandscapeLeft UIInterfaceOrientationLandscapeRight";
				INFOPLIST_KEY_UISupportedInterfaceOrientations_iPhone = "UIInterfaceOrientationPortrait UIInterfaceOrientationLandscapeLeft UIInterfaceOrientationLandscapeRight";
				LD_RUNPATH_SEARCH_PATHS = (
					"$(inherited)",
					"@executable_path/Frameworks",
				);
				MARKETING_VERSION = 1.0;
				PRODUCT_BUNDLE_IDENTIFIER = ryuki.rolldice;
				PRODUCT_NAME = "$(TARGET_NAME)";
				SWIFT_EMIT_LOC_STRINGS = YES;
				SWIFT_VERSION = 5.0;
				TARGETED_DEVICE_FAMILY = "1,2";
			};
			name = Release;
		};
		D1A20FC428F8BB75006038B8 /* Debug */ = {
			isa = XCBuildConfiguration;
			buildSettings = {
				ALWAYS_EMBED_SWIFT_STANDARD_LIBRARIES = YES;
				BUNDLE_LOADER = "$(TEST_HOST)";
				CODE_SIGN_STYLE = Automatic;
				CURRENT_PROJECT_VERSION = 1;
				DEVELOPMENT_TEAM = NKCRP99VAX;
				GENERATE_INFOPLIST_FILE = YES;
				IPHONEOS_DEPLOYMENT_TARGET = 16.0;
				MARKETING_VERSION = 1.0;
				PRODUCT_BUNDLE_IDENTIFIER = ryuki.rolldiceTests;
				PRODUCT_NAME = "$(TARGET_NAME)";
				SWIFT_EMIT_LOC_STRINGS = NO;
				SWIFT_VERSION = 5.0;
				TARGETED_DEVICE_FAMILY = "1,2";
				TEST_HOST = "$(BUILT_PRODUCTS_DIR)/rolldice.app/$(BUNDLE_EXECUTABLE_FOLDER_PATH)/rolldice";
			};
			name = Debug;
		};
		D1A20FC528F8BB75006038B8 /* Release */ = {
			isa = XCBuildConfiguration;
			buildSettings = {
				ALWAYS_EMBED_SWIFT_STANDARD_LIBRARIES = YES;
				BUNDLE_LOADER = "$(TEST_HOST)";
				CODE_SIGN_STYLE = Automatic;
				CURRENT_PROJECT_VERSION = 1;
				DEVELOPMENT_TEAM = NKCRP99VAX;
				GENERATE_INFOPLIST_FILE = YES;
				IPHONEOS_DEPLOYMENT_TARGET = 16.0;
				MARKETING_VERSION = 1.0;
				PRODUCT_BUNDLE_IDENTIFIER = ryuki.rolldiceTests;
				PRODUCT_NAME = "$(TARGET_NAME)";
				SWIFT_EMIT_LOC_STRINGS = NO;
				SWIFT_VERSION = 5.0;
				TARGETED_DEVICE_FAMILY = "1,2";
				TEST_HOST = "$(BUILT_PRODUCTS_DIR)/rolldice.app/$(BUNDLE_EXECUTABLE_FOLDER_PATH)/rolldice";
			};
			name = Release;
		};
		D1A20FC728F8BB75006038B8 /* Debug */ = {
			isa = XCBuildConfiguration;
			buildSettings = {
				ALWAYS_EMBED_SWIFT_STANDARD_LIBRARIES = YES;
				CODE_SIGN_STYLE = Automatic;
				CURRENT_PROJECT_VERSION = 1;
				DEVELOPMENT_TEAM = NKCRP99VAX;
				GENERATE_INFOPLIST_FILE = YES;
				MARKETING_VERSION = 1.0;
				PRODUCT_BUNDLE_IDENTIFIER = ryuki.rolldiceUITests;
				PRODUCT_NAME = "$(TARGET_NAME)";
				SWIFT_EMIT_LOC_STRINGS = NO;
				SWIFT_VERSION = 5.0;
				TARGETED_DEVICE_FAMILY = "1,2";
				TEST_TARGET_NAME = rolldice;
			};
			name = Debug;
		};
		D1A20FC828F8BB75006038B8 /* Release */ = {
			isa = XCBuildConfiguration;
			buildSettings = {
				ALWAYS_EMBED_SWIFT_STANDARD_LIBRARIES = YES;
				CODE_SIGN_STYLE = Automatic;
				CURRENT_PROJECT_VERSION = 1;
				DEVELOPMENT_TEAM = NKCRP99VAX;
				GENERATE_INFOPLIST_FILE = YES;
				MARKETING_VERSION = 1.0;
				PRODUCT_BUNDLE_IDENTIFIER = ryuki.rolldiceUITests;
				PRODUCT_NAME = "$(TARGET_NAME)";
				SWIFT_EMIT_LOC_STRINGS = NO;
				SWIFT_VERSION = 5.0;
				TARGETED_DEVICE_FAMILY = "1,2";
				TEST_TARGET_NAME = rolldice;
			};
			name = Release;
		};
/* End XCBuildConfiguration section */

/* Begin XCConfigurationList section */
		D1A20F9128F8BB74006038B8 /* Build configuration list for PBXProject "rolldice" */ = {
			isa = XCConfigurationList;
			buildConfigurations = (
				D1A20FBE28F8BB75006038B8 /* Debug */,
				D1A20FBF28F8BB75006038B8 /* Release */,
			);
			defaultConfigurationIsVisible = 0;
			defaultConfigurationName = Release;
		};
		D1A20FC028F8BB75006038B8 /* Build configuration list for PBXNativeTarget "rolldice" */ = {
			isa = XCConfigurationList;
			buildConfigurations = (
				D1A20FC128F8BB75006038B8 /* Debug */,
				D1A20FC228F8BB75006038B8 /* Release */,
			);
			defaultConfigurationIsVisible = 0;
			defaultConfigurationName = Release;
		};
		D1A20FC328F8BB75006038B8 /* Build configuration list for PBXNativeTarget "rolldiceTests" */ = {
			isa = XCConfigurationList;
			buildConfigurations = (
				D1A20FC428F8BB75006038B8 /* Debug */,
				D1A20FC528F8BB75006038B8 /* Release */,
			);
			defaultConfigurationIsVisible = 0;
			defaultConfigurationName = Release;
		};
		D1A20FC628F8BB75006038B8 /* Build configuration list for PBXNativeTarget "rolldiceUITests" */ = {
			isa = XCConfigurationList;
			buildConfigurations = (
				D1A20FC728F8BB75006038B8 /* Debug */,
				D1A20FC828F8BB75006038B8 /* Release */,
			);
			defaultConfigurationIsVisible = 0;
			defaultConfigurationName = Release;
		};
/* End XCConfigurationList section */

/* Begin XCVersionGroup section */
		D1A20FA428F8BB75006038B8 /* rolldice.xcdatamodeld */ = {
			isa = XCVersionGroup;
			children = (
				D1A20FA528F8BB75006038B8 /* rolldice.xcdatamodel */,
			);
			currentVersion = D1A20FA528F8BB75006038B8 /* rolldice.xcdatamodel */;
			path = rolldice.xcdatamodeld;
			sourceTree = "<group>";
			versionGroupType = wrapper.xcdatamodel;
		};
/* End XCVersionGroup section */
	};
	rootObject = D1A20F8E28F8BB74006038B8 /* Project object */;
}
