// !$*UTF8*$!
{
	archiveVersion = 1;
	classes = {
	};
	objectVersion = 56;
	objects = {

/* Begin PBXBuildFile section */
		D1FD3295291E1C4300736190 /* Quizlet_ish2App.swift in Sources */ = {isa = PBXBuildFile; fileRef = D1FD3294291E1C4300736190 /* Quizlet_ish2App.swift */; };
		D1FD3297291E1C4300736190 /* ContentView.swift in Sources */ = {isa = PBXBuildFile; fileRef = D1FD3296291E1C4300736190 /* ContentView.swift */; };
		D1FD3299291E1C4400736190 /* Assets.xcassets in Resources */ = {isa = PBXBuildFile; fileRef = D1FD3298291E1C4400736190 /* Assets.xcassets */; };
		D1FD329C291E1C4400736190 /* Preview Assets.xcassets in Resources */ = {isa = PBXBuildFile; fileRef = D1FD329B291E1C4400736190 /* Preview Assets.xcassets */; };
		D1FD32A3291E1E0000736190 /* GoogleService-Info.plist in Resources */ = {isa = PBXBuildFile; fileRef = D1FD32A2291E1E0000736190 /* GoogleService-Info.plist */; };
		D1FD32A6291E1F4F00736190 /* FirebaseAuth in Frameworks */ = {isa = PBXBuildFile; productRef = D1FD32A5291E1F4F00736190 /* FirebaseAuth */; };
		D1FD32A8291E1F4F00736190 /* FirebaseDatabase in Frameworks */ = {isa = PBXBuildFile; productRef = D1FD32A7291E1F4F00736190 /* FirebaseDatabase */; };
		D1FD32B1291E227D00736190 /* AuthentificationService.swift in Sources */ = {isa = PBXBuildFile; fileRef = D1FD32B0291E227D00736190 /* AuthentificationService.swift */; };
		D1FD32B3291E229400736190 /* NewCardForm.swift in Sources */ = {isa = PBXBuildFile; fileRef = D1FD32B2291E229400736190 /* NewCardForm.swift */; };
		D1FD32B7291E22B200736190 /* CardView.swift in Sources */ = {isa = PBXBuildFile; fileRef = D1FD32B6291E22B200736190 /* CardView.swift */; };
		D1FD32B9291E22C300736190 /* CardListView.swift in Sources */ = {isa = PBXBuildFile; fileRef = D1FD32B8291E22C300736190 /* CardListView.swift */; };
		D1FD32BB291E22D700736190 /* CardListViewModel.swift in Sources */ = {isa = PBXBuildFile; fileRef = D1FD32BA291E22D700736190 /* CardListViewModel.swift */; };
		D1FD32BD291E22E800736190 /* CardViewModel.swift in Sources */ = {isa = PBXBuildFile; fileRef = D1FD32BC291E22E800736190 /* CardViewModel.swift */; };
		D1FD32BF291E22F300736190 /* Card.swift in Sources */ = {isa = PBXBuildFile; fileRef = D1FD32BE291E22F300736190 /* Card.swift */; };
/* End PBXBuildFile section */

/* Begin PBXFileReference section */
		D1FD3291291E1C4300736190 /* Quizlet-ish2.app */ = {isa = PBXFileReference; explicitFileType = wrapper.application; includeInIndex = 0; path = "Quizlet-ish2.app"; sourceTree = BUILT_PRODUCTS_DIR; };
		D1FD3294291E1C4300736190 /* Quizlet_ish2App.swift */ = {isa = PBXFileReference; lastKnownFileType = sourcecode.swift; path = Quizlet_ish2App.swift; sourceTree = "<group>"; };
		D1FD3296291E1C4300736190 /* ContentView.swift */ = {isa = PBXFileReference; lastKnownFileType = sourcecode.swift; path = ContentView.swift; sourceTree = "<group>"; };
		D1FD3298291E1C4400736190 /* Assets.xcassets */ = {isa = PBXFileReference; lastKnownFileType = folder.assetcatalog; path = Assets.xcassets; sourceTree = "<group>"; };
		D1FD329B291E1C4400736190 /* Preview Assets.xcassets */ = {isa = PBXFileReference; lastKnownFileType = folder.assetcatalog; path = "Preview Assets.xcassets"; sourceTree = "<group>"; };
		D1FD32A2291E1E0000736190 /* GoogleService-Info.plist */ = {isa = PBXFileReference; fileEncoding = 4; lastKnownFileType = text.plist.xml; path = "GoogleService-Info.plist"; sourceTree = "<group>"; };
		D1FD32B0291E227D00736190 /* AuthentificationService.swift */ = {isa = PBXFileReference; lastKnownFileType = sourcecode.swift; path = AuthentificationService.swift; sourceTree = "<group>"; };
		D1FD32B2291E229400736190 /* NewCardForm.swift */ = {isa = PBXFileReference; lastKnownFileType = sourcecode.swift; path = NewCardForm.swift; sourceTree = "<group>"; };
		D1FD32B6291E22B200736190 /* CardView.swift */ = {isa = PBXFileReference; lastKnownFileType = sourcecode.swift; path = CardView.swift; sourceTree = "<group>"; };
		D1FD32B8291E22C300736190 /* CardListView.swift */ = {isa = PBXFileReference; lastKnownFileType = sourcecode.swift; path = CardListView.swift; sourceTree = "<group>"; };
		D1FD32BA291E22D700736190 /* CardListViewModel.swift */ = {isa = PBXFileReference; lastKnownFileType = sourcecode.swift; path = CardListViewModel.swift; sourceTree = "<group>"; };
		D1FD32BC291E22E800736190 /* CardViewModel.swift */ = {isa = PBXFileReference; lastKnownFileType = sourcecode.swift; path = CardViewModel.swift; sourceTree = "<group>"; };
		D1FD32BE291E22F300736190 /* Card.swift */ = {isa = PBXFileReference; lastKnownFileType = sourcecode.swift; path = Card.swift; sourceTree = "<group>"; };
/* End PBXFileReference section */

/* Begin PBXFrameworksBuildPhase section */
		D1FD328E291E1C4300736190 /* Frameworks */ = {
			isa = PBXFrameworksBuildPhase;
			buildActionMask = 2147483647;
			files = (
				D1FD32A8291E1F4F00736190 /* FirebaseDatabase in Frameworks */,
				D1FD32A6291E1F4F00736190 /* FirebaseAuth in Frameworks */,
			);
			runOnlyForDeploymentPostprocessing = 0;
		};
/* End PBXFrameworksBuildPhase section */

/* Begin PBXGroup section */
		D1FD3288291E1C4300736190 = {
			isa = PBXGroup;
			children = (
				D1FD3293291E1C4300736190 /* Quizlet-ish2 */,
				D1FD3292291E1C4300736190 /* Products */,
			);
			sourceTree = "<group>";
		};
		D1FD3292291E1C4300736190 /* Products */ = {
			isa = PBXGroup;
			children = (
				D1FD3291291E1C4300736190 /* Quizlet-ish2.app */,
			);
			name = Products;
			sourceTree = "<group>";
		};
		D1FD3293291E1C4300736190 /* Quizlet-ish2 */ = {
			isa = PBXGroup;
			children = (
				D1FD32A9291E217800736190 /* Services */,
				D1FD32AA291E218400736190 /* Views */,
				D1FD32AD291E21C700736190 /* ViewModels */,
				D1FD32AE291E21D800736190 /* Models */,
				D1FD32AF291E21E400736190 /* Repositories */,
				D1FD3296291E1C4300736190 /* ContentView.swift */,
				D1FD3294291E1C4300736190 /* Quizlet_ish2App.swift */,
				D1FD3298291E1C4400736190 /* Assets.xcassets */,
				D1FD32A2291E1E0000736190 /* GoogleService-Info.plist */,
				D1FD329A291E1C4400736190 /* Preview Content */,
			);
			path = "Quizlet-ish2";
			sourceTree = "<group>";
		};
		D1FD329A291E1C4400736190 /* Preview Content */ = {
			isa = PBXGroup;
			children = (
				D1FD329B291E1C4400736190 /* Preview Assets.xcassets */,
			);
			path = "Preview Content";
			sourceTree = "<group>";
		};
		D1FD32A9291E217800736190 /* Services */ = {
			isa = PBXGroup;
			children = (
				D1FD32B0291E227D00736190 /* AuthentificationService.swift */,
			);
			path = Services;
			sourceTree = "<group>";
		};
		D1FD32AA291E218400736190 /* Views */ = {
			isa = PBXGroup;
			children = (
				D1FD32AC291E21B300736190 /* Card */,
			);
			path = Views;
			sourceTree = "<group>";
		};
		D1FD32AC291E21B300736190 /* Card */ = {
			isa = PBXGroup;
			children = (
				D1FD32B2291E229400736190 /* NewCardForm.swift */,
				D1FD32B6291E22B200736190 /* CardView.swift */,
				D1FD32B8291E22C300736190 /* CardListView.swift */,
			);
			path = Card;
			sourceTree = "<group>";
		};
		D1FD32AD291E21C700736190 /* ViewModels */ = {
			isa = PBXGroup;
			children = (
				D1FD32BA291E22D700736190 /* CardListViewModel.swift */,
				D1FD32BC291E22E800736190 /* CardViewModel.swift */,
			);
			path = ViewModels;
			sourceTree = "<group>";
		};
		D1FD32AE291E21D800736190 /* Models */ = {
			isa = PBXGroup;
			children = (
				D1FD32BE291E22F300736190 /* Card.swift */,
			);
			path = Models;
			sourceTree = "<group>";
		};
		D1FD32AF291E21E400736190 /* Repositories */ = {
			isa = PBXGroup;
			children = (
			);
			path = Repositories;
			sourceTree = "<group>";
		};
/* End PBXGroup section */

/* Begin PBXNativeTarget section */
		D1FD3290291E1C4300736190 /* Quizlet-ish2 */ = {
			isa = PBXNativeTarget;
			buildConfigurationList = D1FD329F291E1C4400736190 /* Build configuration list for PBXNativeTarget "Quizlet-ish2" */;
			buildPhases = (
				D1FD328D291E1C4300736190 /* Sources */,
				D1FD328E291E1C4300736190 /* Frameworks */,
				D1FD328F291E1C4300736190 /* Resources */,
			);
			buildRules = (
			);
			dependencies = (
			);
			name = "Quizlet-ish2";
			packageProductDependencies = (
				D1FD32A5291E1F4F00736190 /* FirebaseAuth */,
				D1FD32A7291E1F4F00736190 /* FirebaseDatabase */,
			);
			productName = "Quizlet-ish2";
			productReference = D1FD3291291E1C4300736190 /* Quizlet-ish2.app */;
			productType = "com.apple.product-type.application";
		};
/* End PBXNativeTarget section */

/* Begin PBXProject section */
		D1FD3289291E1C4300736190 /* Project object */ = {
			isa = PBXProject;
			attributes = {
				BuildIndependentTargetsInParallel = 1;
				LastSwiftUpdateCheck = 1400;
				LastUpgradeCheck = 1400;
				TargetAttributes = {
					D1FD3290291E1C4300736190 = {
						CreatedOnToolsVersion = 14.0;
					};
				};
			};
			buildConfigurationList = D1FD328C291E1C4300736190 /* Build configuration list for PBXProject "Quizlet-ish2" */;
			compatibilityVersion = "Xcode 14.0";
			developmentRegion = en;
			hasScannedForEncodings = 0;
			knownRegions = (
				en,
				Base,
			);
			mainGroup = D1FD3288291E1C4300736190;
			packageReferences = (
				D1FD32A4291E1F4F00736190 /* XCRemoteSwiftPackageReference "firebase-ios-sdk" */,
			);
			productRefGroup = D1FD3292291E1C4300736190 /* Products */;
			projectDirPath = "";
			projectRoot = "";
			targets = (
				D1FD3290291E1C4300736190 /* Quizlet-ish2 */,
			);
		};
/* End PBXProject section */

/* Begin PBXResourcesBuildPhase section */
		D1FD328F291E1C4300736190 /* Resources */ = {
			isa = PBXResourcesBuildPhase;
			buildActionMask = 2147483647;
			files = (
				D1FD329C291E1C4400736190 /* Preview Assets.xcassets in Resources */,
				D1FD3299291E1C4400736190 /* Assets.xcassets in Resources */,
				D1FD32A3291E1E0000736190 /* GoogleService-Info.plist in Resources */,
			);
			runOnlyForDeploymentPostprocessing = 0;
		};
/* End PBXResourcesBuildPhase section */

/* Begin PBXSourcesBuildPhase section */
		D1FD328D291E1C4300736190 /* Sources */ = {
			isa = PBXSourcesBuildPhase;
			buildActionMask = 2147483647;
			files = (
				D1FD32B3291E229400736190 /* NewCardForm.swift in Sources */,
				D1FD32BF291E22F300736190 /* Card.swift in Sources */,
				D1FD3297291E1C4300736190 /* ContentView.swift in Sources */,
				D1FD3295291E1C4300736190 /* Quizlet_ish2App.swift in Sources */,
				D1FD32B1291E227D00736190 /* AuthentificationService.swift in Sources */,
				D1FD32BD291E22E800736190 /* CardViewModel.swift in Sources */,
				D1FD32B9291E22C300736190 /* CardListView.swift in Sources */,
				D1FD32B7291E22B200736190 /* CardView.swift in Sources */,
				D1FD32BB291E22D700736190 /* CardListViewModel.swift in Sources */,
			);
			runOnlyForDeploymentPostprocessing = 0;
		};
/* End PBXSourcesBuildPhase section */

/* Begin XCBuildConfiguration section */
		D1FD329D291E1C4400736190 /* Debug */ = {
			isa = XCBuildConfiguration;
			buildSettings = {
				ALWAYS_SEARCH_USER_PATHS = NO;
				CLANG_ANALYZER_NONNULL = YES;
				CLANG_ANALYZER_NUMBER_OBJECT_CONVERSION = YES_AGGRESSIVE;
				CLANG_CXX_LANGUAGE_STANDARD = "gnu++20";
				CLANG_ENABLE_MODULES = YES;
				CLANG_ENABLE_OBJC_ARC = YES;
				CLANG_ENABLE_OBJC_WEAK = YES;
				CLANG_WARN_BLOCK_CAPTURE_AUTORELEASING = YES;
				CLANG_WARN_BOOL_CONVERSION = YES;
				CLANG_WARN_COMMA = YES;
				CLANG_WARN_CONSTANT_CONVERSION = YES;
				CLANG_WARN_DEPRECATED_OBJC_IMPLEMENTATIONS = YES;
				CLANG_WARN_DIRECT_OBJC_ISA_USAGE = YES_ERROR;
				CLANG_WARN_DOCUMENTATION_COMMENTS = YES;
				CLANG_WARN_EMPTY_BODY = YES;
				CLANG_WARN_ENUM_CONVERSION = YES;
				CLANG_WARN_INFINITE_RECURSION = YES;
				CLANG_WARN_INT_CONVERSION = YES;
				CLANG_WARN_NON_LITERAL_NULL_CONVERSION = YES;
				CLANG_WARN_OBJC_IMPLICIT_RETAIN_SELF = YES;
				CLANG_WARN_OBJC_LITERAL_CONVERSION = YES;
				CLANG_WARN_OBJC_ROOT_CLASS = YES_ERROR;
				CLANG_WARN_QUOTED_INCLUDE_IN_FRAMEWORK_HEADER = YES;
				CLANG_WARN_RANGE_LOOP_ANALYSIS = YES;
				CLANG_WARN_STRICT_PROTOTYPES = YES;
				CLANG_WARN_SUSPICIOUS_MOVE = YES;
				CLANG_WARN_UNGUARDED_AVAILABILITY = YES_AGGRESSIVE;
				CLANG_WARN_UNREACHABLE_CODE = YES;
				CLANG_WARN__DUPLICATE_METHOD_MATCH = YES;
				COPY_PHASE_STRIP = NO;
				DEBUG_INFORMATION_FORMAT = dwarf;
				ENABLE_STRICT_OBJC_MSGSEND = YES;
				ENABLE_TESTABILITY = YES;
				GCC_C_LANGUAGE_STANDARD = gnu11;
				GCC_DYNAMIC_NO_PIC = NO;
				GCC_NO_COMMON_BLOCKS = YES;
				GCC_OPTIMIZATION_LEVEL = 0;
				GCC_PREPROCESSOR_DEFINITIONS = (
					"DEBUG=1",
					"$(inherited)",
				);
				GCC_WARN_64_TO_32_BIT_CONVERSION = YES;
				GCC_WARN_ABOUT_RETURN_TYPE = YES_ERROR;
				GCC_WARN_UNDECLARED_SELECTOR = YES;
				GCC_WARN_UNINITIALIZED_AUTOS = YES_AGGRESSIVE;
				GCC_WARN_UNUSED_FUNCTION = YES;
				GCC_WARN_UNUSED_VARIABLE = YES;
				IPHONEOS_DEPLOYMENT_TARGET = 16.0;
				MTL_ENABLE_DEBUG_INFO = INCLUDE_SOURCE;
				MTL_FAST_MATH = YES;
				ONLY_ACTIVE_ARCH = YES;
				SDKROOT = iphoneos;
				SWIFT_ACTIVE_COMPILATION_CONDITIONS = DEBUG;
				SWIFT_OPTIMIZATION_LEVEL = "-Onone";
			};
			name = Debug;
		};
		D1FD329E291E1C4400736190 /* Release */ = {
			isa = XCBuildConfiguration;
			buildSettings = {
				ALWAYS_SEARCH_USER_PATHS = NO;
				CLANG_ANALYZER_NONNULL = YES;
				CLANG_ANALYZER_NUMBER_OBJECT_CONVERSION = YES_AGGRESSIVE;
				CLANG_CXX_LANGUAGE_STANDARD = "gnu++20";
				CLANG_ENABLE_MODULES = YES;
				CLANG_ENABLE_OBJC_ARC = YES;
				CLANG_ENABLE_OBJC_WEAK = YES;
				CLANG_WARN_BLOCK_CAPTURE_AUTORELEASING = YES;
				CLANG_WARN_BOOL_CONVERSION = YES;
				CLANG_WARN_COMMA = YES;
				CLANG_WARN_CONSTANT_CONVERSION = YES;
				CLANG_WARN_DEPRECATED_OBJC_IMPLEMENTATIONS = YES;
				CLANG_WARN_DIRECT_OBJC_ISA_USAGE = YES_ERROR;
				CLANG_WARN_DOCUMENTATION_COMMENTS = YES;
				CLANG_WARN_EMPTY_BODY = YES;
				CLANG_WARN_ENUM_CONVERSION = YES;
				CLANG_WARN_INFINITE_RECURSION = YES;
				CLANG_WARN_INT_CONVERSION = YES;
				CLANG_WARN_NON_LITERAL_NULL_CONVERSION = YES;
				CLANG_WARN_OBJC_IMPLICIT_RETAIN_SELF = YES;
				CLANG_WARN_OBJC_LITERAL_CONVERSION = YES;
				CLANG_WARN_OBJC_ROOT_CLASS = YES_ERROR;
				CLANG_WARN_QUOTED_INCLUDE_IN_FRAMEWORK_HEADER = YES;
				CLANG_WARN_RANGE_LOOP_ANALYSIS = YES;
				CLANG_WARN_STRICT_PROTOTYPES = YES;
				CLANG_WARN_SUSPICIOUS_MOVE = YES;
				CLANG_WARN_UNGUARDED_AVAILABILITY = YES_AGGRESSIVE;
				CLANG_WARN_UNREACHABLE_CODE = YES;
				CLANG_WARN__DUPLICATE_METHOD_MATCH = YES;
				COPY_PHASE_STRIP = NO;
				DEBUG_INFORMATION_FORMAT = "dwarf-with-dsym";
				ENABLE_NS_ASSERTIONS = NO;
				ENABLE_STRICT_OBJC_MSGSEND = YES;
				GCC_C_LANGUAGE_STANDARD = gnu11;
				GCC_NO_COMMON_BLOCKS = YES;
				GCC_WARN_64_TO_32_BIT_CONVERSION = YES;
				GCC_WARN_ABOUT_RETURN_TYPE = YES_ERROR;
				GCC_WARN_UNDECLARED_SELECTOR = YES;
				GCC_WARN_UNINITIALIZED_AUTOS = YES_AGGRESSIVE;
				GCC_WARN_UNUSED_FUNCTION = YES;
				GCC_WARN_UNUSED_VARIABLE = YES;
				IPHONEOS_DEPLOYMENT_TARGET = 16.0;
				MTL_ENABLE_DEBUG_INFO = NO;
				MTL_FAST_MATH = YES;
				SDKROOT = iphoneos;
				SWIFT_COMPILATION_MODE = wholemodule;
				SWIFT_OPTIMIZATION_LEVEL = "-O";
				VALIDATE_PRODUCT = YES;
			};
			name = Release;
		};
		D1FD32A0291E1C4400736190 /* Debug */ = {
			isa = XCBuildConfiguration;
			buildSettings = {
				ASSETCATALOG_COMPILER_APPICON_NAME = AppIcon;
				ASSETCATALOG_COMPILER_GLOBAL_ACCENT_COLOR_NAME = AccentColor;
				CODE_SIGN_STYLE = Automatic;
				CURRENT_PROJECT_VERSION = 1;
				DEVELOPMENT_ASSET_PATHS = "\"Quizlet-ish2/Preview Content\"";
				DEVELOPMENT_TEAM = NKCRP99VAX;
				ENABLE_PREVIEWS = YES;
				GENERATE_INFOPLIST_FILE = YES;
				INFOPLIST_KEY_UIApplicationSceneManifest_Generation = YES;
				INFOPLIST_KEY_UIApplicationSupportsIndirectInputEvents = YES;
				INFOPLIST_KEY_UILaunchScreen_Generation = YES;
				INFOPLIST_KEY_UISupportedInterfaceOrientations_iPad = "UIInterfaceOrientationPortrait UIInterfaceOrientationPortraitUpsideDown UIInterfaceOrientationLandscapeLeft UIInterfaceOrientationLandscapeRight";
				INFOPLIST_KEY_UISupportedInterfaceOrientations_iPhone = "UIInterfaceOrientationPortrait UIInterfaceOrientationLandscapeLeft UIInterfaceOrientationLandscapeRight";
				LD_RUNPATH_SEARCH_PATHS = (
					"$(inherited)",
					"@executable_path/Frameworks",
				);
				MARKETING_VERSION = 1.0;
				PRODUCT_BUNDLE_IDENTIFIER = "com.ryuki.Quizlet-ish2";
				PRODUCT_NAME = "$(TARGET_NAME)";
				SWIFT_EMIT_LOC_STRINGS = YES;
				SWIFT_VERSION = 5.0;
				TARGETED_DEVICE_FAMILY = "1,2";
			};
			name = Debug;
		};
		D1FD32A1291E1C4400736190 /* Release */ = {
			isa = XCBuildConfiguration;
			buildSettings = {
				ASSETCATALOG_COMPILER_APPICON_NAME = AppIcon;
				ASSETCATALOG_COMPILER_GLOBAL_ACCENT_COLOR_NAME = AccentColor;
				CODE_SIGN_STYLE = Automatic;
				CURRENT_PROJECT_VERSION = 1;
				DEVELOPMENT_ASSET_PATHS = "\"Quizlet-ish2/Preview Content\"";
				DEVELOPMENT_TEAM = NKCRP99VAX;
				ENABLE_PREVIEWS = YES;
				GENERATE_INFOPLIST_FILE = YES;
				INFOPLIST_KEY_UIApplicationSceneManifest_Generation = YES;
				INFOPLIST_KEY_UIApplicationSupportsIndirectInputEvents = YES;
				INFOPLIST_KEY_UILaunchScreen_Generation = YES;
				INFOPLIST_KEY_UISupportedInterfaceOrientations_iPad = "UIInterfaceOrientationPortrait UIInterfaceOrientationPortraitUpsideDown UIInterfaceOrientationLandscapeLeft UIInterfaceOrientationLandscapeRight";
				INFOPLIST_KEY_UISupportedInterfaceOrientations_iPhone = "UIInterfaceOrientationPortrait UIInterfaceOrientationLandscapeLeft UIInterfaceOrientationLandscapeRight";
				LD_RUNPATH_SEARCH_PATHS = (
					"$(inherited)",
					"@executable_path/Frameworks",
				);
				MARKETING_VERSION = 1.0;
				PRODUCT_BUNDLE_IDENTIFIER = "com.ryuki.Quizlet-ish2";
				PRODUCT_NAME = "$(TARGET_NAME)";
				SWIFT_EMIT_LOC_STRINGS = YES;
				SWIFT_VERSION = 5.0;
				TARGETED_DEVICE_FAMILY = "1,2";
			};
			name = Release;
		};
/* End XCBuildConfiguration section */

/* Begin XCConfigurationList section */
		D1FD328C291E1C4300736190 /* Build configuration list for PBXProject "Quizlet-ish2" */ = {
			isa = XCConfigurationList;
			buildConfigurations = (
				D1FD329D291E1C4400736190 /* Debug */,
				D1FD329E291E1C4400736190 /* Release */,
			);
			defaultConfigurationIsVisible = 0;
			defaultConfigurationName = Release;
		};
		D1FD329F291E1C4400736190 /* Build configuration list for PBXNativeTarget "Quizlet-ish2" */ = {
			isa = XCConfigurationList;
			buildConfigurations = (
				D1FD32A0291E1C4400736190 /* Debug */,
				D1FD32A1291E1C4400736190 /* Release */,
			);
			defaultConfigurationIsVisible = 0;
			defaultConfigurationName = Release;
		};
/* End XCConfigurationList section */

/* Begin XCRemoteSwiftPackageReference section */
		D1FD32A4291E1F4F00736190 /* XCRemoteSwiftPackageReference "firebase-ios-sdk" */ = {
			isa = XCRemoteSwiftPackageReference;
			repositoryURL = "https://github.com/firebase/firebase-ios-sdk";
			requirement = {
				kind = upToNextMajorVersion;
				minimumVersion = 9.0.0;
			};
		};
/* End XCRemoteSwiftPackageReference section */

/* Begin XCSwiftPackageProductDependency section */
		D1FD32A5291E1F4F00736190 /* FirebaseAuth */ = {
			isa = XCSwiftPackageProductDependency;
			package = D1FD32A4291E1F4F00736190 /* XCRemoteSwiftPackageReference "firebase-ios-sdk" */;
			productName = FirebaseAuth;
		};
		D1FD32A7291E1F4F00736190 /* FirebaseDatabase */ = {
			isa = XCSwiftPackageProductDependency;
			package = D1FD32A4291E1F4F00736190 /* XCRemoteSwiftPackageReference "firebase-ios-sdk" */;
			productName = FirebaseDatabase;
		};
/* End XCSwiftPackageProductDependency section */
	};
	rootObject = D1FD3289291E1C4300736190 /* Project object */;
}
