// !$*UTF8*$!
{
	archiveVersion = 1;
	classes = {
	};
	objectVersion = 56;
	objects = {

/* Begin PBXBuildFile section */
		D1FD30FC28FBD2B200736190 /* fitness_calhacks9_0App.swift in Sources */ = {isa = PBXBuildFile; fileRef = D1FD30FB28FBD2B200736190 /* fitness_calhacks9_0App.swift */; };
		D1FD30FE28FBD2B200736190 /* ContentView.swift in Sources */ = {isa = PBXBuildFile; fileRef = D1FD30FD28FBD2B200736190 /* ContentView.swift */; };
		D1FD310028FBD2B300736190 /* Assets.xcassets in Resources */ = {isa = PBXBuildFile; fileRef = D1FD30FF28FBD2B300736190 /* Assets.xcassets */; };
		D1FD310328FBD2B300736190 /* Preview Assets.xcassets in Resources */ = {isa = PBXBuildFile; fileRef = D1FD310228FBD2B300736190 /* Preview Assets.xcassets */; };
		D1FD310528FBD2B300736190 /* Persistence.swift in Sources */ = {isa = PBXBuildFile; fileRef = D1FD310428FBD2B300736190 /* Persistence.swift */; };
		D1FD310828FBD2B300736190 /* fitness_calhacks9_0.xcdatamodeld in Sources */ = {isa = PBXBuildFile; fileRef = D1FD310628FBD2B300736190 /* fitness_calhacks9_0.xcdatamodeld */; };
		D1FD311328FBD2B400736190 /* fitness_calhacks9_0Tests.swift in Sources */ = {isa = PBXBuildFile; fileRef = D1FD311228FBD2B400736190 /* fitness_calhacks9_0Tests.swift */; };
		D1FD311D28FBD2B400736190 /* fitness_calhacks9_0UITests.swift in Sources */ = {isa = PBXBuildFile; fileRef = D1FD311C28FBD2B400736190 /* fitness_calhacks9_0UITests.swift */; };
		D1FD311F28FBD2B400736190 /* fitness_calhacks9_0UITestsLaunchTests.swift in Sources */ = {isa = PBXBuildFile; fileRef = D1FD311E28FBD2B400736190 /* fitness_calhacks9_0UITestsLaunchTests.swift */; };
		D1FD312E28FBF49000736190 /* CameraView.swift in Sources */ = {isa = PBXBuildFile; fileRef = D1FD312D28FBF49000736190 /* CameraView.swift */; };
/* End PBXBuildFile section */

/* Begin PBXContainerItemProxy section */
		D1FD310F28FBD2B400736190 /* PBXContainerItemProxy */ = {
			isa = PBXContainerItemProxy;
			containerPortal = D1FD30F028FBD2B200736190 /* Project object */;
			proxyType = 1;
			remoteGlobalIDString = D1FD30F728FBD2B200736190;
			remoteInfo = fitness_calhacks9.0;
		};
		D1FD311928FBD2B400736190 /* PBXContainerItemProxy */ = {
			isa = PBXContainerItemProxy;
			containerPortal = D1FD30F028FBD2B200736190 /* Project object */;
			proxyType = 1;
			remoteGlobalIDString = D1FD30F728FBD2B200736190;
			remoteInfo = fitness_calhacks9.0;
		};
/* End PBXContainerItemProxy section */

/* Begin PBXFileReference section */
		D1FD30F828FBD2B200736190 /* fitness_calhacks9.0.app */ = {isa = PBXFileReference; explicitFileType = wrapper.application; includeInIndex = 0; path = fitness_calhacks9.0.app; sourceTree = BUILT_PRODUCTS_DIR; };
		D1FD30FB28FBD2B200736190 /* fitness_calhacks9_0App.swift */ = {isa = PBXFileReference; lastKnownFileType = sourcecode.swift; path = fitness_calhacks9_0App.swift; sourceTree = "<group>"; };
		D1FD30FD28FBD2B200736190 /* ContentView.swift */ = {isa = PBXFileReference; lastKnownFileType = sourcecode.swift; path = ContentView.swift; sourceTree = "<group>"; };
		D1FD30FF28FBD2B300736190 /* Assets.xcassets */ = {isa = PBXFileReference; lastKnownFileType = folder.assetcatalog; path = Assets.xcassets; sourceTree = "<group>"; };
		D1FD310228FBD2B300736190 /* Preview Assets.xcassets */ = {isa = PBXFileReference; lastKnownFileType = folder.assetcatalog; path = "Preview Assets.xcassets"; sourceTree = "<group>"; };
		D1FD310428FBD2B300736190 /* Persistence.swift */ = {isa = PBXFileReference; lastKnownFileType = sourcecode.swift; path = Persistence.swift; sourceTree = "<group>"; };
		D1FD310728FBD2B300736190 /* fitness_calhacks9_0.xcdatamodel */ = {isa = PBXFileReference; lastKnownFileType = wrapper.xcdatamodel; path = fitness_calhacks9_0.xcdatamodel; sourceTree = "<group>"; };
		D1FD310928FBD2B300736190 /* Info.plist */ = {isa = PBXFileReference; lastKnownFileType = text.plist.xml; path = Info.plist; sourceTree = "<group>"; };
		D1FD310E28FBD2B400736190 /* fitness_calhacks9.0Tests.xctest */ = {isa = PBXFileReference; explicitFileType = wrapper.cfbundle; includeInIndex = 0; path = fitness_calhacks9.0Tests.xctest; sourceTree = BUILT_PRODUCTS_DIR; };
		D1FD311228FBD2B400736190 /* fitness_calhacks9_0Tests.swift */ = {isa = PBXFileReference; lastKnownFileType = sourcecode.swift; path = fitness_calhacks9_0Tests.swift; sourceTree = "<group>"; };
		D1FD311828FBD2B400736190 /* fitness_calhacks9.0UITests.xctest */ = {isa = PBXFileReference; explicitFileType = wrapper.cfbundle; includeInIndex = 0; path = fitness_calhacks9.0UITests.xctest; sourceTree = BUILT_PRODUCTS_DIR; };
		D1FD311C28FBD2B400736190 /* fitness_calhacks9_0UITests.swift */ = {isa = PBXFileReference; lastKnownFileType = sourcecode.swift; path = fitness_calhacks9_0UITests.swift; sourceTree = "<group>"; };
		D1FD311E28FBD2B400736190 /* fitness_calhacks9_0UITestsLaunchTests.swift */ = {isa = PBXFileReference; lastKnownFileType = sourcecode.swift; path = fitness_calhacks9_0UITestsLaunchTests.swift; sourceTree = "<group>"; };
		D1FD312D28FBF49000736190 /* CameraView.swift */ = {isa = PBXFileReference; lastKnownFileType = sourcecode.swift; path = CameraView.swift; sourceTree = "<group>"; };
/* End PBXFileReference section */

/* Begin PBXFrameworksBuildPhase section */
		D1FD30F528FBD2B200736190 /* Frameworks */ = {
			isa = PBXFrameworksBuildPhase;
			buildActionMask = 2147483647;
			files = (
			);
			runOnlyForDeploymentPostprocessing = 0;
		};
		D1FD310B28FBD2B400736190 /* Frameworks */ = {
			isa = PBXFrameworksBuildPhase;
			buildActionMask = 2147483647;
			files = (
			);
			runOnlyForDeploymentPostprocessing = 0;
		};
		D1FD311528FBD2B400736190 /* Frameworks */ = {
			isa = PBXFrameworksBuildPhase;
			buildActionMask = 2147483647;
			files = (
			);
			runOnlyForDeploymentPostprocessing = 0;
		};
/* End PBXFrameworksBuildPhase section */

/* Begin PBXGroup section */
		D1FD30EF28FBD2B200736190 = {
			isa = PBXGroup;
			children = (
				D1FD30FA28FBD2B200736190 /* fitness_calhacks9.0 */,
				D1FD311128FBD2B400736190 /* fitness_calhacks9.0Tests */,
				D1FD311B28FBD2B400736190 /* fitness_calhacks9.0UITests */,
				D1FD30F928FBD2B200736190 /* Products */,
			);
			sourceTree = "<group>";
		};
		D1FD30F928FBD2B200736190 /* Products */ = {
			isa = PBXGroup;
			children = (
				D1FD30F828FBD2B200736190 /* fitness_calhacks9.0.app */,
				D1FD310E28FBD2B400736190 /* fitness_calhacks9.0Tests.xctest */,
				D1FD311828FBD2B400736190 /* fitness_calhacks9.0UITests.xctest */,
			);
			name = Products;
			sourceTree = "<group>";
		};
		D1FD30FA28FBD2B200736190 /* fitness_calhacks9.0 */ = {
			isa = PBXGroup;
			children = (
				D1FD30FB28FBD2B200736190 /* fitness_calhacks9_0App.swift */,
				D1FD30FD28FBD2B200736190 /* ContentView.swift */,
				D1FD312D28FBF49000736190 /* CameraView.swift */,
				D1FD30FF28FBD2B300736190 /* Assets.xcassets */,
				D1FD310428FBD2B300736190 /* Persistence.swift */,
				D1FD310928FBD2B300736190 /* Info.plist */,
				D1FD310628FBD2B300736190 /* fitness_calhacks9_0.xcdatamodeld */,
				D1FD310128FBD2B300736190 /* Preview Content */,
			);
			path = fitness_calhacks9.0;
			sourceTree = "<group>";
		};
		D1FD310128FBD2B300736190 /* Preview Content */ = {
			isa = PBXGroup;
			children = (
				D1FD310228FBD2B300736190 /* Preview Assets.xcassets */,
			);
			path = "Preview Content";
			sourceTree = "<group>";
		};
		D1FD311128FBD2B400736190 /* fitness_calhacks9.0Tests */ = {
			isa = PBXGroup;
			children = (
				D1FD311228FBD2B400736190 /* fitness_calhacks9_0Tests.swift */,
			);
			path = fitness_calhacks9.0Tests;
			sourceTree = "<group>";
		};
		D1FD311B28FBD2B400736190 /* fitness_calhacks9.0UITests */ = {
			isa = PBXGroup;
			children = (
				D1FD311C28FBD2B400736190 /* fitness_calhacks9_0UITests.swift */,
				D1FD311E28FBD2B400736190 /* fitness_calhacks9_0UITestsLaunchTests.swift */,
			);
			path = fitness_calhacks9.0UITests;
			sourceTree = "<group>";
		};
/* End PBXGroup section */

/* Begin PBXNativeTarget section */
		D1FD30F728FBD2B200736190 /* fitness_calhacks9.0 */ = {
			isa = PBXNativeTarget;
			buildConfigurationList = D1FD312228FBD2B400736190 /* Build configuration list for PBXNativeTarget "fitness_calhacks9.0" */;
			buildPhases = (
				D1FD30F428FBD2B200736190 /* Sources */,
				D1FD30F528FBD2B200736190 /* Frameworks */,
				D1FD30F628FBD2B200736190 /* Resources */,
			);
			buildRules = (
			);
			dependencies = (
			);
			name = fitness_calhacks9.0;
			productName = fitness_calhacks9.0;
			productReference = D1FD30F828FBD2B200736190 /* fitness_calhacks9.0.app */;
			productType = "com.apple.product-type.application";
		};
		D1FD310D28FBD2B400736190 /* fitness_calhacks9.0Tests */ = {
			isa = PBXNativeTarget;
			buildConfigurationList = D1FD312528FBD2B400736190 /* Build configuration list for PBXNativeTarget "fitness_calhacks9.0Tests" */;
			buildPhases = (
				D1FD310A28FBD2B400736190 /* Sources */,
				D1FD310B28FBD2B400736190 /* Frameworks */,
				D1FD310C28FBD2B400736190 /* Resources */,
			);
			buildRules = (
			);
			dependencies = (
				D1FD311028FBD2B400736190 /* PBXTargetDependency */,
			);
			name = fitness_calhacks9.0Tests;
			productName = fitness_calhacks9.0Tests;
			productReference = D1FD310E28FBD2B400736190 /* fitness_calhacks9.0Tests.xctest */;
			productType = "com.apple.product-type.bundle.unit-test";
		};
		D1FD311728FBD2B400736190 /* fitness_calhacks9.0UITests */ = {
			isa = PBXNativeTarget;
			buildConfigurationList = D1FD312828FBD2B400736190 /* Build configuration list for PBXNativeTarget "fitness_calhacks9.0UITests" */;
			buildPhases = (
				D1FD311428FBD2B400736190 /* Sources */,
				D1FD311528FBD2B400736190 /* Frameworks */,
				D1FD311628FBD2B400736190 /* Resources */,
			);
			buildRules = (
			);
			dependencies = (
				D1FD311A28FBD2B400736190 /* PBXTargetDependency */,
			);
			name = fitness_calhacks9.0UITests;
			productName = fitness_calhacks9.0UITests;
			productReference = D1FD311828FBD2B400736190 /* fitness_calhacks9.0UITests.xctest */;
			productType = "com.apple.product-type.bundle.ui-testing";
		};
/* End PBXNativeTarget section */

/* Begin PBXProject section */
		D1FD30F028FBD2B200736190 /* Project object */ = {
			isa = PBXProject;
			attributes = {
				BuildIndependentTargetsInParallel = 1;
				LastSwiftUpdateCheck = 1400;
				LastUpgradeCheck = 1400;
				TargetAttributes = {
					D1FD30F728FBD2B200736190 = {
						CreatedOnToolsVersion = 14.0;
					};
					D1FD310D28FBD2B400736190 = {
						CreatedOnToolsVersion = 14.0;
						TestTargetID = D1FD30F728FBD2B200736190;
					};
					D1FD311728FBD2B400736190 = {
						CreatedOnToolsVersion = 14.0;
						TestTargetID = D1FD30F728FBD2B200736190;
					};
				};
			};
			buildConfigurationList = D1FD30F328FBD2B200736190 /* Build configuration list for PBXProject "fitness_calhacks9.0" */;
			compatibilityVersion = "Xcode 14.0";
			developmentRegion = en;
			hasScannedForEncodings = 0;
			knownRegions = (
				en,
				Base,
			);
			mainGroup = D1FD30EF28FBD2B200736190;
			productRefGroup = D1FD30F928FBD2B200736190 /* Products */;
			projectDirPath = "";
			projectRoot = "";
			targets = (
				D1FD30F728FBD2B200736190 /* fitness_calhacks9.0 */,
				D1FD310D28FBD2B400736190 /* fitness_calhacks9.0Tests */,
				D1FD311728FBD2B400736190 /* fitness_calhacks9.0UITests */,
			);
		};
/* End PBXProject section */

/* Begin PBXResourcesBuildPhase section */
		D1FD30F628FBD2B200736190 /* Resources */ = {
			isa = PBXResourcesBuildPhase;
			buildActionMask = 2147483647;
			files = (
				D1FD310328FBD2B300736190 /* Preview Assets.xcassets in Resources */,
				D1FD310028FBD2B300736190 /* Assets.xcassets in Resources */,
			);
			runOnlyForDeploymentPostprocessing = 0;
		};
		D1FD310C28FBD2B400736190 /* Resources */ = {
			isa = PBXResourcesBuildPhase;
			buildActionMask = 2147483647;
			files = (
			);
			runOnlyForDeploymentPostprocessing = 0;
		};
		D1FD311628FBD2B400736190 /* Resources */ = {
			isa = PBXResourcesBuildPhase;
			buildActionMask = 2147483647;
			files = (
			);
			runOnlyForDeploymentPostprocessing = 0;
		};
/* End PBXResourcesBuildPhase section */

/* Begin PBXSourcesBuildPhase section */
		D1FD30F428FBD2B200736190 /* Sources */ = {
			isa = PBXSourcesBuildPhase;
			buildActionMask = 2147483647;
			files = (
				D1FD310528FBD2B300736190 /* Persistence.swift in Sources */,
				D1FD30FE28FBD2B200736190 /* ContentView.swift in Sources */,
				D1FD310828FBD2B300736190 /* fitness_calhacks9_0.xcdatamodeld in Sources */,
				D1FD312E28FBF49000736190 /* CameraView.swift in Sources */,
				D1FD30FC28FBD2B200736190 /* fitness_calhacks9_0App.swift in Sources */,
			);
			runOnlyForDeploymentPostprocessing = 0;
		};
		D1FD310A28FBD2B400736190 /* Sources */ = {
			isa = PBXSourcesBuildPhase;
			buildActionMask = 2147483647;
			files = (
				D1FD311328FBD2B400736190 /* fitness_calhacks9_0Tests.swift in Sources */,
			);
			runOnlyForDeploymentPostprocessing = 0;
		};
		D1FD311428FBD2B400736190 /* Sources */ = {
			isa = PBXSourcesBuildPhase;
			buildActionMask = 2147483647;
			files = (
				D1FD311F28FBD2B400736190 /* fitness_calhacks9_0UITestsLaunchTests.swift in Sources */,
				D1FD311D28FBD2B400736190 /* fitness_calhacks9_0UITests.swift in Sources */,
			);
			runOnlyForDeploymentPostprocessing = 0;
		};
/* End PBXSourcesBuildPhase section */

/* Begin PBXTargetDependency section */
		D1FD311028FBD2B400736190 /* PBXTargetDependency */ = {
			isa = PBXTargetDependency;
			target = D1FD30F728FBD2B200736190 /* fitness_calhacks9.0 */;
			targetProxy = D1FD310F28FBD2B400736190 /* PBXContainerItemProxy */;
		};
		D1FD311A28FBD2B400736190 /* PBXTargetDependency */ = {
			isa = PBXTargetDependency;
			target = D1FD30F728FBD2B200736190 /* fitness_calhacks9.0 */;
			targetProxy = D1FD311928FBD2B400736190 /* PBXContainerItemProxy */;
		};
/* End PBXTargetDependency section */

/* Begin XCBuildConfiguration section */
		D1FD312028FBD2B400736190 /* Debug */ = {
			isa = XCBuildConfiguration;
			buildSettings = {
				ALWAYS_SEARCH_USER_PATHS = NO;
				CLANG_ANALYZER_NONNULL = YES;
				CLANG_ANALYZER_NUMBER_OBJECT_CONVERSION = YES_AGGRESSIVE;
				CLANG_CXX_LANGUAGE_STANDARD = "gnu++20";
				CLANG_ENABLE_MODULES = YES;
				CLANG_ENABLE_OBJC_ARC = YES;
				CLANG_ENABLE_OBJC_WEAK = YES;
				CLANG_WARN_BLOCK_CAPTURE_AUTORELEASING = YES;
				CLANG_WARN_BOOL_CONVERSION = YES;
				CLANG_WARN_COMMA = YES;
				CLANG_WARN_CONSTANT_CONVERSION = YES;
				CLANG_WARN_DEPRECATED_OBJC_IMPLEMENTATIONS = YES;
				CLANG_WARN_DIRECT_OBJC_ISA_USAGE = YES_ERROR;
				CLANG_WARN_DOCUMENTATION_COMMENTS = YES;
				CLANG_WARN_EMPTY_BODY = YES;
				CLANG_WARN_ENUM_CONVERSION = YES;
				CLANG_WARN_INFINITE_RECURSION = YES;
				CLANG_WARN_INT_CONVERSION = YES;
				CLANG_WARN_NON_LITERAL_NULL_CONVERSION = YES;
				CLANG_WARN_OBJC_IMPLICIT_RETAIN_SELF = YES;
				CLANG_WARN_OBJC_LITERAL_CONVERSION = YES;
				CLANG_WARN_OBJC_ROOT_CLASS = YES_ERROR;
				CLANG_WARN_QUOTED_INCLUDE_IN_FRAMEWORK_HEADER = YES;
				CLANG_WARN_RANGE_LOOP_ANALYSIS = YES;
				CLANG_WARN_STRICT_PROTOTYPES = YES;
				CLANG_WARN_SUSPICIOUS_MOVE = YES;
				CLANG_WARN_UNGUARDED_AVAILABILITY = YES_AGGRESSIVE;
				CLANG_WARN_UNREACHABLE_CODE = YES;
				CLANG_WARN__DUPLICATE_METHOD_MATCH = YES;
				COPY_PHASE_STRIP = NO;
				DEBUG_INFORMATION_FORMAT = dwarf;
				ENABLE_STRICT_OBJC_MSGSEND = YES;
				ENABLE_TESTABILITY = YES;
				GCC_C_LANGUAGE_STANDARD = gnu11;
				GCC_DYNAMIC_NO_PIC = NO;
				GCC_NO_COMMON_BLOCKS = YES;
				GCC_OPTIMIZATION_LEVEL = 0;
				GCC_PREPROCESSOR_DEFINITIONS = (
					"DEBUG=1",
					"$(inherited)",
				);
				GCC_WARN_64_TO_32_BIT_CONVERSION = YES;
				GCC_WARN_ABOUT_RETURN_TYPE = YES_ERROR;
				GCC_WARN_UNDECLARED_SELECTOR = YES;
				GCC_WARN_UNINITIALIZED_AUTOS = YES_AGGRESSIVE;
				GCC_WARN_UNUSED_FUNCTION = YES;
				GCC_WARN_UNUSED_VARIABLE = YES;
				IPHONEOS_DEPLOYMENT_TARGET = 16.0;
				MTL_ENABLE_DEBUG_INFO = INCLUDE_SOURCE;
				MTL_FAST_MATH = YES;
				ONLY_ACTIVE_ARCH = YES;
				SDKROOT = iphoneos;
				SWIFT_ACTIVE_COMPILATION_CONDITIONS = DEBUG;
				SWIFT_OPTIMIZATION_LEVEL = "-Onone";
			};
			name = Debug;
		};
		D1FD312128FBD2B400736190 /* Release */ = {
			isa = XCBuildConfiguration;
			buildSettings = {
				ALWAYS_SEARCH_USER_PATHS = NO;
				CLANG_ANALYZER_NONNULL = YES;
				CLANG_ANALYZER_NUMBER_OBJECT_CONVERSION = YES_AGGRESSIVE;
				CLANG_CXX_LANGUAGE_STANDARD = "gnu++20";
				CLANG_ENABLE_MODULES = YES;
				CLANG_ENABLE_OBJC_ARC = YES;
				CLANG_ENABLE_OBJC_WEAK = YES;
				CLANG_WARN_BLOCK_CAPTURE_AUTORELEASING = YES;
				CLANG_WARN_BOOL_CONVERSION = YES;
				CLANG_WARN_COMMA = YES;
				CLANG_WARN_CONSTANT_CONVERSION = YES;
				CLANG_WARN_DEPRECATED_OBJC_IMPLEMENTATIONS = YES;
				CLANG_WARN_DIRECT_OBJC_ISA_USAGE = YES_ERROR;
				CLANG_WARN_DOCUMENTATION_COMMENTS = YES;
				CLANG_WARN_EMPTY_BODY = YES;
				CLANG_WARN_ENUM_CONVERSION = YES;
				CLANG_WARN_INFINITE_RECURSION = YES;
				CLANG_WARN_INT_CONVERSION = YES;
				CLANG_WARN_NON_LITERAL_NULL_CONVERSION = YES;
				CLANG_WARN_OBJC_IMPLICIT_RETAIN_SELF = YES;
				CLANG_WARN_OBJC_LITERAL_CONVERSION = YES;
				CLANG_WARN_OBJC_ROOT_CLASS = YES_ERROR;
				CLANG_WARN_QUOTED_INCLUDE_IN_FRAMEWORK_HEADER = YES;
				CLANG_WARN_RANGE_LOOP_ANALYSIS = YES;
				CLANG_WARN_STRICT_PROTOTYPES = YES;
				CLANG_WARN_SUSPICIOUS_MOVE = YES;
				CLANG_WARN_UNGUARDED_AVAILABILITY = YES_AGGRESSIVE;
				CLANG_WARN_UNREACHABLE_CODE = YES;
				CLANG_WARN__DUPLICATE_METHOD_MATCH = YES;
				COPY_PHASE_STRIP = NO;
				DEBUG_INFORMATION_FORMAT = "dwarf-with-dsym";
				ENABLE_NS_ASSERTIONS = NO;
				ENABLE_STRICT_OBJC_MSGSEND = YES;
				GCC_C_LANGUAGE_STANDARD = gnu11;
				GCC_NO_COMMON_BLOCKS = YES;
				GCC_WARN_64_TO_32_BIT_CONVERSION = YES;
				GCC_WARN_ABOUT_RETURN_TYPE = YES_ERROR;
				GCC_WARN_UNDECLARED_SELECTOR = YES;
				GCC_WARN_UNINITIALIZED_AUTOS = YES_AGGRESSIVE;
				GCC_WARN_UNUSED_FUNCTION = YES;
				GCC_WARN_UNUSED_VARIABLE = YES;
				IPHONEOS_DEPLOYMENT_TARGET = 16.0;
				MTL_ENABLE_DEBUG_INFO = NO;
				MTL_FAST_MATH = YES;
				SDKROOT = iphoneos;
				SWIFT_COMPILATION_MODE = wholemodule;
				SWIFT_OPTIMIZATION_LEVEL = "-O";
				VALIDATE_PRODUCT = YES;
			};
			name = Release;
		};
		D1FD312328FBD2B400736190 /* Debug */ = {
			isa = XCBuildConfiguration;
			buildSettings = {
				ASSETCATALOG_COMPILER_APPICON_NAME = AppIcon;
				ASSETCATALOG_COMPILER_GLOBAL_ACCENT_COLOR_NAME = AccentColor;
				CODE_SIGN_STYLE = Automatic;
				CURRENT_PROJECT_VERSION = 1;
				DEVELOPMENT_ASSET_PATHS = "\"fitness_calhacks9.0/Preview Content\"";
				DEVELOPMENT_TEAM = NKCRP99VAX;
				ENABLE_PREVIEWS = YES;
				GENERATE_INFOPLIST_FILE = YES;
				INFOPLIST_KEY_UIApplicationSceneManifest_Generation = YES;
				INFOPLIST_KEY_UIApplicationSupportsIndirectInputEvents = YES;
				INFOPLIST_KEY_UILaunchScreen_Generation = YES;
				INFOPLIST_KEY_UISupportedInterfaceOrientations_iPad = "UIInterfaceOrientationPortrait UIInterfaceOrientationPortraitUpsideDown UIInterfaceOrientationLandscapeLeft UIInterfaceOrientationLandscapeRight";
				INFOPLIST_KEY_UISupportedInterfaceOrientations_iPhone = "UIInterfaceOrientationPortrait UIInterfaceOrientationLandscapeLeft UIInterfaceOrientationLandscapeRight";
				LD_RUNPATH_SEARCH_PATHS = (
					"$(inherited)",
					"@executable_path/Frameworks",
				);
				MARKETING_VERSION = 1.0;
				PRODUCT_BUNDLE_IDENTIFIER = "ryuki.fitness-calhacks9-0";
				PRODUCT_NAME = "$(TARGET_NAME)";
				SWIFT_EMIT_LOC_STRINGS = YES;
				SWIFT_VERSION = 5.0;
				TARGETED_DEVICE_FAMILY = "1,2";
			};
			name = Debug;
		};
		D1FD312428FBD2B400736190 /* Release */ = {
			isa = XCBuildConfiguration;
			buildSettings = {
				ASSETCATALOG_COMPILER_APPICON_NAME = AppIcon;
				ASSETCATALOG_COMPILER_GLOBAL_ACCENT_COLOR_NAME = AccentColor;
				CODE_SIGN_STYLE = Automatic;
				CURRENT_PROJECT_VERSION = 1;
				DEVELOPMENT_ASSET_PATHS = "\"fitness_calhacks9.0/Preview Content\"";
				DEVELOPMENT_TEAM = NKCRP99VAX;
				ENABLE_PREVIEWS = YES;
				GENERATE_INFOPLIST_FILE = YES;
				INFOPLIST_KEY_UIApplicationSceneManifest_Generation = YES;
				INFOPLIST_KEY_UIApplicationSupportsIndirectInputEvents = YES;
				INFOPLIST_KEY_UILaunchScreen_Generation = YES;
				INFOPLIST_KEY_UISupportedInterfaceOrientations_iPad = "UIInterfaceOrientationPortrait UIInterfaceOrientationPortraitUpsideDown UIInterfaceOrientationLandscapeLeft UIInterfaceOrientationLandscapeRight";
				INFOPLIST_KEY_UISupportedInterfaceOrientations_iPhone = "UIInterfaceOrientationPortrait UIInterfaceOrientationLandscapeLeft UIInterfaceOrientationLandscapeRight";
				LD_RUNPATH_SEARCH_PATHS = (
					"$(inherited)",
					"@executable_path/Frameworks",
				);
				MARKETING_VERSION = 1.0;
				PRODUCT_BUNDLE_IDENTIFIER = "ryuki.fitness-calhacks9-0";
				PRODUCT_NAME = "$(TARGET_NAME)";
				SWIFT_EMIT_LOC_STRINGS = YES;
				SWIFT_VERSION = 5.0;
				TARGETED_DEVICE_FAMILY = "1,2";
			};
			name = Release;
		};
		D1FD312628FBD2B400736190 /* Debug */ = {
			isa = XCBuildConfiguration;
			buildSettings = {
				ALWAYS_EMBED_SWIFT_STANDARD_LIBRARIES = YES;
				BUNDLE_LOADER = "$(TEST_HOST)";
				CODE_SIGN_STYLE = Automatic;
				CURRENT_PROJECT_VERSION = 1;
				DEVELOPMENT_TEAM = NKCRP99VAX;
				GENERATE_INFOPLIST_FILE = YES;
				IPHONEOS_DEPLOYMENT_TARGET = 16.0;
				MARKETING_VERSION = 1.0;
				PRODUCT_BUNDLE_IDENTIFIER = "ryuki.fitness-calhacks9-0Tests";
				PRODUCT_NAME = "$(TARGET_NAME)";
				SWIFT_EMIT_LOC_STRINGS = NO;
				SWIFT_VERSION = 5.0;
				TARGETED_DEVICE_FAMILY = "1,2";
				TEST_HOST = "$(BUILT_PRODUCTS_DIR)/fitness_calhacks9.0.app/$(BUNDLE_EXECUTABLE_FOLDER_PATH)/fitness_calhacks9.0";
			};
			name = Debug;
		};
		D1FD312728FBD2B400736190 /* Release */ = {
			isa = XCBuildConfiguration;
			buildSettings = {
				ALWAYS_EMBED_SWIFT_STANDARD_LIBRARIES = YES;
				BUNDLE_LOADER = "$(TEST_HOST)";
				CODE_SIGN_STYLE = Automatic;
				CURRENT_PROJECT_VERSION = 1;
				DEVELOPMENT_TEAM = NKCRP99VAX;
				GENERATE_INFOPLIST_FILE = YES;
				IPHONEOS_DEPLOYMENT_TARGET = 16.0;
				MARKETING_VERSION = 1.0;
				PRODUCT_BUNDLE_IDENTIFIER = "ryuki.fitness-calhacks9-0Tests";
				PRODUCT_NAME = "$(TARGET_NAME)";
				SWIFT_EMIT_LOC_STRINGS = NO;
				SWIFT_VERSION = 5.0;
				TARGETED_DEVICE_FAMILY = "1,2";
				TEST_HOST = "$(BUILT_PRODUCTS_DIR)/fitness_calhacks9.0.app/$(BUNDLE_EXECUTABLE_FOLDER_PATH)/fitness_calhacks9.0";
			};
			name = Release;
		};
		D1FD312928FBD2B400736190 /* Debug */ = {
			isa = XCBuildConfiguration;
			buildSettings = {
				ALWAYS_EMBED_SWIFT_STANDARD_LIBRARIES = YES;
				CODE_SIGN_STYLE = Automatic;
				CURRENT_PROJECT_VERSION = 1;
				DEVELOPMENT_TEAM = NKCRP99VAX;
				GENERATE_INFOPLIST_FILE = YES;
				MARKETING_VERSION = 1.0;
				PRODUCT_BUNDLE_IDENTIFIER = "ryuki.fitness-calhacks9-0UITests";
				PRODUCT_NAME = "$(TARGET_NAME)";
				SWIFT_EMIT_LOC_STRINGS = NO;
				SWIFT_VERSION = 5.0;
				TARGETED_DEVICE_FAMILY = "1,2";
				TEST_TARGET_NAME = fitness_calhacks9.0;
			};
			name = Debug;
		};
		D1FD312A28FBD2B400736190 /* Release */ = {
			isa = XCBuildConfiguration;
			buildSettings = {
				ALWAYS_EMBED_SWIFT_STANDARD_LIBRARIES = YES;
				CODE_SIGN_STYLE = Automatic;
				CURRENT_PROJECT_VERSION = 1;
				DEVELOPMENT_TEAM = NKCRP99VAX;
				GENERATE_INFOPLIST_FILE = YES;
				MARKETING_VERSION = 1.0;
				PRODUCT_BUNDLE_IDENTIFIER = "ryuki.fitness-calhacks9-0UITests";
				PRODUCT_NAME = "$(TARGET_NAME)";
				SWIFT_EMIT_LOC_STRINGS = NO;
				SWIFT_VERSION = 5.0;
				TARGETED_DEVICE_FAMILY = "1,2";
				TEST_TARGET_NAME = fitness_calhacks9.0;
			};
			name = Release;
		};
/* End XCBuildConfiguration section */

/* Begin XCConfigurationList section */
		D1FD30F328FBD2B200736190 /* Build configuration list for PBXProject "fitness_calhacks9.0" */ = {
			isa = XCConfigurationList;
			buildConfigurations = (
				D1FD312028FBD2B400736190 /* Debug */,
				D1FD312128FBD2B400736190 /* Release */,
			);
			defaultConfigurationIsVisible = 0;
			defaultConfigurationName = Release;
		};
		D1FD312228FBD2B400736190 /* Build configuration list for PBXNativeTarget "fitness_calhacks9.0" */ = {
			isa = XCConfigurationList;
			buildConfigurations = (
				D1FD312328FBD2B400736190 /* Debug */,
				D1FD312428FBD2B400736190 /* Release */,
			);
			defaultConfigurationIsVisible = 0;
			defaultConfigurationName = Release;
		};
		D1FD312528FBD2B400736190 /* Build configuration list for PBXNativeTarget "fitness_calhacks9.0Tests" */ = {
			isa = XCConfigurationList;
			buildConfigurations = (
				D1FD312628FBD2B400736190 /* Debug */,
				D1FD312728FBD2B400736190 /* Release */,
			);
			defaultConfigurationIsVisible = 0;
			defaultConfigurationName = Release;
		};
		D1FD312828FBD2B400736190 /* Build configuration list for PBXNativeTarget "fitness_calhacks9.0UITests" */ = {
			isa = XCConfigurationList;
			buildConfigurations = (
				D1FD312928FBD2B400736190 /* Debug */,
				D1FD312A28FBD2B400736190 /* Release */,
			);
			defaultConfigurationIsVisible = 0;
			defaultConfigurationName = Release;
		};
/* End XCConfigurationList section */

/* Begin XCVersionGroup section */
		D1FD310628FBD2B300736190 /* fitness_calhacks9_0.xcdatamodeld */ = {
			isa = XCVersionGroup;
			children = (
				D1FD310728FBD2B300736190 /* fitness_calhacks9_0.xcdatamodel */,
			);
			currentVersion = D1FD310728FBD2B300736190 /* fitness_calhacks9_0.xcdatamodel */;
			path = fitness_calhacks9_0.xcdatamodeld;
			sourceTree = "<group>";
			versionGroupType = wrapper.xcdatamodel;
		};
/* End XCVersionGroup section */
	};
	rootObject = D1FD30F028FBD2B200736190 /* Project object */;
}
