// !$*UTF8*$!
{
	archiveVersion = 1;
	classes = {
	};
	objectVersion = 56;
	objects = {

/* Begin PBXBuildFile section */
		D1FD319F28FBFB8800736190 /* Calhacks_fitnessAppApp.swift in Sources */ = {isa = PBXBuildFile; fileRef = D1FD319E28FBFB8800736190 /* Calhacks_fitnessAppApp.swift */; };
		D1FD31A128FBFB8800736190 /* ContentView.swift in Sources */ = {isa = PBXBuildFile; fileRef = D1FD31A028FBFB8800736190 /* ContentView.swift */; };
		D1FD31A328FBFB8900736190 /* Assets.xcassets in Resources */ = {isa = PBXBuildFile; fileRef = D1FD31A228FBFB8900736190 /* Assets.xcassets */; };
		D1FD31A628FBFB8900736190 /* Preview Assets.xcassets in Resources */ = {isa = PBXBuildFile; fileRef = D1FD31A528FBFB8900736190 /* Preview Assets.xcassets */; };
		D1FD31A828FBFB8900736190 /* Persistence.swift in Sources */ = {isa = PBXBuildFile; fileRef = D1FD31A728FBFB8900736190 /* Persistence.swift */; };
		D1FD31AB28FBFB8900736190 /* Calhacks_fitnessApp.xcdatamodeld in Sources */ = {isa = PBXBuildFile; fileRef = D1FD31A928FBFB8900736190 /* Calhacks_fitnessApp.xcdatamodeld */; };
		D1FD31B228FBFD1600736190 /* CameraView.swift in Sources */ = {isa = PBXBuildFile; fileRef = D1FD31B128FBFD1600736190 /* CameraView.swift */; };
		D1FD31B428FBFD3200736190 /* ViewModel.swift in Sources */ = {isa = PBXBuildFile; fileRef = D1FD31B328FBFD3200736190 /* ViewModel.swift */; };
		D1FD31B628FBFD4F00736190 /* NewDataSheet.swift in Sources */ = {isa = PBXBuildFile; fileRef = D1FD31B528FBFD4F00736190 /* NewDataSheet.swift */; };
/* End PBXBuildFile section */

/* Begin PBXFileReference section */
		D1FD319B28FBFB8800736190 /* Calhacks_fitnessApp.app */ = {isa = PBXFileReference; explicitFileType = wrapper.application; includeInIndex = 0; path = Calhacks_fitnessApp.app; sourceTree = BUILT_PRODUCTS_DIR; };
		D1FD319E28FBFB8800736190 /* Calhacks_fitnessAppApp.swift */ = {isa = PBXFileReference; lastKnownFileType = sourcecode.swift; path = Calhacks_fitnessAppApp.swift; sourceTree = "<group>"; };
		D1FD31A028FBFB8800736190 /* ContentView.swift */ = {isa = PBXFileReference; lastKnownFileType = sourcecode.swift; path = ContentView.swift; sourceTree = "<group>"; };
		D1FD31A228FBFB8900736190 /* Assets.xcassets */ = {isa = PBXFileReference; lastKnownFileType = folder.assetcatalog; path = Assets.xcassets; sourceTree = "<group>"; };
		D1FD31A528FBFB8900736190 /* Preview Assets.xcassets */ = {isa = PBXFileReference; lastKnownFileType = folder.assetcatalog; path = "Preview Assets.xcassets"; sourceTree = "<group>"; };
		D1FD31A728FBFB8900736190 /* Persistence.swift */ = {isa = PBXFileReference; lastKnownFileType = sourcecode.swift; path = Persistence.swift; sourceTree = "<group>"; };
		D1FD31AA28FBFB8900736190 /* Calhacks_fitnessApp.xcdatamodel */ = {isa = PBXFileReference; lastKnownFileType = wrapper.xcdatamodel; path = Calhacks_fitnessApp.xcdatamodel; sourceTree = "<group>"; };
		D1FD31B128FBFD1600736190 /* CameraView.swift */ = {isa = PBXFileReference; lastKnownFileType = sourcecode.swift; path = CameraView.swift; sourceTree = "<group>"; };
		D1FD31B328FBFD3200736190 /* ViewModel.swift */ = {isa = PBXFileReference; lastKnownFileType = sourcecode.swift; path = ViewModel.swift; sourceTree = "<group>"; };
		D1FD31B528FBFD4F00736190 /* NewDataSheet.swift */ = {isa = PBXFileReference; lastKnownFileType = sourcecode.swift; path = NewDataSheet.swift; sourceTree = "<group>"; };
/* End PBXFileReference section */

/* Begin PBXFrameworksBuildPhase section */
		D1FD319828FBFB8800736190 /* Frameworks */ = {
			isa = PBXFrameworksBuildPhase;
			buildActionMask = 2147483647;
			files = (
			);
			runOnlyForDeploymentPostprocessing = 0;
		};
/* End PBXFrameworksBuildPhase section */

/* Begin PBXGroup section */
		D1FD319228FBFB8800736190 = {
			isa = PBXGroup;
			children = (
				D1FD319D28FBFB8800736190 /* Calhacks_fitnessApp */,
				D1FD319C28FBFB8800736190 /* Products */,
			);
			sourceTree = "<group>";
		};
		D1FD319C28FBFB8800736190 /* Products */ = {
			isa = PBXGroup;
			children = (
				D1FD319B28FBFB8800736190 /* Calhacks_fitnessApp.app */,
			);
			name = Products;
			sourceTree = "<group>";
		};
		D1FD319D28FBFB8800736190 /* Calhacks_fitnessApp */ = {
			isa = PBXGroup;
			children = (
				D1FD319E28FBFB8800736190 /* Calhacks_fitnessAppApp.swift */,
				D1FD31A028FBFB8800736190 /* ContentView.swift */,
				D1FD31B128FBFD1600736190 /* CameraView.swift */,
				D1FD31B328FBFD3200736190 /* ViewModel.swift */,
				D1FD31B528FBFD4F00736190 /* NewDataSheet.swift */,
				D1FD31A228FBFB8900736190 /* Assets.xcassets */,
				D1FD31A728FBFB8900736190 /* Persistence.swift */,
				D1FD31A928FBFB8900736190 /* Calhacks_fitnessApp.xcdatamodeld */,
				D1FD31A428FBFB8900736190 /* Preview Content */,
			);
			path = Calhacks_fitnessApp;
			sourceTree = "<group>";
		};
		D1FD31A428FBFB8900736190 /* Preview Content */ = {
			isa = PBXGroup;
			children = (
				D1FD31A528FBFB8900736190 /* Preview Assets.xcassets */,
			);
			path = "Preview Content";
			sourceTree = "<group>";
		};
/* End PBXGroup section */

/* Begin PBXNativeTarget section */
		D1FD319A28FBFB8800736190 /* Calhacks_fitnessApp */ = {
			isa = PBXNativeTarget;
			buildConfigurationList = D1FD31AE28FBFB8900736190 /* Build configuration list for PBXNativeTarget "Calhacks_fitnessApp" */;
			buildPhases = (
				D1FD319728FBFB8800736190 /* Sources */,
				D1FD319828FBFB8800736190 /* Frameworks */,
				D1FD319928FBFB8800736190 /* Resources */,
			);
			buildRules = (
			);
			dependencies = (
			);
			name = Calhacks_fitnessApp;
			productName = Calhacks_fitnessApp;
			productReference = D1FD319B28FBFB8800736190 /* Calhacks_fitnessApp.app */;
			productType = "com.apple.product-type.application";
		};
/* End PBXNativeTarget section */

/* Begin PBXProject section */
		D1FD319328FBFB8800736190 /* Project object */ = {
			isa = PBXProject;
			attributes = {
				BuildIndependentTargetsInParallel = 1;
				LastSwiftUpdateCheck = 1400;
				LastUpgradeCheck = 1400;
				TargetAttributes = {
					D1FD319A28FBFB8800736190 = {
						CreatedOnToolsVersion = 14.0;
					};
				};
			};
			buildConfigurationList = D1FD319628FBFB8800736190 /* Build configuration list for PBXProject "Calhacks_fitnessApp" */;
			compatibilityVersion = "Xcode 14.0";
			developmentRegion = en;
			hasScannedForEncodings = 0;
			knownRegions = (
				en,
				Base,
			);
			mainGroup = D1FD319228FBFB8800736190;
			productRefGroup = D1FD319C28FBFB8800736190 /* Products */;
			projectDirPath = "";
			projectRoot = "";
			targets = (
				D1FD319A28FBFB8800736190 /* Calhacks_fitnessApp */,
			);
		};
/* End PBXProject section */

/* Begin PBXResourcesBuildPhase section */
		D1FD319928FBFB8800736190 /* Resources */ = {
			isa = PBXResourcesBuildPhase;
			buildActionMask = 2147483647;
			files = (
				D1FD31A628FBFB8900736190 /* Preview Assets.xcassets in Resources */,
				D1FD31A328FBFB8900736190 /* Assets.xcassets in Resources */,
			);
			runOnlyForDeploymentPostprocessing = 0;
		};
/* End PBXResourcesBuildPhase section */

/* Begin PBXSourcesBuildPhase section */
		D1FD319728FBFB8800736190 /* Sources */ = {
			isa = PBXSourcesBuildPhase;
			buildActionMask = 2147483647;
			files = (
				D1FD31AB28FBFB8900736190 /* Calhacks_fitnessApp.xcdatamodeld in Sources */,
				D1FD31A828FBFB8900736190 /* Persistence.swift in Sources */,
				D1FD31A128FBFB8800736190 /* ContentView.swift in Sources */,
				D1FD31B228FBFD1600736190 /* CameraView.swift in Sources */,
				D1FD31B428FBFD3200736190 /* ViewModel.swift in Sources */,
				D1FD31B628FBFD4F00736190 /* NewDataSheet.swift in Sources */,
				D1FD319F28FBFB8800736190 /* Calhacks_fitnessAppApp.swift in Sources */,
			);
			runOnlyForDeploymentPostprocessing = 0;
		};
/* End PBXSourcesBuildPhase section */

/* Begin XCBuildConfiguration section */
		D1FD31AC28FBFB8900736190 /* Debug */ = {
			isa = XCBuildConfiguration;
			buildSettings = {
				ALWAYS_SEARCH_USER_PATHS = NO;
				CLANG_ANALYZER_NONNULL = YES;
				CLANG_ANALYZER_NUMBER_OBJECT_CONVERSION = YES_AGGRESSIVE;
				CLANG_CXX_LANGUAGE_STANDARD = "gnu++20";
				CLANG_ENABLE_MODULES = YES;
				CLANG_ENABLE_OBJC_ARC = YES;
				CLANG_ENABLE_OBJC_WEAK = YES;
				CLANG_WARN_BLOCK_CAPTURE_AUTORELEASING = YES;
				CLANG_WARN_BOOL_CONVERSION = YES;
				CLANG_WARN_COMMA = YES;
				CLANG_WARN_CONSTANT_CONVERSION = YES;
				CLANG_WARN_DEPRECATED_OBJC_IMPLEMENTATIONS = YES;
				CLANG_WARN_DIRECT_OBJC_ISA_USAGE = YES_ERROR;
				CLANG_WARN_DOCUMENTATION_COMMENTS = YES;
				CLANG_WARN_EMPTY_BODY = YES;
				CLANG_WARN_ENUM_CONVERSION = YES;
				CLANG_WARN_INFINITE_RECURSION = YES;
				CLANG_WARN_INT_CONVERSION = YES;
				CLANG_WARN_NON_LITERAL_NULL_CONVERSION = YES;
				CLANG_WARN_OBJC_IMPLICIT_RETAIN_SELF = YES;
				CLANG_WARN_OBJC_LITERAL_CONVERSION = YES;
				CLANG_WARN_OBJC_ROOT_CLASS = YES_ERROR;
				CLANG_WARN_QUOTED_INCLUDE_IN_FRAMEWORK_HEADER = YES;
				CLANG_WARN_RANGE_LOOP_ANALYSIS = YES;
				CLANG_WARN_STRICT_PROTOTYPES = YES;
				CLANG_WARN_SUSPICIOUS_MOVE = YES;
				CLANG_WARN_UNGUARDED_AVAILABILITY = YES_AGGRESSIVE;
				CLANG_WARN_UNREACHABLE_CODE = YES;
				CLANG_WARN__DUPLICATE_METHOD_MATCH = YES;
				COPY_PHASE_STRIP = NO;
				DEBUG_INFORMATION_FORMAT = dwarf;
				ENABLE_STRICT_OBJC_MSGSEND = YES;
				ENABLE_TESTABILITY = YES;
				GCC_C_LANGUAGE_STANDARD = gnu11;
				GCC_DYNAMIC_NO_PIC = NO;
				GCC_NO_COMMON_BLOCKS = YES;
				GCC_OPTIMIZATION_LEVEL = 0;
				GCC_PREPROCESSOR_DEFINITIONS = (
					"DEBUG=1",
					"$(inherited)",
				);
				GCC_WARN_64_TO_32_BIT_CONVERSION = YES;
				GCC_WARN_ABOUT_RETURN_TYPE = YES_ERROR;
				GCC_WARN_UNDECLARED_SELECTOR = YES;
				GCC_WARN_UNINITIALIZED_AUTOS = YES_AGGRESSIVE;
				GCC_WARN_UNUSED_FUNCTION = YES;
				GCC_WARN_UNUSED_VARIABLE = YES;
				IPHONEOS_DEPLOYMENT_TARGET = 16.0;
				MTL_ENABLE_DEBUG_INFO = INCLUDE_SOURCE;
				MTL_FAST_MATH = YES;
				ONLY_ACTIVE_ARCH = YES;
				SDKROOT = iphoneos;
				SWIFT_ACTIVE_COMPILATION_CONDITIONS = DEBUG;
				SWIFT_OPTIMIZATION_LEVEL = "-Onone";
			};
			name = Debug;
		};
		D1FD31AD28FBFB8900736190 /* Release */ = {
			isa = XCBuildConfiguration;
			buildSettings = {
				ALWAYS_SEARCH_USER_PATHS = NO;
				CLANG_ANALYZER_NONNULL = YES;
				CLANG_ANALYZER_NUMBER_OBJECT_CONVERSION = YES_AGGRESSIVE;
				CLANG_CXX_LANGUAGE_STANDARD = "gnu++20";
				CLANG_ENABLE_MODULES = YES;
				CLANG_ENABLE_OBJC_ARC = YES;
				CLANG_ENABLE_OBJC_WEAK = YES;
				CLANG_WARN_BLOCK_CAPTURE_AUTORELEASING = YES;
				CLANG_WARN_BOOL_CONVERSION = YES;
				CLANG_WARN_COMMA = YES;
				CLANG_WARN_CONSTANT_CONVERSION = YES;
				CLANG_WARN_DEPRECATED_OBJC_IMPLEMENTATIONS = YES;
				CLANG_WARN_DIRECT_OBJC_ISA_USAGE = YES_ERROR;
				CLANG_WARN_DOCUMENTATION_COMMENTS = YES;
				CLANG_WARN_EMPTY_BODY = YES;
				CLANG_WARN_ENUM_CONVERSION = YES;
				CLANG_WARN_INFINITE_RECURSION = YES;
				CLANG_WARN_INT_CONVERSION = YES;
				CLANG_WARN_NON_LITERAL_NULL_CONVERSION = YES;
				CLANG_WARN_OBJC_IMPLICIT_RETAIN_SELF = YES;
				CLANG_WARN_OBJC_LITERAL_CONVERSION = YES;
				CLANG_WARN_OBJC_ROOT_CLASS = YES_ERROR;
				CLANG_WARN_QUOTED_INCLUDE_IN_FRAMEWORK_HEADER = YES;
				CLANG_WARN_RANGE_LOOP_ANALYSIS = YES;
				CLANG_WARN_STRICT_PROTOTYPES = YES;
				CLANG_WARN_SUSPICIOUS_MOVE = YES;
				CLANG_WARN_UNGUARDED_AVAILABILITY = YES_AGGRESSIVE;
				CLANG_WARN_UNREACHABLE_CODE = YES;
				CLANG_WARN__DUPLICATE_METHOD_MATCH = YES;
				COPY_PHASE_STRIP = NO;
				DEBUG_INFORMATION_FORMAT = "dwarf-with-dsym";
				ENABLE_NS_ASSERTIONS = NO;
				ENABLE_STRICT_OBJC_MSGSEND = YES;
				GCC_C_LANGUAGE_STANDARD = gnu11;
				GCC_NO_COMMON_BLOCKS = YES;
				GCC_WARN_64_TO_32_BIT_CONVERSION = YES;
				GCC_WARN_ABOUT_RETURN_TYPE = YES_ERROR;
				GCC_WARN_UNDECLARED_SELECTOR = YES;
				GCC_WARN_UNINITIALIZED_AUTOS = YES_AGGRESSIVE;
				GCC_WARN_UNUSED_FUNCTION = YES;
				GCC_WARN_UNUSED_VARIABLE = YES;
				IPHONEOS_DEPLOYMENT_TARGET = 16.0;
				MTL_ENABLE_DEBUG_INFO = NO;
				MTL_FAST_MATH = YES;
				SDKROOT = iphoneos;
				SWIFT_COMPILATION_MODE = wholemodule;
				SWIFT_OPTIMIZATION_LEVEL = "-O";
				VALIDATE_PRODUCT = YES;
			};
			name = Release;
		};
		D1FD31AF28FBFB8900736190 /* Debug */ = {
			isa = XCBuildConfiguration;
			buildSettings = {
				ASSETCATALOG_COMPILER_APPICON_NAME = AppIcon;
				ASSETCATALOG_COMPILER_GLOBAL_ACCENT_COLOR_NAME = AccentColor;
				CODE_SIGN_STYLE = Automatic;
				CURRENT_PROJECT_VERSION = 1;
				DEVELOPMENT_ASSET_PATHS = "\"Calhacks_fitnessApp/Preview Content\"";
				DEVELOPMENT_TEAM = NKCRP99VAX;
				ENABLE_PREVIEWS = YES;
				GENERATE_INFOPLIST_FILE = YES;
				INFOPLIST_KEY_UIApplicationSceneManifest_Generation = YES;
				INFOPLIST_KEY_UIApplicationSupportsIndirectInputEvents = YES;
				INFOPLIST_KEY_UILaunchScreen_Generation = YES;
				INFOPLIST_KEY_UISupportedInterfaceOrientations_iPad = "UIInterfaceOrientationPortrait UIInterfaceOrientationPortraitUpsideDown UIInterfaceOrientationLandscapeLeft UIInterfaceOrientationLandscapeRight";
				INFOPLIST_KEY_UISupportedInterfaceOrientations_iPhone = "UIInterfaceOrientationPortrait UIInterfaceOrientationLandscapeLeft UIInterfaceOrientationLandscapeRight";
				LD_RUNPATH_SEARCH_PATHS = (
					"$(inherited)",
					"@executable_path/Frameworks",
				);
				MARKETING_VERSION = 1.0;
				PRODUCT_BUNDLE_IDENTIFIER = "ryuki.Calhacks-fitnessApp";
				PRODUCT_NAME = "$(TARGET_NAME)";
				SWIFT_EMIT_LOC_STRINGS = YES;
				SWIFT_VERSION = 5.0;
				TARGETED_DEVICE_FAMILY = "1,2";
			};
			name = Debug;
		};
		D1FD31B028FBFB8900736190 /* Release */ = {
			isa = XCBuildConfiguration;
			buildSettings = {
				ASSETCATALOG_COMPILER_APPICON_NAME = AppIcon;
				ASSETCATALOG_COMPILER_GLOBAL_ACCENT_COLOR_NAME = AccentColor;
				CODE_SIGN_STYLE = Automatic;
				CURRENT_PROJECT_VERSION = 1;
				DEVELOPMENT_ASSET_PATHS = "\"Calhacks_fitnessApp/Preview Content\"";
				DEVELOPMENT_TEAM = NKCRP99VAX;
				ENABLE_PREVIEWS = YES;
				GENERATE_INFOPLIST_FILE = YES;
				INFOPLIST_KEY_UIApplicationSceneManifest_Generation = YES;
				INFOPLIST_KEY_UIApplicationSupportsIndirectInputEvents = YES;
				INFOPLIST_KEY_UILaunchScreen_Generation = YES;
				INFOPLIST_KEY_UISupportedInterfaceOrientations_iPad = "UIInterfaceOrientationPortrait UIInterfaceOrientationPortraitUpsideDown UIInterfaceOrientationLandscapeLeft UIInterfaceOrientationLandscapeRight";
				INFOPLIST_KEY_UISupportedInterfaceOrientations_iPhone = "UIInterfaceOrientationPortrait UIInterfaceOrientationLandscapeLeft UIInterfaceOrientationLandscapeRight";
				LD_RUNPATH_SEARCH_PATHS = (
					"$(inherited)",
					"@executable_path/Frameworks",
				);
				MARKETING_VERSION = 1.0;
				PRODUCT_BUNDLE_IDENTIFIER = "ryuki.Calhacks-fitnessApp";
				PRODUCT_NAME = "$(TARGET_NAME)";
				SWIFT_EMIT_LOC_STRINGS = YES;
				SWIFT_VERSION = 5.0;
				TARGETED_DEVICE_FAMILY = "1,2";
			};
			name = Release;
		};
/* End XCBuildConfiguration section */

/* Begin XCConfigurationList section */
		D1FD319628FBFB8800736190 /* Build configuration list for PBXProject "Calhacks_fitnessApp" */ = {
			isa = XCConfigurationList;
			buildConfigurations = (
				D1FD31AC28FBFB8900736190 /* Debug */,
				D1FD31AD28FBFB8900736190 /* Release */,
			);
			defaultConfigurationIsVisible = 0;
			defaultConfigurationName = Release;
		};
		D1FD31AE28FBFB8900736190 /* Build configuration list for PBXNativeTarget "Calhacks_fitnessApp" */ = {
			isa = XCConfigurationList;
			buildConfigurations = (
				D1FD31AF28FBFB8900736190 /* Debug */,
				D1FD31B028FBFB8900736190 /* Release */,
			);
			defaultConfigurationIsVisible = 0;
			defaultConfigurationName = Release;
		};
/* End XCConfigurationList section */

/* Begin XCVersionGroup section */
		D1FD31A928FBFB8900736190 /* Calhacks_fitnessApp.xcdatamodeld */ = {
			isa = XCVersionGroup;
			children = (
				D1FD31AA28FBFB8900736190 /* Calhacks_fitnessApp.xcdatamodel */,
			);
			currentVersion = D1FD31AA28FBFB8900736190 /* Calhacks_fitnessApp.xcdatamodel */;
			path = Calhacks_fitnessApp.xcdatamodeld;
			sourceTree = "<group>";
			versionGroupType = wrapper.xcdatamodel;
		};
/* End XCVersionGroup section */
	};
	rootObject = D1FD319328FBFB8800736190 /* Project object */;
}
