// !$*UTF8*$!
{
	archiveVersion = 1;
	classes = {
	};
	objectVersion = 56;
	objects = {

/* Begin PBXBuildFile section */
		D1FD313C28FBF52800736190 /* Calhacks9_0_2App.swift in Sources */ = {isa = PBXBuildFile; fileRef = D1FD313B28FBF52800736190 /* Calhacks9_0_2App.swift */; };
		D1FD313E28FBF52800736190 /* ContentView.swift in Sources */ = {isa = PBXBuildFile; fileRef = D1FD313D28FBF52800736190 /* ContentView.swift */; };
		D1FD314028FBF52900736190 /* Assets.xcassets in Resources */ = {isa = PBXBuildFile; fileRef = D1FD313F28FBF52900736190 /* Assets.xcassets */; };
		D1FD314328FBF52900736190 /* Preview Assets.xcassets in Resources */ = {isa = PBXBuildFile; fileRef = D1FD314228FBF52900736190 /* Preview Assets.xcassets */; };
		D1FD314528FBF52900736190 /* Persistence.swift in Sources */ = {isa = PBXBuildFile; fileRef = D1FD314428FBF52900736190 /* Persistence.swift */; };
		D1FD314828FBF52900736190 /* Calhacks9_0_2.xcdatamodeld in Sources */ = {isa = PBXBuildFile; fileRef = D1FD314628FBF52900736190 /* Calhacks9_0_2.xcdatamodeld */; };
		D1FD315328FBF52900736190 /* Calhacks9_0_2Tests.swift in Sources */ = {isa = PBXBuildFile; fileRef = D1FD315228FBF52900736190 /* Calhacks9_0_2Tests.swift */; };
		D1FD315D28FBF52900736190 /* Calhacks9_0_2UITests.swift in Sources */ = {isa = PBXBuildFile; fileRef = D1FD315C28FBF52900736190 /* Calhacks9_0_2UITests.swift */; };
		D1FD315F28FBF52900736190 /* Calhacks9_0_2UITestsLaunchTests.swift in Sources */ = {isa = PBXBuildFile; fileRef = D1FD315E28FBF52900736190 /* Calhacks9_0_2UITestsLaunchTests.swift */; };
		D1FD316C28FBF60500736190 /* ViewModel.swift in Sources */ = {isa = PBXBuildFile; fileRef = D1FD316B28FBF60500736190 /* ViewModel.swift */; };
		D1FD316E28FBF62C00736190 /* NewDataSheet.swift in Sources */ = {isa = PBXBuildFile; fileRef = D1FD316D28FBF62C00736190 /* NewDataSheet.swift */; };
/* End PBXBuildFile section */

/* Begin PBXContainerItemProxy section */
		D1FD314F28FBF52900736190 /* PBXContainerItemProxy */ = {
			isa = PBXContainerItemProxy;
			containerPortal = D1FD313028FBF52800736190 /* Project object */;
			proxyType = 1;
			remoteGlobalIDString = D1FD313728FBF52800736190;
			remoteInfo = Calhacks9.0_2;
		};
		D1FD315928FBF52900736190 /* PBXContainerItemProxy */ = {
			isa = PBXContainerItemProxy;
			containerPortal = D1FD313028FBF52800736190 /* Project object */;
			proxyType = 1;
			remoteGlobalIDString = D1FD313728FBF52800736190;
			remoteInfo = Calhacks9.0_2;
		};
/* End PBXContainerItemProxy section */

/* Begin PBXFileReference section */
		D1FD313828FBF52800736190 /* Calhacks9.0_2.app */ = {isa = PBXFileReference; explicitFileType = wrapper.application; includeInIndex = 0; path = Calhacks9.0_2.app; sourceTree = BUILT_PRODUCTS_DIR; };
		D1FD313B28FBF52800736190 /* Calhacks9_0_2App.swift */ = {isa = PBXFileReference; lastKnownFileType = sourcecode.swift; path = Calhacks9_0_2App.swift; sourceTree = "<group>"; };
		D1FD313D28FBF52800736190 /* ContentView.swift */ = {isa = PBXFileReference; lastKnownFileType = sourcecode.swift; path = ContentView.swift; sourceTree = "<group>"; };
		D1FD313F28FBF52900736190 /* Assets.xcassets */ = {isa = PBXFileReference; lastKnownFileType = folder.assetcatalog; path = Assets.xcassets; sourceTree = "<group>"; };
		D1FD314228FBF52900736190 /* Preview Assets.xcassets */ = {isa = PBXFileReference; lastKnownFileType = folder.assetcatalog; path = "Preview Assets.xcassets"; sourceTree = "<group>"; };
		D1FD314428FBF52900736190 /* Persistence.swift */ = {isa = PBXFileReference; lastKnownFileType = sourcecode.swift; path = Persistence.swift; sourceTree = "<group>"; };
		D1FD314728FBF52900736190 /* Calhacks9_0_2.xcdatamodel */ = {isa = PBXFileReference; lastKnownFileType = wrapper.xcdatamodel; path = Calhacks9_0_2.xcdatamodel; sourceTree = "<group>"; };
		D1FD314928FBF52900736190 /* Info.plist */ = {isa = PBXFileReference; lastKnownFileType = text.plist.xml; path = Info.plist; sourceTree = "<group>"; };
		D1FD314E28FBF52900736190 /* Calhacks9.0_2Tests.xctest */ = {isa = PBXFileReference; explicitFileType = wrapper.cfbundle; includeInIndex = 0; path = Calhacks9.0_2Tests.xctest; sourceTree = BUILT_PRODUCTS_DIR; };
		D1FD315228FBF52900736190 /* Calhacks9_0_2Tests.swift */ = {isa = PBXFileReference; lastKnownFileType = sourcecode.swift; path = Calhacks9_0_2Tests.swift; sourceTree = "<group>"; };
		D1FD315828FBF52900736190 /* Calhacks9.0_2UITests.xctest */ = {isa = PBXFileReference; explicitFileType = wrapper.cfbundle; includeInIndex = 0; path = Calhacks9.0_2UITests.xctest; sourceTree = BUILT_PRODUCTS_DIR; };
		D1FD315C28FBF52900736190 /* Calhacks9_0_2UITests.swift */ = {isa = PBXFileReference; lastKnownFileType = sourcecode.swift; path = Calhacks9_0_2UITests.swift; sourceTree = "<group>"; };
		D1FD315E28FBF52900736190 /* Calhacks9_0_2UITestsLaunchTests.swift */ = {isa = PBXFileReference; lastKnownFileType = sourcecode.swift; path = Calhacks9_0_2UITestsLaunchTests.swift; sourceTree = "<group>"; };
		D1FD316B28FBF60500736190 /* ViewModel.swift */ = {isa = PBXFileReference; lastKnownFileType = sourcecode.swift; path = ViewModel.swift; sourceTree = "<group>"; };
		D1FD316D28FBF62C00736190 /* NewDataSheet.swift */ = {isa = PBXFileReference; lastKnownFileType = sourcecode.swift; path = NewDataSheet.swift; sourceTree = "<group>"; };
/* End PBXFileReference section */

/* Begin PBXFrameworksBuildPhase section */
		D1FD313528FBF52800736190 /* Frameworks */ = {
			isa = PBXFrameworksBuildPhase;
			buildActionMask = 2147483647;
			files = (
			);
			runOnlyForDeploymentPostprocessing = 0;
		};
		D1FD314B28FBF52900736190 /* Frameworks */ = {
			isa = PBXFrameworksBuildPhase;
			buildActionMask = 2147483647;
			files = (
			);
			runOnlyForDeploymentPostprocessing = 0;
		};
		D1FD315528FBF52900736190 /* Frameworks */ = {
			isa = PBXFrameworksBuildPhase;
			buildActionMask = 2147483647;
			files = (
			);
			runOnlyForDeploymentPostprocessing = 0;
		};
/* End PBXFrameworksBuildPhase section */

/* Begin PBXGroup section */
		D1FD312F28FBF52800736190 = {
			isa = PBXGroup;
			children = (
				D1FD313A28FBF52800736190 /* Calhacks9.0_2 */,
				D1FD315128FBF52900736190 /* Calhacks9.0_2Tests */,
				D1FD315B28FBF52900736190 /* Calhacks9.0_2UITests */,
				D1FD313928FBF52800736190 /* Products */,
			);
			sourceTree = "<group>";
		};
		D1FD313928FBF52800736190 /* Products */ = {
			isa = PBXGroup;
			children = (
				D1FD313828FBF52800736190 /* Calhacks9.0_2.app */,
				D1FD314E28FBF52900736190 /* Calhacks9.0_2Tests.xctest */,
				D1FD315828FBF52900736190 /* Calhacks9.0_2UITests.xctest */,
			);
			name = Products;
			sourceTree = "<group>";
		};
		D1FD313A28FBF52800736190 /* Calhacks9.0_2 */ = {
			isa = PBXGroup;
			children = (
				D1FD313B28FBF52800736190 /* Calhacks9_0_2App.swift */,
				D1FD313D28FBF52800736190 /* ContentView.swift */,
				D1FD316B28FBF60500736190 /* ViewModel.swift */,
				D1FD316D28FBF62C00736190 /* NewDataSheet.swift */,
				D1FD313F28FBF52900736190 /* Assets.xcassets */,
				D1FD314428FBF52900736190 /* Persistence.swift */,
				D1FD314928FBF52900736190 /* Info.plist */,
				D1FD314628FBF52900736190 /* Calhacks9_0_2.xcdatamodeld */,
				D1FD314128FBF52900736190 /* Preview Content */,
			);
			path = Calhacks9.0_2;
			sourceTree = "<group>";
		};
		D1FD314128FBF52900736190 /* Preview Content */ = {
			isa = PBXGroup;
			children = (
				D1FD314228FBF52900736190 /* Preview Assets.xcassets */,
			);
			path = "Preview Content";
			sourceTree = "<group>";
		};
		D1FD315128FBF52900736190 /* Calhacks9.0_2Tests */ = {
			isa = PBXGroup;
			children = (
				D1FD315228FBF52900736190 /* Calhacks9_0_2Tests.swift */,
			);
			path = Calhacks9.0_2Tests;
			sourceTree = "<group>";
		};
		D1FD315B28FBF52900736190 /* Calhacks9.0_2UITests */ = {
			isa = PBXGroup;
			children = (
				D1FD315C28FBF52900736190 /* Calhacks9_0_2UITests.swift */,
				D1FD315E28FBF52900736190 /* Calhacks9_0_2UITestsLaunchTests.swift */,
			);
			path = Calhacks9.0_2UITests;
			sourceTree = "<group>";
		};
/* End PBXGroup section */

/* Begin PBXNativeTarget section */
		D1FD313728FBF52800736190 /* Calhacks9.0_2 */ = {
			isa = PBXNativeTarget;
			buildConfigurationList = D1FD316228FBF52900736190 /* Build configuration list for PBXNativeTarget "Calhacks9.0_2" */;
			buildPhases = (
				D1FD313428FBF52800736190 /* Sources */,
				D1FD313528FBF52800736190 /* Frameworks */,
				D1FD313628FBF52800736190 /* Resources */,
			);
			buildRules = (
			);
			dependencies = (
			);
			name = Calhacks9.0_2;
			productName = Calhacks9.0_2;
			productReference = D1FD313828FBF52800736190 /* Calhacks9.0_2.app */;
			productType = "com.apple.product-type.application";
		};
		D1FD314D28FBF52900736190 /* Calhacks9.0_2Tests */ = {
			isa = PBXNativeTarget;
			buildConfigurationList = D1FD316528FBF52900736190 /* Build configuration list for PBXNativeTarget "Calhacks9.0_2Tests" */;
			buildPhases = (
				D1FD314A28FBF52900736190 /* Sources */,
				D1FD314B28FBF52900736190 /* Frameworks */,
				D1FD314C28FBF52900736190 /* Resources */,
			);
			buildRules = (
			);
			dependencies = (
				D1FD315028FBF52900736190 /* PBXTargetDependency */,
			);
			name = Calhacks9.0_2Tests;
			productName = Calhacks9.0_2Tests;
			productReference = D1FD314E28FBF52900736190 /* Calhacks9.0_2Tests.xctest */;
			productType = "com.apple.product-type.bundle.unit-test";
		};
		D1FD315728FBF52900736190 /* Calhacks9.0_2UITests */ = {
			isa = PBXNativeTarget;
			buildConfigurationList = D1FD316828FBF52900736190 /* Build configuration list for PBXNativeTarget "Calhacks9.0_2UITests" */;
			buildPhases = (
				D1FD315428FBF52900736190 /* Sources */,
				D1FD315528FBF52900736190 /* Frameworks */,
				D1FD315628FBF52900736190 /* Resources */,
			);
			buildRules = (
			);
			dependencies = (
				D1FD315A28FBF52900736190 /* PBXTargetDependency */,
			);
			name = Calhacks9.0_2UITests;
			productName = Calhacks9.0_2UITests;
			productReference = D1FD315828FBF52900736190 /* Calhacks9.0_2UITests.xctest */;
			productType = "com.apple.product-type.bundle.ui-testing";
		};
/* End PBXNativeTarget section */

/* Begin PBXProject section */
		D1FD313028FBF52800736190 /* Project object */ = {
			isa = PBXProject;
			attributes = {
				BuildIndependentTargetsInParallel = 1;
				LastSwiftUpdateCheck = 1400;
				LastUpgradeCheck = 1400;
				TargetAttributes = {
					D1FD313728FBF52800736190 = {
						CreatedOnToolsVersion = 14.0;
					};
					D1FD314D28FBF52900736190 = {
						CreatedOnToolsVersion = 14.0;
						TestTargetID = D1FD313728FBF52800736190;
					};
					D1FD315728FBF52900736190 = {
						CreatedOnToolsVersion = 14.0;
						TestTargetID = D1FD313728FBF52800736190;
					};
				};
			};
			buildConfigurationList = D1FD313328FBF52800736190 /* Build configuration list for PBXProject "Calhacks9.0_2" */;
			compatibilityVersion = "Xcode 14.0";
			developmentRegion = en;
			hasScannedForEncodings = 0;
			knownRegions = (
				en,
				Base,
			);
			mainGroup = D1FD312F28FBF52800736190;
			productRefGroup = D1FD313928FBF52800736190 /* Products */;
			projectDirPath = "";
			projectRoot = "";
			targets = (
				D1FD313728FBF52800736190 /* Calhacks9.0_2 */,
				D1FD314D28FBF52900736190 /* Calhacks9.0_2Tests */,
				D1FD315728FBF52900736190 /* Calhacks9.0_2UITests */,
			);
		};
/* End PBXProject section */

/* Begin PBXResourcesBuildPhase section */
		D1FD313628FBF52800736190 /* Resources */ = {
			isa = PBXResourcesBuildPhase;
			buildActionMask = 2147483647;
			files = (
				D1FD314328FBF52900736190 /* Preview Assets.xcassets in Resources */,
				D1FD314028FBF52900736190 /* Assets.xcassets in Resources */,
			);
			runOnlyForDeploymentPostprocessing = 0;
		};
		D1FD314C28FBF52900736190 /* Resources */ = {
			isa = PBXResourcesBuildPhase;
			buildActionMask = 2147483647;
			files = (
			);
			runOnlyForDeploymentPostprocessing = 0;
		};
		D1FD315628FBF52900736190 /* Resources */ = {
			isa = PBXResourcesBuildPhase;
			buildActionMask = 2147483647;
			files = (
			);
			runOnlyForDeploymentPostprocessing = 0;
		};
/* End PBXResourcesBuildPhase section */

/* Begin PBXSourcesBuildPhase section */
		D1FD313428FBF52800736190 /* Sources */ = {
			isa = PBXSourcesBuildPhase;
			buildActionMask = 2147483647;
			files = (
				D1FD316C28FBF60500736190 /* ViewModel.swift in Sources */,
				D1FD314528FBF52900736190 /* Persistence.swift in Sources */,
				D1FD316E28FBF62C00736190 /* NewDataSheet.swift in Sources */,
				D1FD314828FBF52900736190 /* Calhacks9_0_2.xcdatamodeld in Sources */,
				D1FD313E28FBF52800736190 /* ContentView.swift in Sources */,
				D1FD313C28FBF52800736190 /* Calhacks9_0_2App.swift in Sources */,
			);
			runOnlyForDeploymentPostprocessing = 0;
		};
		D1FD314A28FBF52900736190 /* Sources */ = {
			isa = PBXSourcesBuildPhase;
			buildActionMask = 2147483647;
			files = (
				D1FD315328FBF52900736190 /* Calhacks9_0_2Tests.swift in Sources */,
			);
			runOnlyForDeploymentPostprocessing = 0;
		};
		D1FD315428FBF52900736190 /* Sources */ = {
			isa = PBXSourcesBuildPhase;
			buildActionMask = 2147483647;
			files = (
				D1FD315F28FBF52900736190 /* Calhacks9_0_2UITestsLaunchTests.swift in Sources */,
				D1FD315D28FBF52900736190 /* Calhacks9_0_2UITests.swift in Sources */,
			);
			runOnlyForDeploymentPostprocessing = 0;
		};
/* End PBXSourcesBuildPhase section */

/* Begin PBXTargetDependency section */
		D1FD315028FBF52900736190 /* PBXTargetDependency */ = {
			isa = PBXTargetDependency;
			target = D1FD313728FBF52800736190 /* Calhacks9.0_2 */;
			targetProxy = D1FD314F28FBF52900736190 /* PBXContainerItemProxy */;
		};
		D1FD315A28FBF52900736190 /* PBXTargetDependency */ = {
			isa = PBXTargetDependency;
			target = D1FD313728FBF52800736190 /* Calhacks9.0_2 */;
			targetProxy = D1FD315928FBF52900736190 /* PBXContainerItemProxy */;
		};
/* End PBXTargetDependency section */

/* Begin XCBuildConfiguration section */
		D1FD316028FBF52900736190 /* Debug */ = {
			isa = XCBuildConfiguration;
			buildSettings = {
				ALWAYS_SEARCH_USER_PATHS = NO;
				CLANG_ANALYZER_NONNULL = YES;
				CLANG_ANALYZER_NUMBER_OBJECT_CONVERSION = YES_AGGRESSIVE;
				CLANG_CXX_LANGUAGE_STANDARD = "gnu++20";
				CLANG_ENABLE_MODULES = YES;
				CLANG_ENABLE_OBJC_ARC = YES;
				CLANG_ENABLE_OBJC_WEAK = YES;
				CLANG_WARN_BLOCK_CAPTURE_AUTORELEASING = YES;
				CLANG_WARN_BOOL_CONVERSION = YES;
				CLANG_WARN_COMMA = YES;
				CLANG_WARN_CONSTANT_CONVERSION = YES;
				CLANG_WARN_DEPRECATED_OBJC_IMPLEMENTATIONS = YES;
				CLANG_WARN_DIRECT_OBJC_ISA_USAGE = YES_ERROR;
				CLANG_WARN_DOCUMENTATION_COMMENTS = YES;
				CLANG_WARN_EMPTY_BODY = YES;
				CLANG_WARN_ENUM_CONVERSION = YES;
				CLANG_WARN_INFINITE_RECURSION = YES;
				CLANG_WARN_INT_CONVERSION = YES;
				CLANG_WARN_NON_LITERAL_NULL_CONVERSION = YES;
				CLANG_WARN_OBJC_IMPLICIT_RETAIN_SELF = YES;
				CLANG_WARN_OBJC_LITERAL_CONVERSION = YES;
				CLANG_WARN_OBJC_ROOT_CLASS = YES_ERROR;
				CLANG_WARN_QUOTED_INCLUDE_IN_FRAMEWORK_HEADER = YES;
				CLANG_WARN_RANGE_LOOP_ANALYSIS = YES;
				CLANG_WARN_STRICT_PROTOTYPES = YES;
				CLANG_WARN_SUSPICIOUS_MOVE = YES;
				CLANG_WARN_UNGUARDED_AVAILABILITY = YES_AGGRESSIVE;
				CLANG_WARN_UNREACHABLE_CODE = YES;
				CLANG_WARN__DUPLICATE_METHOD_MATCH = YES;
				COPY_PHASE_STRIP = NO;
				DEBUG_INFORMATION_FORMAT = dwarf;
				ENABLE_STRICT_OBJC_MSGSEND = YES;
				ENABLE_TESTABILITY = YES;
				GCC_C_LANGUAGE_STANDARD = gnu11;
				GCC_DYNAMIC_NO_PIC = NO;
				GCC_NO_COMMON_BLOCKS = YES;
				GCC_OPTIMIZATION_LEVEL = 0;
				GCC_PREPROCESSOR_DEFINITIONS = (
					"DEBUG=1",
					"$(inherited)",
				);
				GCC_WARN_64_TO_32_BIT_CONVERSION = YES;
				GCC_WARN_ABOUT_RETURN_TYPE = YES_ERROR;
				GCC_WARN_UNDECLARED_SELECTOR = YES;
				GCC_WARN_UNINITIALIZED_AUTOS = YES_AGGRESSIVE;
				GCC_WARN_UNUSED_FUNCTION = YES;
				GCC_WARN_UNUSED_VARIABLE = YES;
				IPHONEOS_DEPLOYMENT_TARGET = 16.0;
				MTL_ENABLE_DEBUG_INFO = INCLUDE_SOURCE;
				MTL_FAST_MATH = YES;
				ONLY_ACTIVE_ARCH = YES;
				SDKROOT = iphoneos;
				SWIFT_ACTIVE_COMPILATION_CONDITIONS = DEBUG;
				SWIFT_OPTIMIZATION_LEVEL = "-Onone";
			};
			name = Debug;
		};
		D1FD316128FBF52900736190 /* Release */ = {
			isa = XCBuildConfiguration;
			buildSettings = {
				ALWAYS_SEARCH_USER_PATHS = NO;
				CLANG_ANALYZER_NONNULL = YES;
				CLANG_ANALYZER_NUMBER_OBJECT_CONVERSION = YES_AGGRESSIVE;
				CLANG_CXX_LANGUAGE_STANDARD = "gnu++20";
				CLANG_ENABLE_MODULES = YES;
				CLANG_ENABLE_OBJC_ARC = YES;
				CLANG_ENABLE_OBJC_WEAK = YES;
				CLANG_WARN_BLOCK_CAPTURE_AUTORELEASING = YES;
				CLANG_WARN_BOOL_CONVERSION = YES;
				CLANG_WARN_COMMA = YES;
				CLANG_WARN_CONSTANT_CONVERSION = YES;
				CLANG_WARN_DEPRECATED_OBJC_IMPLEMENTATIONS = YES;
				CLANG_WARN_DIRECT_OBJC_ISA_USAGE = YES_ERROR;
				CLANG_WARN_DOCUMENTATION_COMMENTS = YES;
				CLANG_WARN_EMPTY_BODY = YES;
				CLANG_WARN_ENUM_CONVERSION = YES;
				CLANG_WARN_INFINITE_RECURSION = YES;
				CLANG_WARN_INT_CONVERSION = YES;
				CLANG_WARN_NON_LITERAL_NULL_CONVERSION = YES;
				CLANG_WARN_OBJC_IMPLICIT_RETAIN_SELF = YES;
				CLANG_WARN_OBJC_LITERAL_CONVERSION = YES;
				CLANG_WARN_OBJC_ROOT_CLASS = YES_ERROR;
				CLANG_WARN_QUOTED_INCLUDE_IN_FRAMEWORK_HEADER = YES;
				CLANG_WARN_RANGE_LOOP_ANALYSIS = YES;
				CLANG_WARN_STRICT_PROTOTYPES = YES;
				CLANG_WARN_SUSPICIOUS_MOVE = YES;
				CLANG_WARN_UNGUARDED_AVAILABILITY = YES_AGGRESSIVE;
				CLANG_WARN_UNREACHABLE_CODE = YES;
				CLANG_WARN__DUPLICATE_METHOD_MATCH = YES;
				COPY_PHASE_STRIP = NO;
				DEBUG_INFORMATION_FORMAT = "dwarf-with-dsym";
				ENABLE_NS_ASSERTIONS = NO;
				ENABLE_STRICT_OBJC_MSGSEND = YES;
				GCC_C_LANGUAGE_STANDARD = gnu11;
				GCC_NO_COMMON_BLOCKS = YES;
				GCC_WARN_64_TO_32_BIT_CONVERSION = YES;
				GCC_WARN_ABOUT_RETURN_TYPE = YES_ERROR;
				GCC_WARN_UNDECLARED_SELECTOR = YES;
				GCC_WARN_UNINITIALIZED_AUTOS = YES_AGGRESSIVE;
				GCC_WARN_UNUSED_FUNCTION = YES;
				GCC_WARN_UNUSED_VARIABLE = YES;
				IPHONEOS_DEPLOYMENT_TARGET = 16.0;
				MTL_ENABLE_DEBUG_INFO = NO;
				MTL_FAST_MATH = YES;
				SDKROOT = iphoneos;
				SWIFT_COMPILATION_MODE = wholemodule;
				SWIFT_OPTIMIZATION_LEVEL = "-O";
				VALIDATE_PRODUCT = YES;
			};
			name = Release;
		};
		D1FD316328FBF52900736190 /* Debug */ = {
			isa = XCBuildConfiguration;
			buildSettings = {
				ASSETCATALOG_COMPILER_APPICON_NAME = AppIcon;
				ASSETCATALOG_COMPILER_GLOBAL_ACCENT_COLOR_NAME = AccentColor;
				CODE_SIGN_STYLE = Automatic;
				CURRENT_PROJECT_VERSION = 1;
				DEVELOPMENT_ASSET_PATHS = "\"Calhacks9.0_2/Preview Content\"";
				DEVELOPMENT_TEAM = NKCRP99VAX;
				ENABLE_PREVIEWS = YES;
				GENERATE_INFOPLIST_FILE = YES;
				INFOPLIST_KEY_UIApplicationSceneManifest_Generation = YES;
				INFOPLIST_KEY_UIApplicationSupportsIndirectInputEvents = YES;
				INFOPLIST_KEY_UILaunchScreen_Generation = YES;
				INFOPLIST_KEY_UISupportedInterfaceOrientations_iPad = "UIInterfaceOrientationPortrait UIInterfaceOrientationPortraitUpsideDown UIInterfaceOrientationLandscapeLeft UIInterfaceOrientationLandscapeRight";
				INFOPLIST_KEY_UISupportedInterfaceOrientations_iPhone = "UIInterfaceOrientationPortrait UIInterfaceOrientationLandscapeLeft UIInterfaceOrientationLandscapeRight";
				LD_RUNPATH_SEARCH_PATHS = (
					"$(inherited)",
					"@executable_path/Frameworks",
				);
				MARKETING_VERSION = 1.0;
				PRODUCT_BUNDLE_IDENTIFIER = "ryuki.Calhacks9-0-2";
				PRODUCT_NAME = "$(TARGET_NAME)";
				SWIFT_EMIT_LOC_STRINGS = YES;
				SWIFT_VERSION = 5.0;
				TARGETED_DEVICE_FAMILY = "1,2";
			};
			name = Debug;
		};
		D1FD316428FBF52900736190 /* Release */ = {
			isa = XCBuildConfiguration;
			buildSettings = {
				ASSETCATALOG_COMPILER_APPICON_NAME = AppIcon;
				ASSETCATALOG_COMPILER_GLOBAL_ACCENT_COLOR_NAME = AccentColor;
				CODE_SIGN_STYLE = Automatic;
				CURRENT_PROJECT_VERSION = 1;
				DEVELOPMENT_ASSET_PATHS = "\"Calhacks9.0_2/Preview Content\"";
				DEVELOPMENT_TEAM = NKCRP99VAX;
				ENABLE_PREVIEWS = YES;
				GENERATE_INFOPLIST_FILE = YES;
				INFOPLIST_KEY_UIApplicationSceneManifest_Generation = YES;
				INFOPLIST_KEY_UIApplicationSupportsIndirectInputEvents = YES;
				INFOPLIST_KEY_UILaunchScreen_Generation = YES;
				INFOPLIST_KEY_UISupportedInterfaceOrientations_iPad = "UIInterfaceOrientationPortrait UIInterfaceOrientationPortraitUpsideDown UIInterfaceOrientationLandscapeLeft UIInterfaceOrientationLandscapeRight";
				INFOPLIST_KEY_UISupportedInterfaceOrientations_iPhone = "UIInterfaceOrientationPortrait UIInterfaceOrientationLandscapeLeft UIInterfaceOrientationLandscapeRight";
				LD_RUNPATH_SEARCH_PATHS = (
					"$(inherited)",
					"@executable_path/Frameworks",
				);
				MARKETING_VERSION = 1.0;
				PRODUCT_BUNDLE_IDENTIFIER = "ryuki.Calhacks9-0-2";
				PRODUCT_NAME = "$(TARGET_NAME)";
				SWIFT_EMIT_LOC_STRINGS = YES;
				SWIFT_VERSION = 5.0;
				TARGETED_DEVICE_FAMILY = "1,2";
			};
			name = Release;
		};
		D1FD316628FBF52900736190 /* Debug */ = {
			isa = XCBuildConfiguration;
			buildSettings = {
				ALWAYS_EMBED_SWIFT_STANDARD_LIBRARIES = YES;
				BUNDLE_LOADER = "$(TEST_HOST)";
				CODE_SIGN_STYLE = Automatic;
				CURRENT_PROJECT_VERSION = 1;
				DEVELOPMENT_TEAM = NKCRP99VAX;
				GENERATE_INFOPLIST_FILE = YES;
				IPHONEOS_DEPLOYMENT_TARGET = 16.0;
				MARKETING_VERSION = 1.0;
				PRODUCT_BUNDLE_IDENTIFIER = "ryuki.Calhacks9-0-2Tests";
				PRODUCT_NAME = "$(TARGET_NAME)";
				SWIFT_EMIT_LOC_STRINGS = NO;
				SWIFT_VERSION = 5.0;
				TARGETED_DEVICE_FAMILY = "1,2";
				TEST_HOST = "$(BUILT_PRODUCTS_DIR)/Calhacks9.0_2.app/$(BUNDLE_EXECUTABLE_FOLDER_PATH)/Calhacks9.0_2";
			};
			name = Debug;
		};
		D1FD316728FBF52900736190 /* Release */ = {
			isa = XCBuildConfiguration;
			buildSettings = {
				ALWAYS_EMBED_SWIFT_STANDARD_LIBRARIES = YES;
				BUNDLE_LOADER = "$(TEST_HOST)";
				CODE_SIGN_STYLE = Automatic;
				CURRENT_PROJECT_VERSION = 1;
				DEVELOPMENT_TEAM = NKCRP99VAX;
				GENERATE_INFOPLIST_FILE = YES;
				IPHONEOS_DEPLOYMENT_TARGET = 16.0;
				MARKETING_VERSION = 1.0;
				PRODUCT_BUNDLE_IDENTIFIER = "ryuki.Calhacks9-0-2Tests";
				PRODUCT_NAME = "$(TARGET_NAME)";
				SWIFT_EMIT_LOC_STRINGS = NO;
				SWIFT_VERSION = 5.0;
				TARGETED_DEVICE_FAMILY = "1,2";
				TEST_HOST = "$(BUILT_PRODUCTS_DIR)/Calhacks9.0_2.app/$(BUNDLE_EXECUTABLE_FOLDER_PATH)/Calhacks9.0_2";
			};
			name = Release;
		};
		D1FD316928FBF52900736190 /* Debug */ = {
			isa = XCBuildConfiguration;
			buildSettings = {
				ALWAYS_EMBED_SWIFT_STANDARD_LIBRARIES = YES;
				CODE_SIGN_STYLE = Automatic;
				CURRENT_PROJECT_VERSION = 1;
				DEVELOPMENT_TEAM = NKCRP99VAX;
				GENERATE_INFOPLIST_FILE = YES;
				MARKETING_VERSION = 1.0;
				PRODUCT_BUNDLE_IDENTIFIER = "ryuki.Calhacks9-0-2UITests";
				PRODUCT_NAME = "$(TARGET_NAME)";
				SWIFT_EMIT_LOC_STRINGS = NO;
				SWIFT_VERSION = 5.0;
				TARGETED_DEVICE_FAMILY = "1,2";
				TEST_TARGET_NAME = Calhacks9.0_2;
			};
			name = Debug;
		};
		D1FD316A28FBF52900736190 /* Release */ = {
			isa = XCBuildConfiguration;
			buildSettings = {
				ALWAYS_EMBED_SWIFT_STANDARD_LIBRARIES = YES;
				CODE_SIGN_STYLE = Automatic;
				CURRENT_PROJECT_VERSION = 1;
				DEVELOPMENT_TEAM = NKCRP99VAX;
				GENERATE_INFOPLIST_FILE = YES;
				MARKETING_VERSION = 1.0;
				PRODUCT_BUNDLE_IDENTIFIER = "ryuki.Calhacks9-0-2UITests";
				PRODUCT_NAME = "$(TARGET_NAME)";
				SWIFT_EMIT_LOC_STRINGS = NO;
				SWIFT_VERSION = 5.0;
				TARGETED_DEVICE_FAMILY = "1,2";
				TEST_TARGET_NAME = Calhacks9.0_2;
			};
			name = Release;
		};
/* End XCBuildConfiguration section */

/* Begin XCConfigurationList section */
		D1FD313328FBF52800736190 /* Build configuration list for PBXProject "Calhacks9.0_2" */ = {
			isa = XCConfigurationList;
			buildConfigurations = (
				D1FD316028FBF52900736190 /* Debug */,
				D1FD316128FBF52900736190 /* Release */,
			);
			defaultConfigurationIsVisible = 0;
			defaultConfigurationName = Release;
		};
		D1FD316228FBF52900736190 /* Build configuration list for PBXNativeTarget "Calhacks9.0_2" */ = {
			isa = XCConfigurationList;
			buildConfigurations = (
				D1FD316328FBF52900736190 /* Debug */,
				D1FD316428FBF52900736190 /* Release */,
			);
			defaultConfigurationIsVisible = 0;
			defaultConfigurationName = Release;
		};
		D1FD316528FBF52900736190 /* Build configuration list for PBXNativeTarget "Calhacks9.0_2Tests" */ = {
			isa = XCConfigurationList;
			buildConfigurations = (
				D1FD316628FBF52900736190 /* Debug */,
				D1FD316728FBF52900736190 /* Release */,
			);
			defaultConfigurationIsVisible = 0;
			defaultConfigurationName = Release;
		};
		D1FD316828FBF52900736190 /* Build configuration list for PBXNativeTarget "Calhacks9.0_2UITests" */ = {
			isa = XCConfigurationList;
			buildConfigurations = (
				D1FD316928FBF52900736190 /* Debug */,
				D1FD316A28FBF52900736190 /* Release */,
			);
			defaultConfigurationIsVisible = 0;
			defaultConfigurationName = Release;
		};
/* End XCConfigurationList section */

/* Begin XCVersionGroup section */
		D1FD314628FBF52900736190 /* Calhacks9_0_2.xcdatamodeld */ = {
			isa = XCVersionGroup;
			children = (
				D1FD314728FBF52900736190 /* Calhacks9_0_2.xcdatamodel */,
			);
			currentVersion = D1FD314728FBF52900736190 /* Calhacks9_0_2.xcdatamodel */;
			path = Calhacks9_0_2.xcdatamodeld;
			sourceTree = "<group>";
			versionGroupType = wrapper.xcdatamodel;
		};
/* End XCVersionGroup section */
	};
	rootObject = D1FD313028FBF52800736190 /* Project object */;
}
